// !$*UTF8*$!
{
	archiveVersion = 1;
	classes = {
	};
	objectVersion = 46;
	objects = {

/* Begin PBXBuildFile section */
		070054F416BE48F8002BA473 /* HGLMaterial.mm in Sources */ = {isa = PBXBuildFile; fileRef = 070054F316BE48F7002BA473 /* HGLMaterial.mm */; };
		070054FA16C62DB5002BA473 /* droid.mtl in Resources */ = {isa = PBXBuildFile; fileRef = 070054F616C62DB4002BA473 /* droid.mtl */; };
		070054FB16C62DB5002BA473 /* floor.mtl in Resources */ = {isa = PBXBuildFile; fileRef = 070054F716C62DB5002BA473 /* floor.mtl */; };
		070054FC16C62DB5002BA473 /* floor.obj in Resources */ = {isa = PBXBuildFile; fileRef = 070054F816C62DB5002BA473 /* floor.obj */; };
		070054FD16C62DB5002BA473 /* floor.png in Resources */ = {isa = PBXBuildFile; fileRef = 070054F916C62DB5002BA473 /* floor.png */; };
		0700550016C75FA8002BA473 /* HGLTexture.mm in Sources */ = {isa = PBXBuildFile; fileRef = 070054FF16C75FA7002BA473 /* HGLTexture.mm */; };
		0700550316C760EE002BA473 /* dngn_deep_water.bmp in Resources */ = {isa = PBXBuildFile; fileRef = 0700550116C760EE002BA473 /* dngn_deep_water.bmp */; };
		0700550416C760EE002BA473 /* dngn_lava.bmp in Resources */ = {isa = PBXBuildFile; fileRef = 0700550216C760EE002BA473 /* dngn_lava.bmp */; };
		0700550616C77AA0002BA473 /* dngn_rock_wall_13.png in Resources */ = {isa = PBXBuildFile; fileRef = 0700550516C77AA0002BA473 /* dngn_rock_wall_13.png */; };
		071B041E16C8C1AB00BEBAC4 /* dngn_lava.png in Resources */ = {isa = PBXBuildFile; fileRef = 071B041D16C8C1AB00BEBAC4 /* dngn_lava.png */; };
		071B042116C8C24800BEBAC4 /* dngn_lava.jpg in Resources */ = {isa = PBXBuildFile; fileRef = 071B042016C8C24800BEBAC4 /* dngn_lava.jpg */; };
		071B042316C8C59500BEBAC4 /* antaeus.png in Resources */ = {isa = PBXBuildFile; fileRef = 071B042216C8C59400BEBAC4 /* antaeus.png */; };
		0733405316BD9D9100DB2D34 /* test.obj in Resources */ = {isa = PBXBuildFile; fileRef = 0733405216BD9D9100DB2D34 /* test.obj */; };
		0733405616BDA18100DB2D34 /* droid.obj in Resources */ = {isa = PBXBuildFile; fileRef = 0733405516BDA18100DB2D34 /* droid.obj */; };
		0733405816BDA1FB00DB2D34 /* box.obj in Resources */ = {isa = PBXBuildFile; fileRef = 0733405716BDA1FB00DB2D34 /* box.obj */; };
		0733405A16BDA67000DB2D34 /* droid_leg.obj in Resources */ = {isa = PBXBuildFile; fileRef = 0733405916BDA67000DB2D34 /* droid_leg.obj */; };
		0733405C16BDA72900DB2D34 /* him00obj.obj in Resources */ = {isa = PBXBuildFile; fileRef = 0733405B16BDA72900DB2D34 /* him00obj.obj */; };
		0733406016BDAD3300DB2D34 /* teshoku.obj in Resources */ = {isa = PBXBuildFile; fileRef = 0733405F16BDAD3300DB2D34 /* teshoku.obj */; };
		0733406216BDAE4B00DB2D34 /* teoke.obj in Resources */ = {isa = PBXBuildFile; fileRef = 0733406116BDAE4A00DB2D34 /* teoke.obj */; };
		0733406416BDAF7800DB2D34 /* yakuimon.obj in Resources */ = {isa = PBXBuildFile; fileRef = 0733406316BDAF7800DB2D34 /* yakuimon.obj */; };
		0733406616BDB06D00DB2D34 /* teapot.obj in Resources */ = {isa = PBXBuildFile; fileRef = 0733406516BDB06D00DB2D34 /* teapot.obj */; };
		0735C89D16BD7B0E009DEF10 /* GLUtil.mm in Sources */ = {isa = PBXBuildFile; fileRef = 0735C89C16BD7B0E009DEF10 /* GLUtil.mm */; };
		0735C8A016BD7BF8009DEF10 /* HGLES.mm in Sources */ = {isa = PBXBuildFile; fileRef = 0735C89F16BD7BF8009DEF10 /* HGLES.mm */; };
		0755991016B3C3180066A0E9 /* GLView.mm in Sources */ = {isa = PBXBuildFile; fileRef = 0755990F16B3C3180066A0E9 /* GLView.mm */; };
		0755991316B3D0560066A0E9 /* QuartzCore.framework in Frameworks */ = {isa = PBXBuildFile; fileRef = 0755991216B3D0560066A0E9 /* QuartzCore.framework */; };
		0755991816B4BFD90066A0E9 /* IndexBuffer.mm in Sources */ = {isa = PBXBuildFile; fileRef = 0755991516B4BFD90066A0E9 /* IndexBuffer.mm */; };
		0755991916B4BFD90066A0E9 /* VertexBuffer.mm in Sources */ = {isa = PBXBuildFile; fileRef = 0755991716B4BFD90066A0E9 /* VertexBuffer.mm */; };
		0755991C16B4CA1A0066A0E9 /* Mesh.mm in Sources */ = {isa = PBXBuildFile; fileRef = 0755991B16B4CA1A0066A0E9 /* Mesh.mm */; };
		0755992216B4F99B0066A0E9 /* Object3D.mm in Sources */ = {isa = PBXBuildFile; fileRef = 0755992116B4F99B0066A0E9 /* Object3D.mm */; };
		0755992516B5188E0066A0E9 /* Vector3.mm in Sources */ = {isa = PBXBuildFile; fileRef = 0755992416B5188E0066A0E9 /* Vector3.mm */; };
		0755992916B561490066A0E9 /* block.mtl in Resources */ = {isa = PBXBuildFile; fileRef = 0755992716B561490066A0E9 /* block.mtl */; };
		0755992A16B561490066A0E9 /* block.obj in Resources */ = {isa = PBXBuildFile; fileRef = 0755992816B561490066A0E9 /* block.obj */; };
		0755992D16B561950066A0E9 /* ObjLoader.mm in Sources */ = {isa = PBXBuildFile; fileRef = 0755992C16B561950066A0E9 /* ObjLoader.mm */; };
		0755993316BD13180066A0E9 /* GLTypes.mm in Sources */ = {isa = PBXBuildFile; fileRef = 0755993216BD13170066A0E9 /* GLTypes.mm */; };
		07E0463616886E73001F9CCE /* UIKit.framework in Frameworks */ = {isa = PBXBuildFile; fileRef = 07E0463516886E73001F9CCE /* UIKit.framework */; };
		07E0463816886E73001F9CCE /* Foundation.framework in Frameworks */ = {isa = PBXBuildFile; fileRef = 07E0463716886E73001F9CCE /* Foundation.framework */; };
		07E0463A16886E73001F9CCE /* CoreGraphics.framework in Frameworks */ = {isa = PBXBuildFile; fileRef = 07E0463916886E73001F9CCE /* CoreGraphics.framework */; };
		07E0463C16886E73001F9CCE /* GLKit.framework in Frameworks */ = {isa = PBXBuildFile; fileRef = 07E0463B16886E73001F9CCE /* GLKit.framework */; };
		07E0463E16886E73001F9CCE /* OpenGLES.framework in Frameworks */ = {isa = PBXBuildFile; fileRef = 07E0463D16886E73001F9CCE /* OpenGLES.framework */; };
		07E0464416886E73001F9CCE /* InfoPlist.strings in Resources */ = {isa = PBXBuildFile; fileRef = 07E0464216886E73001F9CCE /* InfoPlist.strings */; };
		07E0464616886E73001F9CCE /* main.m in Sources */ = {isa = PBXBuildFile; fileRef = 07E0464516886E73001F9CCE /* main.m */; };
		07E0464A16886E73001F9CCE /* AppDelegate.m in Sources */ = {isa = PBXBuildFile; fileRef = 07E0464916886E73001F9CCE /* AppDelegate.m */; };
		07E0464C16886E73001F9CCE /* Default.png in Resources */ = {isa = PBXBuildFile; fileRef = 07E0464B16886E73001F9CCE /* Default.png */; };
		07E0464E16886E73001F9CCE /* Default@2x.png in Resources */ = {isa = PBXBuildFile; fileRef = 07E0464D16886E73001F9CCE /* Default@2x.png */; };
		07E0465016886E73001F9CCE /* Default-568h@2x.png in Resources */ = {isa = PBXBuildFile; fileRef = 07E0464F16886E73001F9CCE /* Default-568h@2x.png */; };
		07E0465716886E73001F9CCE /* ViewController.m in Sources */ = {isa = PBXBuildFile; fileRef = 07E0465616886E73001F9CCE /* ViewController.m */; };
		07E6507F16C9230800192B8B /* fragment.glsl in Resources */ = {isa = PBXBuildFile; fileRef = 07E6507D16C9230800192B8B /* fragment.glsl */; };
		07E6508016C9230800192B8B /* vertex.glsl in Resources */ = {isa = PBXBuildFile; fileRef = 07E6507E16C9230800192B8B /* vertex.glsl */; };
		07E650CA16C9244D00192B8B /* antaeus.bmp in Resources */ = {isa = PBXBuildFile; fileRef = 07E6508116C9244D00192B8B /* antaeus.bmp */; };
		07E650CB16C9244D00192B8B /* arabicnum.png in Resources */ = {isa = PBXBuildFile; fileRef = 07E6508216C9244D00192B8B /* arabicnum.png */; };
		07E650CC16C9244D00192B8B /* banner.png in Resources */ = {isa = PBXBuildFile; fileRef = 07E6508316C9244D00192B8B /* banner.png */; };
		07E650CD16C9244D00192B8B /* barriar.png in Resources */ = {isa = PBXBuildFile; fileRef = 07E6508416C9244D00192B8B /* barriar.png */; };
		07E650CE16C9244D00192B8B /* burst.png in Resources */ = {isa = PBXBuildFile; fileRef = 07E6508516C9244D00192B8B /* burst.png */; };
		07E650CF16C9244D00192B8B /* clearedimg.png in Resources */ = {isa = PBXBuildFile; fileRef = 07E6508616C9244D00192B8B /* clearedimg.png */; };
		07E650D016C9244D00192B8B /* clearedtext.png in Resources */ = {isa = PBXBuildFile; fileRef = 07E6508716C9244D00192B8B /* clearedtext.png */; };
		07E650D116C9244D00192B8B /* colony1_s.png in Resources */ = {isa = PBXBuildFile; fileRef = 07E6508816C9244D00192B8B /* colony1_s.png */; };
		07E650D216C9244D00192B8B /* dosei.png in Resources */ = {isa = PBXBuildFile; fileRef = 07E6508916C9244D00192B8B /* dosei.png */; };
		07E650D316C9244D00192B8B /* e_boss.png in Resources */ = {isa = PBXBuildFile; fileRef = 07E6508A16C9244D00192B8B /* e_boss.png */; };
		07E650D416C9244D00192B8B /* e_boss2.png in Resources */ = {isa = PBXBuildFile; fileRef = 07E6508B16C9244D00192B8B /* e_boss2.png */; };
		07E650D516C9244D00192B8B /* e_boss3.png in Resources */ = {isa = PBXBuildFile; fileRef = 07E6508C16C9244D00192B8B /* e_boss3.png */; };
		07E650D616C9244D00192B8B /* e_robo1.png in Resources */ = {isa = PBXBuildFile; fileRef = 07E6508D16C9244D00192B8B /* e_robo1.png */; };
		07E650D716C9244D00192B8B /* e_robo2.png in Resources */ = {isa = PBXBuildFile; fileRef = 07E6508E16C9244D00192B8B /* e_robo2.png */; };
		07E650D816C9244D00192B8B /* e_robozako.png in Resources */ = {isa = PBXBuildFile; fileRef = 07E6508F16C9244D00192B8B /* e_robozako.png */; };
		07E650D916C9244D00192B8B /* e_senkan1_4.png in Resources */ = {isa = PBXBuildFile; fileRef = 07E6509016C9244D00192B8B /* e_senkan1_4.png */; };
		07E650DA16C9244D00192B8B /* e_shooter1.png in Resources */ = {isa = PBXBuildFile; fileRef = 07E6509116C9244D00192B8B /* e_shooter1.png */; };
		07E650DB16C9244D00192B8B /* earth.png in Resources */ = {isa = PBXBuildFile; fileRef = 07E6509216C9244D00192B8B /* earth.png */; };
		07E650DC16C9244D00192B8B /* ebit_1.png in Resources */ = {isa = PBXBuildFile; fileRef = 07E6509316C9244D00192B8B /* ebit_1.png */; };
		07E650DD16C9244D00192B8B /* eshot10_1.png in Resources */ = {isa = PBXBuildFile; fileRef = 07E6509416C9244D00192B8B /* eshot10_1.png */; };
		07E650DE16C9244D00192B8B /* eshot10_2.png in Resources */ = {isa = PBXBuildFile; fileRef = 07E6509516C9244D00192B8B /* eshot10_2.png */; };
		07E650DF16C9244D00192B8B /* eshot10_3.png in Resources */ = {isa = PBXBuildFile; fileRef = 07E6509616C9244D00192B8B /* eshot10_3.png */; };
		07E650E016C9244D00192B8B /* eshot10_4.png in Resources */ = {isa = PBXBuildFile; fileRef = 07E6509716C9244D00192B8B /* eshot10_4.png */; };
		07E650E116C9244D00192B8B /* eshot10_5.png in Resources */ = {isa = PBXBuildFile; fileRef = 07E6509816C9244D00192B8B /* eshot10_5.png */; };
		07E650E216C9244D00192B8B /* eshot10_6.png in Resources */ = {isa = PBXBuildFile; fileRef = 07E6509916C9244D00192B8B /* eshot10_6.png */; };
		07E650E316C9244D00192B8B /* explode_big.png in Resources */ = {isa = PBXBuildFile; fileRef = 07E6509A16C9244D00192B8B /* explode_big.png */; };
		07E650E416C9244D00192B8B /* explode_med.png in Resources */ = {isa = PBXBuildFile; fileRef = 07E6509B16C9244D00192B8B /* explode_med.png */; };
		07E650E516C9244D00192B8B /* explode_small.png in Resources */ = {isa = PBXBuildFile; fileRef = 07E6509C16C9244D00192B8B /* explode_small.png */; };
		07E650E616C9244D00192B8B /* hit_small.png in Resources */ = {isa = PBXBuildFile; fileRef = 07E6509D16C9244D00192B8B /* hit_small.png */; };
		07E650E716C9244D00192B8B /* hp.png in Resources */ = {isa = PBXBuildFile; fileRef = 07E6509E16C9244D00192B8B /* hp.png */; };
		07E650E816C9244D00192B8B /* icon1.png in Resources */ = {isa = PBXBuildFile; fileRef = 07E6509F16C9244D00192B8B /* icon1.png */; };
		07E650E916C9244D00192B8B /* iinkai.png in Resources */ = {isa = PBXBuildFile; fileRef = 07E650A016C9244D00192B8B /* iinkai.png */; };
		07E650EA16C9244D00192B8B /* item_life.png in Resources */ = {isa = PBXBuildFile; fileRef = 07E650A116C9244D00192B8B /* item_life.png */; };
		07E650EB16C9244D00192B8B /* item_p.png in Resources */ = {isa = PBXBuildFile; fileRef = 07E650A216C9244D00192B8B /* item_p.png */; };
		07E650EC16C9244D00192B8B /* jump.png in Resources */ = {isa = PBXBuildFile; fileRef = 07E650A316C9244D00192B8B /* jump.png */; };
		07E650ED16C9244D00192B8B /* kaitenbullet.png in Resources */ = {isa = PBXBuildFile; fileRef = 07E650A416C9244D00192B8B /* kaitenbullet.png */; };
		07E650EE16C9244D00192B8B /* kasei.png in Resources */ = {isa = PBXBuildFile; fileRef = 07E650A516C9244D00192B8B /* kasei.png */; };
		07E650EF16C9244D00192B8B /* kasrui.png in Resources */ = {isa = PBXBuildFile; fileRef = 07E650A616C9244D00192B8B /* kasrui.png */; };
		07E650F016C9244D00192B8B /* menuback.png in Resources */ = {isa = PBXBuildFile; fileRef = 07E650A716C9244D00192B8B /* menuback.png */; };
		07E650F116C9244D00192B8B /* missile.png in Resources */ = {isa = PBXBuildFile; fileRef = 07E650A816C9244D00192B8B /* missile.png */; };
		07E650F216C9244D00192B8B /* mokusei.png in Resources */ = {isa = PBXBuildFile; fileRef = 07E650A916C9244D00192B8B /* mokusei.png */; };
		07E650F316C9244D00192B8B /* msgwindow1.png in Resources */ = {isa = PBXBuildFile; fileRef = 07E650AA16C9244D00192B8B /* msgwindow1.png */; };
		07E650F416C9244D00192B8B /* nowloading2.png in Resources */ = {isa = PBXBuildFile; fileRef = 07E650AB16C9244D00192B8B /* nowloading2.png */; };
		07E650F516C9244D00192B8B /* nuclear.png in Resources */ = {isa = PBXBuildFile; fileRef = 07E650AC16C9244D00192B8B /* nuclear.png */; };
		07E650F616C9244D00192B8B /* p_robo1.png in Resources */ = {isa = PBXBuildFile; fileRef = 07E650AD16C9244D00192B8B /* p_robo1.png */; };
		07E650F716C9244D00192B8B /* p_robo2.png in Resources */ = {isa = PBXBuildFile; fileRef = 07E650AE16C9244D00192B8B /* p_robo2.png */; };
		07E650F816C9244D00192B8B /* p_robo3.png in Resources */ = {isa = PBXBuildFile; fileRef = 07E650AF16C9244D00192B8B /* p_robo3.png */; };
		07E650F916C9244D00192B8B /* p_robo4.png in Resources */ = {isa = PBXBuildFile; fileRef = 07E650B016C9244D00192B8B /* p_robo4.png */; };
		07E650FA16C9244D00192B8B /* p_robo5.png in Resources */ = {isa = PBXBuildFile; fileRef = 07E650B116C9244D00192B8B /* p_robo5.png */; };
		07E650FB16C9244D00192B8B /* p_robo7.png in Resources */ = {isa = PBXBuildFile; fileRef = 07E650B216C9244D00192B8B /* p_robo7.png */; };
		07E650FC16C9244D00192B8B /* p_robo8.png in Resources */ = {isa = PBXBuildFile; fileRef = 07E650B316C9244D00192B8B /* p_robo8.png */; };
		07E650FD16C9244D00192B8B /* p_robo9.png in Resources */ = {isa = PBXBuildFile; fileRef = 07E650B416C9244D00192B8B /* p_robo9.png */; };
		07E650FE16C9244D00192B8B /* p_ship1.png in Resources */ = {isa = PBXBuildFile; fileRef = 07E650B516C9244D00192B8B /* p_ship1.png */; };
		07E650FF16C9244D00192B8B /* pbit_1.png in Resources */ = {isa = PBXBuildFile; fileRef = 07E650B616C9244D00192B8B /* pbit_1.png */; };
		07E6510016C9244D00192B8B /* rader.png in Resources */ = {isa = PBXBuildFile; fileRef = 07E650B716C9244D00192B8B /* rader.png */; };
		07E6510116C9244D00192B8B /* raser1.png in Resources */ = {isa = PBXBuildFile; fileRef = 07E650B816C9244D00192B8B /* raser1.png */; };
		07E6510216C9244D00192B8B /* raser2.png in Resources */ = {isa = PBXBuildFile; fileRef = 07E650B916C9244D00192B8B /* raser2.png */; };
		07E6510316C9244D00192B8B /* raserlong1.png in Resources */ = {isa = PBXBuildFile; fileRef = 07E650BA16C9244D00192B8B /* raserlong1.png */; };
		07E6510416C9244D00192B8B /* raserlong2.png in Resources */ = {isa = PBXBuildFile; fileRef = 07E650BB16C9244D00192B8B /* raserlong2.png */; };
		07E6510516C9244D00192B8B /* reportview.png in Resources */ = {isa = PBXBuildFile; fileRef = 07E650BC16C9244D00192B8B /* reportview.png */; };
		07E6510616C9244D00192B8B /* shot1.png in Resources */ = {isa = PBXBuildFile; fileRef = 07E650BD16C9244D00192B8B /* shot1.png */; };
		07E6510716C9244D00192B8B /* shotbig_1spr.png in Resources */ = {isa = PBXBuildFile; fileRef = 07E650BE16C9244D00192B8B /* shotbig_1spr.png */; };
		07E6510816C9244D00192B8B /* shotbig_2spr.png in Resources */ = {isa = PBXBuildFile; fileRef = 07E650BF16C9244D00192B8B /* shotbig_2spr.png */; };
		07E6510916C9244D00192B8B /* smallbullet.png in Resources */ = {isa = PBXBuildFile; fileRef = 07E650C016C9244D00192B8B /* smallbullet.png */; };
		07E6510A16C9244D00192B8B /* space5.png in Resources */ = {isa = PBXBuildFile; fileRef = 07E650C116C9244D00192B8B /* space5.png */; };
		07E6510B16C9244D00192B8B /* syouhai.png in Resources */ = {isa = PBXBuildFile; fileRef = 07E650C216C9244D00192B8B /* syouhai.png */; };
		07E6510C16C9244D00192B8B /* taiyou.png in Resources */ = {isa = PBXBuildFile; fileRef = 07E650C316C9244D00192B8B /* taiyou.png */; };
		07E6510D16C9244D00192B8B /* title_1.png in Resources */ = {isa = PBXBuildFile; fileRef = 07E650C416C9244D00192B8B /* title_1.png */; };
		07E6510E16C9244D00192B8B /* titlebg.png in Resources */ = {isa = PBXBuildFile; fileRef = 07E650C516C9244D00192B8B /* titlebg.png */; };
		07E6510F16C9244D00192B8B /* tobira_left.png in Resources */ = {isa = PBXBuildFile; fileRef = 07E650C616C9244D00192B8B /* tobira_left.png */; };
		07E6511016C9244D00192B8B /* tobira_right.png in Resources */ = {isa = PBXBuildFile; fileRef = 07E650C716C9244D00192B8B /* tobira_right.png */; };
		07E6511116C9244D00192B8B /* topmenuback.png in Resources */ = {isa = PBXBuildFile; fileRef = 07E650C816C9244D00192B8B /* topmenuback.png */; };
		07E6511216C9244D00192B8B /* yesnowin1.png in Resources */ = {isa = PBXBuildFile; fileRef = 07E650C916C9244D00192B8B /* yesnowin1.png */; };
		07E6511616C926F200192B8B /* Actor.mm in Sources */ = {isa = PBXBuildFile; fileRef = 07E6511516C926F200192B8B /* Actor.mm */; };
/* End PBXBuildFile section */

/* Begin PBXFileReference section */
		070054F216BE48F7002BA473 /* HGLMaterial.h */ = {isa = PBXFileReference; fileEncoding = 4; lastKnownFileType = sourcecode.c.h; name = HGLMaterial.h; path = GLES/HGLMaterial.h; sourceTree = "<group>"; };
		070054F316BE48F7002BA473 /* HGLMaterial.mm */ = {isa = PBXFileReference; fileEncoding = 4; lastKnownFileType = sourcecode.cpp.objcpp; name = HGLMaterial.mm; path = GLES/HGLMaterial.mm; sourceTree = "<group>"; };
		070054F616C62DB4002BA473 /* droid.mtl */ = {isa = PBXFileReference; fileEncoding = 4; lastKnownFileType = text; path = droid.mtl; sourceTree = "<group>"; };
		070054F716C62DB5002BA473 /* floor.mtl */ = {isa = PBXFileReference; fileEncoding = 4; lastKnownFileType = text; path = floor.mtl; sourceTree = "<group>"; };
		070054F816C62DB5002BA473 /* floor.obj */ = {isa = PBXFileReference; fileEncoding = 4; lastKnownFileType = text; path = floor.obj; sourceTree = "<group>"; };
		070054F916C62DB5002BA473 /* floor.png */ = {isa = PBXFileReference; lastKnownFileType = image.png; path = floor.png; sourceTree = "<group>"; };
		070054FE16C75FA7002BA473 /* HGLTexture.h */ = {isa = PBXFileReference; fileEncoding = 4; lastKnownFileType = sourcecode.c.h; name = HGLTexture.h; path = GLES/HGLTexture.h; sourceTree = "<group>"; };
		070054FF16C75FA7002BA473 /* HGLTexture.mm */ = {isa = PBXFileReference; fileEncoding = 4; lastKnownFileType = sourcecode.cpp.objcpp; name = HGLTexture.mm; path = GLES/HGLTexture.mm; sourceTree = "<group>"; };
		0700550116C760EE002BA473 /* dngn_deep_water.bmp */ = {isa = PBXFileReference; lastKnownFileType = image.bmp; path = dngn_deep_water.bmp; sourceTree = "<group>"; };
		0700550216C760EE002BA473 /* dngn_lava.bmp */ = {isa = PBXFileReference; lastKnownFileType = image.bmp; path = dngn_lava.bmp; sourceTree = "<group>"; };
		0700550516C77AA0002BA473 /* dngn_rock_wall_13.png */ = {isa = PBXFileReference; lastKnownFileType = image.png; path = dngn_rock_wall_13.png; sourceTree = "<group>"; };
		071B041D16C8C1AB00BEBAC4 /* dngn_lava.png */ = {isa = PBXFileReference; lastKnownFileType = image.png; path = dngn_lava.png; sourceTree = "<group>"; };
		071B042016C8C24800BEBAC4 /* dngn_lava.jpg */ = {isa = PBXFileReference; lastKnownFileType = image.jpeg; path = dngn_lava.jpg; sourceTree = "<group>"; };
		071B042216C8C59400BEBAC4 /* antaeus.png */ = {isa = PBXFileReference; lastKnownFileType = image.png; path = antaeus.png; sourceTree = "<group>"; };
		0733405216BD9D9100DB2D34 /* test.obj */ = {isa = PBXFileReference; fileEncoding = 4; lastKnownFileType = text; path = test.obj; sourceTree = "<group>"; };
		0733405516BDA18100DB2D34 /* droid.obj */ = {isa = PBXFileReference; fileEncoding = 4; lastKnownFileType = text; path = droid.obj; sourceTree = "<group>"; };
		0733405716BDA1FB00DB2D34 /* box.obj */ = {isa = PBXFileReference; fileEncoding = 4; lastKnownFileType = text; path = box.obj; sourceTree = "<group>"; };
		0733405916BDA67000DB2D34 /* droid_leg.obj */ = {isa = PBXFileReference; fileEncoding = 4; lastKnownFileType = text; path = droid_leg.obj; sourceTree = "<group>"; };
		0733405B16BDA72900DB2D34 /* him00obj.obj */ = {isa = PBXFileReference; fileEncoding = 4; lastKnownFileType = text; path = him00obj.obj; sourceTree = "<group>"; };
		0733405F16BDAD3300DB2D34 /* teshoku.obj */ = {isa = PBXFileReference; fileEncoding = 4; lastKnownFileType = text; path = teshoku.obj; sourceTree = "<group>"; };
		0733406116BDAE4A00DB2D34 /* teoke.obj */ = {isa = PBXFileReference; fileEncoding = 4; lastKnownFileType = text; path = teoke.obj; sourceTree = "<group>"; };
		0733406316BDAF7800DB2D34 /* yakuimon.obj */ = {isa = PBXFileReference; fileEncoding = 4; lastKnownFileType = text; path = yakuimon.obj; sourceTree = "<group>"; };
		0733406516BDB06D00DB2D34 /* teapot.obj */ = {isa = PBXFileReference; fileEncoding = 4; lastKnownFileType = text; path = teapot.obj; sourceTree = "<group>"; };
		0735C89B16BD7B0E009DEF10 /* GLUtil.h */ = {isa = PBXFileReference; fileEncoding = 4; lastKnownFileType = sourcecode.c.h; name = GLUtil.h; path = GLES/GLUtil.h; sourceTree = "<group>"; };
		0735C89C16BD7B0E009DEF10 /* GLUtil.mm */ = {isa = PBXFileReference; fileEncoding = 4; lastKnownFileType = sourcecode.cpp.objcpp; name = GLUtil.mm; path = GLES/GLUtil.mm; sourceTree = "<group>"; };
		0735C89E16BD7BF8009DEF10 /* HGLES.h */ = {isa = PBXFileReference; fileEncoding = 4; lastKnownFileType = sourcecode.c.h; name = HGLES.h; path = GLES/HGLES.h; sourceTree = "<group>"; };
		0735C89F16BD7BF8009DEF10 /* HGLES.mm */ = {isa = PBXFileReference; fileEncoding = 4; lastKnownFileType = sourcecode.cpp.objcpp; name = HGLES.mm; path = GLES/HGLES.mm; sourceTree = "<group>"; };
		0755990E16B3C3180066A0E9 /* GLView.h */ = {isa = PBXFileReference; fileEncoding = 4; lastKnownFileType = sourcecode.c.h; name = GLView.h; path = GLES/GLView.h; sourceTree = "<group>"; };
		0755990F16B3C3180066A0E9 /* GLView.mm */ = {isa = PBXFileReference; fileEncoding = 4; lastKnownFileType = sourcecode.cpp.objcpp; name = GLView.mm; path = GLES/GLView.mm; sourceTree = "<group>"; };
		0755991216B3D0560066A0E9 /* QuartzCore.framework */ = {isa = PBXFileReference; lastKnownFileType = wrapper.framework; name = QuartzCore.framework; path = System/Library/Frameworks/QuartzCore.framework; sourceTree = SDKROOT; };
		0755991416B4BFD90066A0E9 /* IndexBuffer.h */ = {isa = PBXFileReference; fileEncoding = 4; lastKnownFileType = sourcecode.c.h; name = IndexBuffer.h; path = GLES/IndexBuffer.h; sourceTree = "<group>"; };
		0755991516B4BFD90066A0E9 /* IndexBuffer.mm */ = {isa = PBXFileReference; fileEncoding = 4; lastKnownFileType = sourcecode.cpp.objcpp; name = IndexBuffer.mm; path = GLES/IndexBuffer.mm; sourceTree = "<group>"; };
		0755991616B4BFD90066A0E9 /* VertexBuffer.h */ = {isa = PBXFileReference; fileEncoding = 4; lastKnownFileType = sourcecode.c.h; name = VertexBuffer.h; path = GLES/VertexBuffer.h; sourceTree = "<group>"; };
		0755991716B4BFD90066A0E9 /* VertexBuffer.mm */ = {isa = PBXFileReference; fileEncoding = 4; lastKnownFileType = sourcecode.cpp.objcpp; name = VertexBuffer.mm; path = GLES/VertexBuffer.mm; sourceTree = "<group>"; };
		0755991A16B4CA1A0066A0E9 /* Mesh.h */ = {isa = PBXFileReference; fileEncoding = 4; lastKnownFileType = sourcecode.c.h; name = Mesh.h; path = GLES/Mesh.h; sourceTree = "<group>"; };
		0755991B16B4CA1A0066A0E9 /* Mesh.mm */ = {isa = PBXFileReference; fileEncoding = 4; lastKnownFileType = sourcecode.cpp.objcpp; name = Mesh.mm; path = GLES/Mesh.mm; sourceTree = "<group>"; };
		0755992016B4F99B0066A0E9 /* Object3D.h */ = {isa = PBXFileReference; fileEncoding = 4; lastKnownFileType = sourcecode.c.h; name = Object3D.h; path = GLES/Object3D.h; sourceTree = "<group>"; };
		0755992116B4F99B0066A0E9 /* Object3D.mm */ = {isa = PBXFileReference; fileEncoding = 4; lastKnownFileType = sourcecode.cpp.objcpp; name = Object3D.mm; path = GLES/Object3D.mm; sourceTree = "<group>"; };
		0755992316B5188E0066A0E9 /* Vector3.h */ = {isa = PBXFileReference; fileEncoding = 4; lastKnownFileType = sourcecode.c.h; name = Vector3.h; path = GLES/Vector3.h; sourceTree = "<group>"; };
		0755992416B5188E0066A0E9 /* Vector3.mm */ = {isa = PBXFileReference; fileEncoding = 4; lastKnownFileType = sourcecode.cpp.objcpp; name = Vector3.mm; path = GLES/Vector3.mm; sourceTree = "<group>"; };
		0755992716B561490066A0E9 /* block.mtl */ = {isa = PBXFileReference; fileEncoding = 4; lastKnownFileType = text; path = block.mtl; sourceTree = "<group>"; };
		0755992816B561490066A0E9 /* block.obj */ = {isa = PBXFileReference; fileEncoding = 4; lastKnownFileType = text; path = block.obj; sourceTree = "<group>"; };
		0755992B16B561950066A0E9 /* ObjLoader.h */ = {isa = PBXFileReference; fileEncoding = 4; lastKnownFileType = sourcecode.c.h; name = ObjLoader.h; path = GLES/ObjLoader.h; sourceTree = "<group>"; };
		0755992C16B561950066A0E9 /* ObjLoader.mm */ = {isa = PBXFileReference; fileEncoding = 4; lastKnownFileType = sourcecode.cpp.objcpp; name = ObjLoader.mm; path = GLES/ObjLoader.mm; sourceTree = "<group>"; };
		0755993116BD13170066A0E9 /* GLTypes.h */ = {isa = PBXFileReference; fileEncoding = 4; lastKnownFileType = sourcecode.c.h; name = GLTypes.h; path = GLES/GLTypes.h; sourceTree = "<group>"; };
		0755993216BD13170066A0E9 /* GLTypes.mm */ = {isa = PBXFileReference; fileEncoding = 4; lastKnownFileType = sourcecode.cpp.objcpp; name = GLTypes.mm; path = GLES/GLTypes.mm; sourceTree = "<group>"; };
		07E0463116886E73001F9CCE /* Shooter.app */ = {isa = PBXFileReference; explicitFileType = wrapper.application; includeInIndex = 0; path = Shooter.app; sourceTree = BUILT_PRODUCTS_DIR; };
		07E0463516886E73001F9CCE /* UIKit.framework */ = {isa = PBXFileReference; lastKnownFileType = wrapper.framework; name = UIKit.framework; path = System/Library/Frameworks/UIKit.framework; sourceTree = SDKROOT; };
		07E0463716886E73001F9CCE /* Foundation.framework */ = {isa = PBXFileReference; lastKnownFileType = wrapper.framework; name = Foundation.framework; path = System/Library/Frameworks/Foundation.framework; sourceTree = SDKROOT; };
		07E0463916886E73001F9CCE /* CoreGraphics.framework */ = {isa = PBXFileReference; lastKnownFileType = wrapper.framework; name = CoreGraphics.framework; path = System/Library/Frameworks/CoreGraphics.framework; sourceTree = SDKROOT; };
		07E0463B16886E73001F9CCE /* GLKit.framework */ = {isa = PBXFileReference; lastKnownFileType = wrapper.framework; name = GLKit.framework; path = System/Library/Frameworks/GLKit.framework; sourceTree = SDKROOT; };
		07E0463D16886E73001F9CCE /* OpenGLES.framework */ = {isa = PBXFileReference; lastKnownFileType = wrapper.framework; name = OpenGLES.framework; path = System/Library/Frameworks/OpenGLES.framework; sourceTree = SDKROOT; };
		07E0464116886E73001F9CCE /* Shooter-Info.plist */ = {isa = PBXFileReference; lastKnownFileType = text.plist.xml; path = "Shooter-Info.plist"; sourceTree = "<group>"; };
		07E0464316886E73001F9CCE /* en */ = {isa = PBXFileReference; lastKnownFileType = text.plist.strings; name = en; path = en.lproj/InfoPlist.strings; sourceTree = "<group>"; };
		07E0464516886E73001F9CCE /* main.m */ = {isa = PBXFileReference; lastKnownFileType = sourcecode.c.objc; path = main.m; sourceTree = "<group>"; };
		07E0464716886E73001F9CCE /* Shooter-Prefix.pch */ = {isa = PBXFileReference; lastKnownFileType = sourcecode.c.h; path = "Shooter-Prefix.pch"; sourceTree = "<group>"; };
		07E0464816886E73001F9CCE /* AppDelegate.h */ = {isa = PBXFileReference; lastKnownFileType = sourcecode.c.h; path = AppDelegate.h; sourceTree = "<group>"; };
		07E0464916886E73001F9CCE /* AppDelegate.m */ = {isa = PBXFileReference; lastKnownFileType = sourcecode.c.objc; path = AppDelegate.m; sourceTree = "<group>"; };
		07E0464B16886E73001F9CCE /* Default.png */ = {isa = PBXFileReference; lastKnownFileType = image.png; path = Default.png; sourceTree = "<group>"; };
		07E0464D16886E73001F9CCE /* Default@2x.png */ = {isa = PBXFileReference; lastKnownFileType = image.png; path = "Default@2x.png"; sourceTree = "<group>"; };
		07E0464F16886E73001F9CCE /* Default-568h@2x.png */ = {isa = PBXFileReference; lastKnownFileType = image.png; path = "Default-568h@2x.png"; sourceTree = "<group>"; };
		07E0465516886E73001F9CCE /* ViewController.h */ = {isa = PBXFileReference; lastKnownFileType = sourcecode.c.h; path = ViewController.h; sourceTree = "<group>"; };
		07E0465616886E73001F9CCE /* ViewController.m */ = {isa = PBXFileReference; lastKnownFileType = sourcecode.c.objc; path = ViewController.m; sourceTree = "<group>"; };
		07E6507D16C9230800192B8B /* fragment.glsl */ = {isa = PBXFileReference; fileEncoding = 4; lastKnownFileType = text; path = fragment.glsl; sourceTree = "<group>"; };
		07E6507E16C9230800192B8B /* vertex.glsl */ = {isa = PBXFileReference; fileEncoding = 4; lastKnownFileType = text; path = vertex.glsl; sourceTree = "<group>"; };
		07E6508116C9244D00192B8B /* antaeus.bmp */ = {isa = PBXFileReference; lastKnownFileType = image.bmp; path = antaeus.bmp; sourceTree = "<group>"; };
		07E6508216C9244D00192B8B /* arabicnum.png */ = {isa = PBXFileReference; lastKnownFileType = image.png; path = arabicnum.png; sourceTree = "<group>"; };
		07E6508316C9244D00192B8B /* banner.png */ = {isa = PBXFileReference; lastKnownFileType = image.png; path = banner.png; sourceTree = "<group>"; };
		07E6508416C9244D00192B8B /* barriar.png */ = {isa = PBXFileReference; lastKnownFileType = image.png; path = barriar.png; sourceTree = "<group>"; };
		07E6508516C9244D00192B8B /* burst.png */ = {isa = PBXFileReference; lastKnownFileType = image.png; path = burst.png; sourceTree = "<group>"; };
		07E6508616C9244D00192B8B /* clearedimg.png */ = {isa = PBXFileReference; lastKnownFileType = image.png; path = clearedimg.png; sourceTree = "<group>"; };
		07E6508716C9244D00192B8B /* clearedtext.png */ = {isa = PBXFileReference; lastKnownFileType = image.png; path = clearedtext.png; sourceTree = "<group>"; };
		07E6508816C9244D00192B8B /* colony1_s.png */ = {isa = PBXFileReference; lastKnownFileType = image.png; path = colony1_s.png; sourceTree = "<group>"; };
		07E6508916C9244D00192B8B /* dosei.png */ = {isa = PBXFileReference; lastKnownFileType = image.png; path = dosei.png; sourceTree = "<group>"; };
		07E6508A16C9244D00192B8B /* e_boss.png */ = {isa = PBXFileReference; lastKnownFileType = image.png; path = e_boss.png; sourceTree = "<group>"; };
		07E6508B16C9244D00192B8B /* e_boss2.png */ = {isa = PBXFileReference; lastKnownFileType = image.png; path = e_boss2.png; sourceTree = "<group>"; };
		07E6508C16C9244D00192B8B /* e_boss3.png */ = {isa = PBXFileReference; lastKnownFileType = image.png; path = e_boss3.png; sourceTree = "<group>"; };
		07E6508D16C9244D00192B8B /* e_robo1.png */ = {isa = PBXFileReference; lastKnownFileType = image.png; path = e_robo1.png; sourceTree = "<group>"; };
		07E6508E16C9244D00192B8B /* e_robo2.png */ = {isa = PBXFileReference; lastKnownFileType = image.png; path = e_robo2.png; sourceTree = "<group>"; };
		07E6508F16C9244D00192B8B /* e_robozako.png */ = {isa = PBXFileReference; lastKnownFileType = image.png; path = e_robozako.png; sourceTree = "<group>"; };
		07E6509016C9244D00192B8B /* e_senkan1_4.png */ = {isa = PBXFileReference; lastKnownFileType = image.png; path = e_senkan1_4.png; sourceTree = "<group>"; };
		07E6509116C9244D00192B8B /* e_shooter1.png */ = {isa = PBXFileReference; lastKnownFileType = image.png; path = e_shooter1.png; sourceTree = "<group>"; };
		07E6509216C9244D00192B8B /* earth.png */ = {isa = PBXFileReference; lastKnownFileType = image.png; path = earth.png; sourceTree = "<group>"; };
		07E6509316C9244D00192B8B /* ebit_1.png */ = {isa = PBXFileReference; lastKnownFileType = image.png; path = ebit_1.png; sourceTree = "<group>"; };
		07E6509416C9244D00192B8B /* eshot10_1.png */ = {isa = PBXFileReference; lastKnownFileType = image.png; path = eshot10_1.png; sourceTree = "<group>"; };
		07E6509516C9244D00192B8B /* eshot10_2.png */ = {isa = PBXFileReference; lastKnownFileType = image.png; path = eshot10_2.png; sourceTree = "<group>"; };
		07E6509616C9244D00192B8B /* eshot10_3.png */ = {isa = PBXFileReference; lastKnownFileType = image.png; path = eshot10_3.png; sourceTree = "<group>"; };
		07E6509716C9244D00192B8B /* eshot10_4.png */ = {isa = PBXFileReference; lastKnownFileType = image.png; path = eshot10_4.png; sourceTree = "<group>"; };
		07E6509816C9244D00192B8B /* eshot10_5.png */ = {isa = PBXFileReference; lastKnownFileType = image.png; path = eshot10_5.png; sourceTree = "<group>"; };
		07E6509916C9244D00192B8B /* eshot10_6.png */ = {isa = PBXFileReference; lastKnownFileType = image.png; path = eshot10_6.png; sourceTree = "<group>"; };
		07E6509A16C9244D00192B8B /* explode_big.png */ = {isa = PBXFileReference; lastKnownFileType = image.png; path = explode_big.png; sourceTree = "<group>"; };
		07E6509B16C9244D00192B8B /* explode_med.png */ = {isa = PBXFileReference; lastKnownFileType = image.png; path = explode_med.png; sourceTree = "<group>"; };
		07E6509C16C9244D00192B8B /* explode_small.png */ = {isa = PBXFileReference; lastKnownFileType = image.png; path = explode_small.png; sourceTree = "<group>"; };
		07E6509D16C9244D00192B8B /* hit_small.png */ = {isa = PBXFileReference; lastKnownFileType = image.png; path = hit_small.png; sourceTree = "<group>"; };
		07E6509E16C9244D00192B8B /* hp.png */ = {isa = PBXFileReference; lastKnownFileType = image.png; path = hp.png; sourceTree = "<group>"; };
		07E6509F16C9244D00192B8B /* icon1.png */ = {isa = PBXFileReference; lastKnownFileType = image.png; path = icon1.png; sourceTree = "<group>"; };
		07E650A016C9244D00192B8B /* iinkai.png */ = {isa = PBXFileReference; lastKnownFileType = image.png; path = iinkai.png; sourceTree = "<group>"; };
		07E650A116C9244D00192B8B /* item_life.png */ = {isa = PBXFileReference; lastKnownFileType = image.png; path = item_life.png; sourceTree = "<group>"; };
		07E650A216C9244D00192B8B /* item_p.png */ = {isa = PBXFileReference; lastKnownFileType = image.png; path = item_p.png; sourceTree = "<group>"; };
		07E650A316C9244D00192B8B /* jump.png */ = {isa = PBXFileReference; lastKnownFileType = image.png; path = jump.png; sourceTree = "<group>"; };
		07E650A416C9244D00192B8B /* kaitenbullet.png */ = {isa = PBXFileReference; lastKnownFileType = image.png; path = kaitenbullet.png; sourceTree = "<group>"; };
		07E650A516C9244D00192B8B /* kasei.png */ = {isa = PBXFileReference; lastKnownFileType = image.png; path = kasei.png; sourceTree = "<group>"; };
		07E650A616C9244D00192B8B /* kasrui.png */ = {isa = PBXFileReference; lastKnownFileType = image.png; path = kasrui.png; sourceTree = "<group>"; };
		07E650A716C9244D00192B8B /* menuback.png */ = {isa = PBXFileReference; lastKnownFileType = image.png; path = menuback.png; sourceTree = "<group>"; };
		07E650A816C9244D00192B8B /* missile.png */ = {isa = PBXFileReference; lastKnownFileType = image.png; path = missile.png; sourceTree = "<group>"; };
		07E650A916C9244D00192B8B /* mokusei.png */ = {isa = PBXFileReference; lastKnownFileType = image.png; path = mokusei.png; sourceTree = "<group>"; };
		07E650AA16C9244D00192B8B /* msgwindow1.png */ = {isa = PBXFileReference; lastKnownFileType = image.png; path = msgwindow1.png; sourceTree = "<group>"; };
		07E650AB16C9244D00192B8B /* nowloading2.png */ = {isa = PBXFileReference; lastKnownFileType = image.png; path = nowloading2.png; sourceTree = "<group>"; };
		07E650AC16C9244D00192B8B /* nuclear.png */ = {isa = PBXFileReference; lastKnownFileType = image.png; path = nuclear.png; sourceTree = "<group>"; };
		07E650AD16C9244D00192B8B /* p_robo1.png */ = {isa = PBXFileReference; lastKnownFileType = image.png; path = p_robo1.png; sourceTree = "<group>"; };
		07E650AE16C9244D00192B8B /* p_robo2.png */ = {isa = PBXFileReference; lastKnownFileType = image.png; path = p_robo2.png; sourceTree = "<group>"; };
		07E650AF16C9244D00192B8B /* p_robo3.png */ = {isa = PBXFileReference; lastKnownFileType = image.png; path = p_robo3.png; sourceTree = "<group>"; };
		07E650B016C9244D00192B8B /* p_robo4.png */ = {isa = PBXFileReference; lastKnownFileType = image.png; path = p_robo4.png; sourceTree = "<group>"; };
		07E650B116C9244D00192B8B /* p_robo5.png */ = {isa = PBXFileReference; lastKnownFileType = image.png; path = p_robo5.png; sourceTree = "<group>"; };
		07E650B216C9244D00192B8B /* p_robo7.png */ = {isa = PBXFileReference; lastKnownFileType = image.png; path = p_robo7.png; sourceTree = "<group>"; };
		07E650B316C9244D00192B8B /* p_robo8.png */ = {isa = PBXFileReference; lastKnownFileType = image.png; path = p_robo8.png; sourceTree = "<group>"; };
		07E650B416C9244D00192B8B /* p_robo9.png */ = {isa = PBXFileReference; lastKnownFileType = image.png; path = p_robo9.png; sourceTree = "<group>"; };
		07E650B516C9244D00192B8B /* p_ship1.png */ = {isa = PBXFileReference; lastKnownFileType = image.png; path = p_ship1.png; sourceTree = "<group>"; };
		07E650B616C9244D00192B8B /* pbit_1.png */ = {isa = PBXFileReference; lastKnownFileType = image.png; path = pbit_1.png; sourceTree = "<group>"; };
		07E650B716C9244D00192B8B /* rader.png */ = {isa = PBXFileReference; lastKnownFileType = image.png; path = rader.png; sourceTree = "<group>"; };
		07E650B816C9244D00192B8B /* raser1.png */ = {isa = PBXFileReference; lastKnownFileType = image.png; path = raser1.png; sourceTree = "<group>"; };
		07E650B916C9244D00192B8B /* raser2.png */ = {isa = PBXFileReference; lastKnownFileType = image.png; path = raser2.png; sourceTree = "<group>"; };
		07E650BA16C9244D00192B8B /* raserlong1.png */ = {isa = PBXFileReference; lastKnownFileType = image.png; path = raserlong1.png; sourceTree = "<group>"; };
		07E650BB16C9244D00192B8B /* raserlong2.png */ = {isa = PBXFileReference; lastKnownFileType = image.png; path = raserlong2.png; sourceTree = "<group>"; };
		07E650BC16C9244D00192B8B /* reportview.png */ = {isa = PBXFileReference; lastKnownFileType = image.png; path = reportview.png; sourceTree = "<group>"; };
		07E650BD16C9244D00192B8B /* shot1.png */ = {isa = PBXFileReference; lastKnownFileType = image.png; path = shot1.png; sourceTree = "<group>"; };
		07E650BE16C9244D00192B8B /* shotbig_1spr.png */ = {isa = PBXFileReference; lastKnownFileType = image.png; path = shotbig_1spr.png; sourceTree = "<group>"; };
		07E650BF16C9244D00192B8B /* shotbig_2spr.png */ = {isa = PBXFileReference; lastKnownFileType = image.png; path = shotbig_2spr.png; sourceTree = "<group>"; };
		07E650C016C9244D00192B8B /* smallbullet.png */ = {isa = PBXFileReference; lastKnownFileType = image.png; path = smallbullet.png; sourceTree = "<group>"; };
		07E650C116C9244D00192B8B /* space5.png */ = {isa = PBXFileReference; lastKnownFileType = image.png; path = space5.png; sourceTree = "<group>"; };
		07E650C216C9244D00192B8B /* syouhai.png */ = {isa = PBXFileReference; lastKnownFileType = image.png; path = syouhai.png; sourceTree = "<group>"; };
		07E650C316C9244D00192B8B /* taiyou.png */ = {isa = PBXFileReference; lastKnownFileType = image.png; path = taiyou.png; sourceTree = "<group>"; };
		07E650C416C9244D00192B8B /* title_1.png */ = {isa = PBXFileReference; lastKnownFileType = image.png; path = title_1.png; sourceTree = "<group>"; };
		07E650C516C9244D00192B8B /* titlebg.png */ = {isa = PBXFileReference; lastKnownFileType = image.png; path = titlebg.png; sourceTree = "<group>"; };
		07E650C616C9244D00192B8B /* tobira_left.png */ = {isa = PBXFileReference; lastKnownFileType = image.png; path = tobira_left.png; sourceTree = "<group>"; };
		07E650C716C9244D00192B8B /* tobira_right.png */ = {isa = PBXFileReference; lastKnownFileType = image.png; path = tobira_right.png; sourceTree = "<group>"; };
		07E650C816C9244D00192B8B /* topmenuback.png */ = {isa = PBXFileReference; lastKnownFileType = image.png; path = topmenuback.png; sourceTree = "<group>"; };
		07E650C916C9244D00192B8B /* yesnowin1.png */ = {isa = PBXFileReference; lastKnownFileType = image.png; path = yesnowin1.png; sourceTree = "<group>"; };
		07E6511416C926F200192B8B /* Actor.h */ = {isa = PBXFileReference; fileEncoding = 4; lastKnownFileType = sourcecode.c.h; path = Actor.h; sourceTree = "<group>"; };
		07E6511516C926F200192B8B /* Actor.mm */ = {isa = PBXFileReference; fileEncoding = 4; lastKnownFileType = sourcecode.cpp.objcpp; path = Actor.mm; sourceTree = "<group>"; };
/* End PBXFileReference section */

/* Begin PBXFrameworksBuildPhase section */
		07E0462E16886E73001F9CCE /* Frameworks */ = {
			isa = PBXFrameworksBuildPhase;
			buildActionMask = 2147483647;
			files = (
				0755991316B3D0560066A0E9 /* QuartzCore.framework in Frameworks */,
				07E0463616886E73001F9CCE /* UIKit.framework in Frameworks */,
				07E0463816886E73001F9CCE /* Foundation.framework in Frameworks */,
				07E0463A16886E73001F9CCE /* CoreGraphics.framework in Frameworks */,
				07E0463C16886E73001F9CCE /* GLKit.framework in Frameworks */,
				07E0463E16886E73001F9CCE /* OpenGLES.framework in Frameworks */,
			);
			runOnlyForDeploymentPostprocessing = 0;
		};
/* End PBXFrameworksBuildPhase section */

/* Begin PBXGroup section */
		0755992616B561490066A0E9 /* Assets */ = {
			isa = PBXGroup;
			children = (
				07E6508116C9244D00192B8B /* antaeus.bmp */,
				07E6508216C9244D00192B8B /* arabicnum.png */,
				07E6508316C9244D00192B8B /* banner.png */,
				07E6508416C9244D00192B8B /* barriar.png */,
				07E6508516C9244D00192B8B /* burst.png */,
				07E6508616C9244D00192B8B /* clearedimg.png */,
				07E6508716C9244D00192B8B /* clearedtext.png */,
				07E6508816C9244D00192B8B /* colony1_s.png */,
				07E6508916C9244D00192B8B /* dosei.png */,
				07E6508A16C9244D00192B8B /* e_boss.png */,
				07E6508B16C9244D00192B8B /* e_boss2.png */,
				07E6508C16C9244D00192B8B /* e_boss3.png */,
				07E6508D16C9244D00192B8B /* e_robo1.png */,
				07E6508E16C9244D00192B8B /* e_robo2.png */,
				07E6508F16C9244D00192B8B /* e_robozako.png */,
				07E6509016C9244D00192B8B /* e_senkan1_4.png */,
				07E6509116C9244D00192B8B /* e_shooter1.png */,
				07E6509216C9244D00192B8B /* earth.png */,
				07E6509316C9244D00192B8B /* ebit_1.png */,
				07E6509416C9244D00192B8B /* eshot10_1.png */,
				07E6509516C9244D00192B8B /* eshot10_2.png */,
				07E6509616C9244D00192B8B /* eshot10_3.png */,
				07E6509716C9244D00192B8B /* eshot10_4.png */,
				07E6509816C9244D00192B8B /* eshot10_5.png */,
				07E6509916C9244D00192B8B /* eshot10_6.png */,
				07E6509A16C9244D00192B8B /* explode_big.png */,
				07E6509B16C9244D00192B8B /* explode_med.png */,
				07E6509C16C9244D00192B8B /* explode_small.png */,
				07E6509D16C9244D00192B8B /* hit_small.png */,
				07E6509E16C9244D00192B8B /* hp.png */,
				07E6509F16C9244D00192B8B /* icon1.png */,
				07E650A016C9244D00192B8B /* iinkai.png */,
				07E650A116C9244D00192B8B /* item_life.png */,
				07E650A216C9244D00192B8B /* item_p.png */,
				07E650A316C9244D00192B8B /* jump.png */,
				07E650A416C9244D00192B8B /* kaitenbullet.png */,
				07E650A516C9244D00192B8B /* kasei.png */,
				07E650A616C9244D00192B8B /* kasrui.png */,
				07E650A716C9244D00192B8B /* menuback.png */,
				07E650A816C9244D00192B8B /* missile.png */,
				07E650A916C9244D00192B8B /* mokusei.png */,
				07E650AA16C9244D00192B8B /* msgwindow1.png */,
				07E650AB16C9244D00192B8B /* nowloading2.png */,
				07E650AC16C9244D00192B8B /* nuclear.png */,
				07E650AD16C9244D00192B8B /* p_robo1.png */,
				07E650AE16C9244D00192B8B /* p_robo2.png */,
				07E650AF16C9244D00192B8B /* p_robo3.png */,
				07E650B016C9244D00192B8B /* p_robo4.png */,
				07E650B116C9244D00192B8B /* p_robo5.png */,
				07E650B216C9244D00192B8B /* p_robo7.png */,
				07E650B316C9244D00192B8B /* p_robo8.png */,
				07E650B416C9244D00192B8B /* p_robo9.png */,
				07E650B516C9244D00192B8B /* p_ship1.png */,
				07E650B616C9244D00192B8B /* pbit_1.png */,
				07E650B716C9244D00192B8B /* rader.png */,
				07E650B816C9244D00192B8B /* raser1.png */,
				07E650B916C9244D00192B8B /* raser2.png */,
				07E650BA16C9244D00192B8B /* raserlong1.png */,
				07E650BB16C9244D00192B8B /* raserlong2.png */,
				07E650BC16C9244D00192B8B /* reportview.png */,
				07E650BD16C9244D00192B8B /* shot1.png */,
				07E650BE16C9244D00192B8B /* shotbig_1spr.png */,
				07E650BF16C9244D00192B8B /* shotbig_2spr.png */,
				07E650C016C9244D00192B8B /* smallbullet.png */,
				07E650C116C9244D00192B8B /* space5.png */,
				07E650C216C9244D00192B8B /* syouhai.png */,
				07E650C316C9244D00192B8B /* taiyou.png */,
				07E650C416C9244D00192B8B /* title_1.png */,
				07E650C516C9244D00192B8B /* titlebg.png */,
				07E650C616C9244D00192B8B /* tobira_left.png */,
				07E650C716C9244D00192B8B /* tobira_right.png */,
				07E650C816C9244D00192B8B /* topmenuback.png */,
				07E650C916C9244D00192B8B /* yesnowin1.png */,
				071B042216C8C59400BEBAC4 /* antaeus.png */,
				071B042016C8C24800BEBAC4 /* dngn_lava.jpg */,
				071B041D16C8C1AB00BEBAC4 /* dngn_lava.png */,
				0700550516C77AA0002BA473 /* dngn_rock_wall_13.png */,
				0700550116C760EE002BA473 /* dngn_deep_water.bmp */,
				0700550216C760EE002BA473 /* dngn_lava.bmp */,
				070054F616C62DB4002BA473 /* droid.mtl */,
				070054F716C62DB5002BA473 /* floor.mtl */,
				070054F816C62DB5002BA473 /* floor.obj */,
				070054F916C62DB5002BA473 /* floor.png */,
				0733406516BDB06D00DB2D34 /* teapot.obj */,
				0733406316BDAF7800DB2D34 /* yakuimon.obj */,
				0733406116BDAE4A00DB2D34 /* teoke.obj */,
				0733405F16BDAD3300DB2D34 /* teshoku.obj */,
				0733405B16BDA72900DB2D34 /* him00obj.obj */,
				0733405916BDA67000DB2D34 /* droid_leg.obj */,
				0733405716BDA1FB00DB2D34 /* box.obj */,
				0733405516BDA18100DB2D34 /* droid.obj */,
				0733405216BD9D9100DB2D34 /* test.obj */,
				0755992716B561490066A0E9 /* block.mtl */,
				0755992816B561490066A0E9 /* block.obj */,
			);
			path = Assets;
			sourceTree = "<group>";
		};
		07E0462616886E73001F9CCE = {
			isa = PBXGroup;
			children = (
				0755992616B561490066A0E9 /* Assets */,
				07E0463416886E73001F9CCE /* Frameworks */,
				07E6511316C926F100192B8B /* Game */,
				07E0466616887799001F9CCE /* GLES */,
				07E0463216886E73001F9CCE /* Products */,
				07E0463F16886E73001F9CCE /* Shooter */,
			);
			sourceTree = "<group>";
		};
		07E0463216886E73001F9CCE /* Products */ = {
			isa = PBXGroup;
			children = (
				07E0463116886E73001F9CCE /* Shooter.app */,
			);
			name = Products;
			sourceTree = "<group>";
		};
		07E0463416886E73001F9CCE /* Frameworks */ = {
			isa = PBXGroup;
			children = (
				0755991216B3D0560066A0E9 /* QuartzCore.framework */,
				07E0463516886E73001F9CCE /* UIKit.framework */,
				07E0463716886E73001F9CCE /* Foundation.framework */,
				07E0463916886E73001F9CCE /* CoreGraphics.framework */,
				07E0463B16886E73001F9CCE /* GLKit.framework */,
				07E0463D16886E73001F9CCE /* OpenGLES.framework */,
			);
			name = Frameworks;
			sourceTree = "<group>";
		};
		07E0463F16886E73001F9CCE /* Shooter */ = {
			isa = PBXGroup;
			children = (
				07E0464816886E73001F9CCE /* AppDelegate.h */,
				07E0464916886E73001F9CCE /* AppDelegate.m */,
				07E0465516886E73001F9CCE /* ViewController.h */,
				07E0465616886E73001F9CCE /* ViewController.m */,
				07E0464016886E73001F9CCE /* Supporting Files */,
			);
			path = Shooter;
			sourceTree = "<group>";
		};
		07E0464016886E73001F9CCE /* Supporting Files */ = {
			isa = PBXGroup;
			children = (
				07E0464116886E73001F9CCE /* Shooter-Info.plist */,
				07E0464216886E73001F9CCE /* InfoPlist.strings */,
				07E0464516886E73001F9CCE /* main.m */,
				07E0464716886E73001F9CCE /* Shooter-Prefix.pch */,
				07E0464B16886E73001F9CCE /* Default.png */,
				07E0464D16886E73001F9CCE /* Default@2x.png */,
				07E0464F16886E73001F9CCE /* Default-568h@2x.png */,
			);
			name = "Supporting Files";
			sourceTree = "<group>";
		};
		07E0466616887799001F9CCE /* GLES */ = {
			isa = PBXGroup;
			children = (
				07E6507C16C9230800192B8B /* Shaders */,
				070054FE16C75FA7002BA473 /* HGLTexture.h */,
				070054FF16C75FA7002BA473 /* HGLTexture.mm */,
				070054F216BE48F7002BA473 /* HGLMaterial.h */,
				070054F316BE48F7002BA473 /* HGLMaterial.mm */,
				0735C89E16BD7BF8009DEF10 /* HGLES.h */,
				0735C89F16BD7BF8009DEF10 /* HGLES.mm */,
				0735C89B16BD7B0E009DEF10 /* GLUtil.h */,
				0735C89C16BD7B0E009DEF10 /* GLUtil.mm */,
				0755993116BD13170066A0E9 /* GLTypes.h */,
				0755993216BD13170066A0E9 /* GLTypes.mm */,
				0755992B16B561950066A0E9 /* ObjLoader.h */,
				0755992C16B561950066A0E9 /* ObjLoader.mm */,
				0755992316B5188E0066A0E9 /* Vector3.h */,
				0755992416B5188E0066A0E9 /* Vector3.mm */,
				0755992016B4F99B0066A0E9 /* Object3D.h */,
				0755992116B4F99B0066A0E9 /* Object3D.mm */,
				0755991A16B4CA1A0066A0E9 /* Mesh.h */,
				0755991B16B4CA1A0066A0E9 /* Mesh.mm */,
				0755991416B4BFD90066A0E9 /* IndexBuffer.h */,
				0755991516B4BFD90066A0E9 /* IndexBuffer.mm */,
				0755991616B4BFD90066A0E9 /* VertexBuffer.h */,
				0755991716B4BFD90066A0E9 /* VertexBuffer.mm */,
				0755990E16B3C3180066A0E9 /* GLView.h */,
				0755990F16B3C3180066A0E9 /* GLView.mm */,
			);
			name = GLES;
			sourceTree = "<group>";
		};
		07E6507C16C9230800192B8B /* Shaders */ = {
			isa = PBXGroup;
			children = (
				07E6507D16C9230800192B8B /* fragment.glsl */,
				07E6507E16C9230800192B8B /* vertex.glsl */,
			);
			name = Shaders;
			path = GLES/Shaders;
			sourceTree = "<group>";
		};
		07E6511316C926F100192B8B /* Game */ = {
			isa = PBXGroup;
			children = (
				07E6511416C926F200192B8B /* Actor.h */,
				07E6511516C926F200192B8B /* Actor.mm */,
			);
			path = Game;
			sourceTree = "<group>";
		};
/* End PBXGroup section */

/* Begin PBXNativeTarget section */
		07E0463016886E73001F9CCE /* Shooter */ = {
			isa = PBXNativeTarget;
			buildConfigurationList = 07E0465D16886E73001F9CCE /* Build configuration list for PBXNativeTarget "Shooter" */;
			buildPhases = (
				07E0462D16886E73001F9CCE /* Sources */,
				07E0462E16886E73001F9CCE /* Frameworks */,
				07E0462F16886E73001F9CCE /* Resources */,
			);
			buildRules = (
			);
			dependencies = (
			);
			name = Shooter;
			productName = Shooter;
			productReference = 07E0463116886E73001F9CCE /* Shooter.app */;
			productType = "com.apple.product-type.application";
		};
/* End PBXNativeTarget section */

/* Begin PBXProject section */
		07E0462816886E73001F9CCE /* Project object */ = {
			isa = PBXProject;
			attributes = {
				LastUpgradeCheck = 0450;
				ORGANIZATIONNAME = hayogame;
			};
			buildConfigurationList = 07E0462B16886E73001F9CCE /* Build configuration list for PBXProject "Shooter" */;
			compatibilityVersion = "Xcode 3.2";
			developmentRegion = English;
			hasScannedForEncodings = 0;
			knownRegions = (
				en,
			);
			mainGroup = 07E0462616886E73001F9CCE;
			productRefGroup = 07E0463216886E73001F9CCE /* Products */;
			projectDirPath = "";
			projectRoot = "";
			targets = (
				07E0463016886E73001F9CCE /* Shooter */,
			);
		};
/* End PBXProject section */

/* Begin PBXResourcesBuildPhase section */
		07E0462F16886E73001F9CCE /* Resources */ = {
			isa = PBXResourcesBuildPhase;
			buildActionMask = 2147483647;
			files = (
				07E0464416886E73001F9CCE /* InfoPlist.strings in Resources */,
				07E0464C16886E73001F9CCE /* Default.png in Resources */,
				07E0464E16886E73001F9CCE /* Default@2x.png in Resources */,
				07E0465016886E73001F9CCE /* Default-568h@2x.png in Resources */,
				0755992916B561490066A0E9 /* block.mtl in Resources */,
				0755992A16B561490066A0E9 /* block.obj in Resources */,
				0733405316BD9D9100DB2D34 /* test.obj in Resources */,
				0733405616BDA18100DB2D34 /* droid.obj in Resources */,
				0733405816BDA1FB00DB2D34 /* box.obj in Resources */,
				0733405A16BDA67000DB2D34 /* droid_leg.obj in Resources */,
				0733405C16BDA72900DB2D34 /* him00obj.obj in Resources */,
				0733406016BDAD3300DB2D34 /* teshoku.obj in Resources */,
				0733406216BDAE4B00DB2D34 /* teoke.obj in Resources */,
				0733406416BDAF7800DB2D34 /* yakuimon.obj in Resources */,
				0733406616BDB06D00DB2D34 /* teapot.obj in Resources */,
				070054FA16C62DB5002BA473 /* droid.mtl in Resources */,
				070054FB16C62DB5002BA473 /* floor.mtl in Resources */,
				070054FC16C62DB5002BA473 /* floor.obj in Resources */,
				070054FD16C62DB5002BA473 /* floor.png in Resources */,
				0700550316C760EE002BA473 /* dngn_deep_water.bmp in Resources */,
				0700550416C760EE002BA473 /* dngn_lava.bmp in Resources */,
				0700550616C77AA0002BA473 /* dngn_rock_wall_13.png in Resources */,
				071B041E16C8C1AB00BEBAC4 /* dngn_lava.png in Resources */,
				071B042116C8C24800BEBAC4 /* dngn_lava.jpg in Resources */,
				071B042316C8C59500BEBAC4 /* antaeus.png in Resources */,
				07E6507F16C9230800192B8B /* fragment.glsl in Resources */,
				07E6508016C9230800192B8B /* vertex.glsl in Resources */,
				07E650CA16C9244D00192B8B /* antaeus.bmp in Resources */,
				07E650CB16C9244D00192B8B /* arabicnum.png in Resources */,
				07E650CC16C9244D00192B8B /* banner.png in Resources */,
				07E650CD16C9244D00192B8B /* barriar.png in Resources */,
				07E650CE16C9244D00192B8B /* burst.png in Resources */,
				07E650CF16C9244D00192B8B /* clearedimg.png in Resources */,
				07E650D016C9244D00192B8B /* clearedtext.png in Resources */,
				07E650D116C9244D00192B8B /* colony1_s.png in Resources */,
				07E650D216C9244D00192B8B /* dosei.png in Resources */,
				07E650D316C9244D00192B8B /* e_boss.png in Resources */,
				07E650D416C9244D00192B8B /* e_boss2.png in Resources */,
				07E650D516C9244D00192B8B /* e_boss3.png in Resources */,
				07E650D616C9244D00192B8B /* e_robo1.png in Resources */,
				07E650D716C9244D00192B8B /* e_robo2.png in Resources */,
				07E650D816C9244D00192B8B /* e_robozako.png in Resources */,
				07E650D916C9244D00192B8B /* e_senkan1_4.png in Resources */,
				07E650DA16C9244D00192B8B /* e_shooter1.png in Resources */,
				07E650DB16C9244D00192B8B /* earth.png in Resources */,
				07E650DC16C9244D00192B8B /* ebit_1.png in Resources */,
				07E650DD16C9244D00192B8B /* eshot10_1.png in Resources */,
				07E650DE16C9244D00192B8B /* eshot10_2.png in Resources */,
				07E650DF16C9244D00192B8B /* eshot10_3.png in Resources */,
				07E650E016C9244D00192B8B /* eshot10_4.png in Resources */,
				07E650E116C9244D00192B8B /* eshot10_5.png in Resources */,
				07E650E216C9244D00192B8B /* eshot10_6.png in Resources */,
				07E650E316C9244D00192B8B /* explode_big.png in Resources */,
				07E650E416C9244D00192B8B /* explode_med.png in Resources */,
				07E650E516C9244D00192B8B /* explode_small.png in Resources */,
				07E650E616C9244D00192B8B /* hit_small.png in Resources */,
				07E650E716C9244D00192B8B /* hp.png in Resources */,
				07E650E816C9244D00192B8B /* icon1.png in Resources */,
				07E650E916C9244D00192B8B /* iinkai.png in Resources */,
				07E650EA16C9244D00192B8B /* item_life.png in Resources */,
				07E650EB16C9244D00192B8B /* item_p.png in Resources */,
				07E650EC16C9244D00192B8B /* jump.png in Resources */,
				07E650ED16C9244D00192B8B /* kaitenbullet.png in Resources */,
				07E650EE16C9244D00192B8B /* kasei.png in Resources */,
				07E650EF16C9244D00192B8B /* kasrui.png in Resources */,
				07E650F016C9244D00192B8B /* menuback.png in Resources */,
				07E650F116C9244D00192B8B /* missile.png in Resources */,
				07E650F216C9244D00192B8B /* mokusei.png in Resources */,
				07E650F316C9244D00192B8B /* msgwindow1.png in Resources */,
				07E650F416C9244D00192B8B /* nowloading2.png in Resources */,
				07E650F516C9244D00192B8B /* nuclear.png in Resources */,
				07E650F616C9244D00192B8B /* p_robo1.png in Resources */,
				07E650F716C9244D00192B8B /* p_robo2.png in Resources */,
				07E650F816C9244D00192B8B /* p_robo3.png in Resources */,
				07E650F916C9244D00192B8B /* p_robo4.png in Resources */,
				07E650FA16C9244D00192B8B /* p_robo5.png in Resources */,
				07E650FB16C9244D00192B8B /* p_robo7.png in Resources */,
				07E650FC16C9244D00192B8B /* p_robo8.png in Resources */,
				07E650FD16C9244D00192B8B /* p_robo9.png in Resources */,
				07E650FE16C9244D00192B8B /* p_ship1.png in Resources */,
				07E650FF16C9244D00192B8B /* pbit_1.png in Resources */,
				07E6510016C9244D00192B8B /* rader.png in Resources */,
				07E6510116C9244D00192B8B /* raser1.png in Resources */,
				07E6510216C9244D00192B8B /* raser2.png in Resources */,
				07E6510316C9244D00192B8B /* raserlong1.png in Resources */,
				07E6510416C9244D00192B8B /* raserlong2.png in Resources */,
				07E6510516C9244D00192B8B /* reportview.png in Resources */,
				07E6510616C9244D00192B8B /* shot1.png in Resources */,
				07E6510716C9244D00192B8B /* shotbig_1spr.png in Resources */,
				07E6510816C9244D00192B8B /* shotbig_2spr.png in Resources */,
				07E6510916C9244D00192B8B /* smallbullet.png in Resources */,
				07E6510A16C9244D00192B8B /* space5.png in Resources */,
				07E6510B16C9244D00192B8B /* syouhai.png in Resources */,
				07E6510C16C9244D00192B8B /* taiyou.png in Resources */,
				07E6510D16C9244D00192B8B /* title_1.png in Resources */,
				07E6510E16C9244D00192B8B /* titlebg.png in Resources */,
				07E6510F16C9244D00192B8B /* tobira_left.png in Resources */,
				07E6511016C9244D00192B8B /* tobira_right.png in Resources */,
				07E6511116C9244D00192B8B /* topmenuback.png in Resources */,
				07E6511216C9244D00192B8B /* yesnowin1.png in Resources */,
			);
			runOnlyForDeploymentPostprocessing = 0;
		};
/* End PBXResourcesBuildPhase section */

/* Begin PBXSourcesBuildPhase section */
		07E0462D16886E73001F9CCE /* Sources */ = {
			isa = PBXSourcesBuildPhase;
			buildActionMask = 2147483647;
			files = (
				07E0464616886E73001F9CCE /* main.m in Sources */,
				07E0464A16886E73001F9CCE /* AppDelegate.m in Sources */,
				07E0465716886E73001F9CCE /* ViewController.m in Sources */,
				0755991016B3C3180066A0E9 /* GLView.mm in Sources */,
				0755991816B4BFD90066A0E9 /* IndexBuffer.mm in Sources */,
				0755991916B4BFD90066A0E9 /* VertexBuffer.mm in Sources */,
				0755991C16B4CA1A0066A0E9 /* Mesh.mm in Sources */,
				0755992216B4F99B0066A0E9 /* Object3D.mm in Sources */,
				0755992516B5188E0066A0E9 /* Vector3.mm in Sources */,
				0755992D16B561950066A0E9 /* ObjLoader.mm in Sources */,
				0755993316BD13180066A0E9 /* GLTypes.mm in Sources */,
				0735C89D16BD7B0E009DEF10 /* GLUtil.mm in Sources */,
				0735C8A016BD7BF8009DEF10 /* HGLES.mm in Sources */,
				070054F416BE48F8002BA473 /* HGLMaterial.mm in Sources */,
				0700550016C75FA8002BA473 /* HGLTexture.mm in Sources */,
				07E6511616C926F200192B8B /* Actor.mm in Sources */,
			);
			runOnlyForDeploymentPostprocessing = 0;
		};
/* End PBXSourcesBuildPhase section */

/* Begin PBXVariantGroup section */
		07E0464216886E73001F9CCE /* InfoPlist.strings */ = {
			isa = PBXVariantGroup;
			children = (
				07E0464316886E73001F9CCE /* en */,
			);
			name = InfoPlist.strings;
			sourceTree = "<group>";
		};
/* End PBXVariantGroup section */

/* Begin XCBuildConfiguration section */
		07E0465B16886E73001F9CCE /* Debug */ = {
			isa = XCBuildConfiguration;
			buildSettings = {
				ALWAYS_SEARCH_USER_PATHS = NO;
				CLANG_CXX_LANGUAGE_STANDARD = "gnu++0x";
				CLANG_CXX_LIBRARY = "libc++";
				CLANG_WARN_EMPTY_BODY = YES;
				CLANG_WARN__DUPLICATE_METHOD_MATCH = YES;
				"CODE_SIGN_IDENTITY[sdk=iphoneos*]" = "iPhone Developer";
				COPY_PHASE_STRIP = NO;
				GCC_C_LANGUAGE_STANDARD = gnu99;
				GCC_DYNAMIC_NO_PIC = NO;
				GCC_INPUT_FILETYPE = sourcecode.cpp.objcpp;
				GCC_OPTIMIZATION_LEVEL = 0;
				GCC_PREPROCESSOR_DEFINITIONS = (
					"DEBUG=1",
					"$(inherited)",
				);
				GCC_SYMBOLS_PRIVATE_EXTERN = NO;
				GCC_WARN_ABOUT_RETURN_TYPE = YES;
				GCC_WARN_UNINITIALIZED_AUTOS = YES;
				GCC_WARN_UNUSED_VARIABLE = YES;
				IPHONEOS_DEPLOYMENT_TARGET = 6.0;
				ONLY_ACTIVE_ARCH = YES;
				OTHER_CFLAGS = "$(OTHER_CFLAGS)";
				OTHER_CPLUSPLUSFLAGS = "$(OTHER_CFLAGS)";
				SDKROOT = iphoneos;
			};
			name = Debug;
		};
		07E0465C16886E73001F9CCE /* Release */ = {
			isa = XCBuildConfiguration;
			buildSettings = {
				ALWAYS_SEARCH_USER_PATHS = NO;
				CLANG_CXX_LANGUAGE_STANDARD = "gnu++0x";
				CLANG_CXX_LIBRARY = "libc++";
				CLANG_WARN_EMPTY_BODY = YES;
				CLANG_WARN__DUPLICATE_METHOD_MATCH = YES;
				"CODE_SIGN_IDENTITY[sdk=iphoneos*]" = "iPhone Developer";
				COPY_PHASE_STRIP = YES;
				GCC_C_LANGUAGE_STANDARD = gnu99;
				GCC_INPUT_FILETYPE = sourcecode.cpp.objcpp;
				GCC_WARN_ABOUT_RETURN_TYPE = YES;
				GCC_WARN_UNINITIALIZED_AUTOS = YES;
				GCC_WARN_UNUSED_VARIABLE = YES;
				IPHONEOS_DEPLOYMENT_TARGET = 6.0;
				OTHER_CFLAGS = "$(OTHER_CFLAGS)";
				OTHER_CPLUSPLUSFLAGS = "$(OTHER_CFLAGS)";
				SDKROOT = iphoneos;
				VALIDATE_PRODUCT = YES;
			};
			name = Release;
		};
		07E0465E16886E73001F9CCE /* Debug */ = {
			isa = XCBuildConfiguration;
			buildSettings = {
				GCC_PRECOMPILE_PREFIX_HEADER = YES;
				GCC_PREFIX_HEADER = "Shooter/Shooter-Prefix.pch";
				INFOPLIST_FILE = "Shooter/Shooter-Info.plist";
				PRODUCT_NAME = Shooter;
				WRAPPER_EXTENSION = app;
			};
			name = Debug;
		};
		07E0465F16886E73001F9CCE /* Release */ = {
			isa = XCBuildConfiguration;
			buildSettings = {
				GCC_PRECOMPILE_PREFIX_HEADER = YES;
				GCC_PREFIX_HEADER = "Shooter/Shooter-Prefix.pch";
				INFOPLIST_FILE = "Shooter/Shooter-Info.plist";
				PRODUCT_NAME = Shooter;
				WRAPPER_EXTENSION = app;
			};
			name = Release;
		};
/* End XCBuildConfiguration section */

/* Begin XCConfigurationList section */
		07E0462B16886E73001F9CCE /* Build configuration list for PBXProject "Shooter" */ = {
			isa = XCConfigurationList;
			buildConfigurations = (
				07E0465B16886E73001F9CCE /* Debug */,
				07E0465C16886E73001F9CCE /* Release */,
			);
			defaultConfigurationIsVisible = 0;
			defaultConfigurationName = Release;
		};
		07E0465D16886E73001F9CCE /* Build configuration list for PBXNativeTarget "Shooter" */ = {
			isa = XCConfigurationList;
			buildConfigurations = (
				07E0465E16886E73001F9CCE /* Debug */,
				07E0465F16886E73001F9CCE /* Release */,
			);
			defaultConfigurationIsVisible = 0;
			defaultConfigurationName = Release;
		};
/* End XCConfigurationList section */
	};
	rootObject = 07E0462816886E73001F9CCE /* Project object */;
}
