// !$*UTF8*$!
{
	archiveVersion = 1;
	classes = {
	};
	objectVersion = 46;
	objects = {

/* Begin PBXBuildFile section */
		070054FA16C62DB5002BA473 /* droid.mtl in Resources */ = {isa = PBXBuildFile; fileRef = 070054F616C62DB4002BA473 /* droid.mtl */; };
		070054FB16C62DB5002BA473 /* floor.mtl in Resources */ = {isa = PBXBuildFile; fileRef = 070054F716C62DB5002BA473 /* floor.mtl */; };
		070054FC16C62DB5002BA473 /* floor.obj in Resources */ = {isa = PBXBuildFile; fileRef = 070054F816C62DB5002BA473 /* floor.obj */; };
		070054FD16C62DB5002BA473 /* floor.png in Resources */ = {isa = PBXBuildFile; fileRef = 070054F916C62DB5002BA473 /* floor.png */; };
		0700550316C760EE002BA473 /* dngn_deep_water.bmp in Resources */ = {isa = PBXBuildFile; fileRef = 0700550116C760EE002BA473 /* dngn_deep_water.bmp */; };
		0700550416C760EE002BA473 /* dngn_lava.bmp in Resources */ = {isa = PBXBuildFile; fileRef = 0700550216C760EE002BA473 /* dngn_lava.bmp */; };
		0700550616C77AA0002BA473 /* dngn_rock_wall_13.png in Resources */ = {isa = PBXBuildFile; fileRef = 0700550516C77AA0002BA473 /* dngn_rock_wall_13.png */; };
		071B041E16C8C1AB00BEBAC4 /* dngn_lava.png in Resources */ = {isa = PBXBuildFile; fileRef = 071B041D16C8C1AB00BEBAC4 /* dngn_lava.png */; };
		071B042116C8C24800BEBAC4 /* dngn_lava.jpg in Resources */ = {isa = PBXBuildFile; fileRef = 071B042016C8C24800BEBAC4 /* dngn_lava.jpg */; };
		071B042316C8C59500BEBAC4 /* antaeus.png in Resources */ = {isa = PBXBuildFile; fileRef = 071B042216C8C59400BEBAC4 /* antaeus.png */; };
		0733405316BD9D9100DB2D34 /* test.obj in Resources */ = {isa = PBXBuildFile; fileRef = 0733405216BD9D9100DB2D34 /* test.obj */; };
		0733405616BDA18100DB2D34 /* droid.obj in Resources */ = {isa = PBXBuildFile; fileRef = 0733405516BDA18100DB2D34 /* droid.obj */; };
		0733405816BDA1FB00DB2D34 /* box.obj in Resources */ = {isa = PBXBuildFile; fileRef = 0733405716BDA1FB00DB2D34 /* box.obj */; };
		0733405A16BDA67000DB2D34 /* droid_leg.obj in Resources */ = {isa = PBXBuildFile; fileRef = 0733405916BDA67000DB2D34 /* droid_leg.obj */; };
		0733405C16BDA72900DB2D34 /* him00obj.obj in Resources */ = {isa = PBXBuildFile; fileRef = 0733405B16BDA72900DB2D34 /* him00obj.obj */; };
		0733406016BDAD3300DB2D34 /* teshoku.obj in Resources */ = {isa = PBXBuildFile; fileRef = 0733405F16BDAD3300DB2D34 /* teshoku.obj */; };
		0733406216BDAE4B00DB2D34 /* teoke.obj in Resources */ = {isa = PBXBuildFile; fileRef = 0733406116BDAE4A00DB2D34 /* teoke.obj */; };
		0733406416BDAF7800DB2D34 /* yakuimon.obj in Resources */ = {isa = PBXBuildFile; fileRef = 0733406316BDAF7800DB2D34 /* yakuimon.obj */; };
		0733406616BDB06D00DB2D34 /* teapot.obj in Resources */ = {isa = PBXBuildFile; fileRef = 0733406516BDB06D00DB2D34 /* teapot.obj */; };
		0744104B16E1D8D80076D7E4 /* fragment2d.glsl in Resources */ = {isa = PBXBuildFile; fileRef = 0744104916E1D8D80076D7E4 /* fragment2d.glsl */; };
		0744104C16E1D8D80076D7E4 /* vertex2d.glsl in Resources */ = {isa = PBXBuildFile; fileRef = 0744104A16E1D8D80076D7E4 /* vertex2d.glsl */; };
		0744105016E24CB00076D7E4 /* HGRect.mm in Sources */ = {isa = PBXBuildFile; fileRef = 0744104F16E24CB00076D7E4 /* HGRect.mm */; };
		0755991316B3D0560066A0E9 /* QuartzCore.framework in Frameworks */ = {isa = PBXBuildFile; fileRef = 0755991216B3D0560066A0E9 /* QuartzCore.framework */; };
		0755992916B561490066A0E9 /* block.mtl in Resources */ = {isa = PBXBuildFile; fileRef = 0755992716B561490066A0E9 /* block.mtl */; };
		0755992A16B561490066A0E9 /* block.obj in Resources */ = {isa = PBXBuildFile; fileRef = 0755992816B561490066A0E9 /* block.obj */; };
		075A1EBF16E11331006DC1E7 /* HGLGraphics2D.mm in Sources */ = {isa = PBXBuildFile; fileRef = 075A1EBE16E11331006DC1E7 /* HGLGraphics2D.mm */; };
		07B4243B16D11552007055DF /* HGFighter.mm in Sources */ = {isa = PBXBuildFile; fileRef = 07B4243A16D11551007055DF /* HGFighter.mm */; };
		07B4243F16D8F3FA007055DF /* rect.obj in Resources */ = {isa = PBXBuildFile; fileRef = 07B4243E16D8F3FA007055DF /* rect.obj */; };
		07B4244416D91BF1007055DF /* HGBullet.mm in Sources */ = {isa = PBXBuildFile; fileRef = 07B4244316D91BF1007055DF /* HGBullet.mm */; };
		07B4244B16D932E3007055DF /* wavering.png in Resources */ = {isa = PBXBuildFile; fileRef = 07B4244A16D932E3007055DF /* wavering.png */; };
		07B4244D16D93F86007055DF /* corona.png in Resources */ = {isa = PBXBuildFile; fileRef = 07B4244C16D93F86007055DF /* corona.png */; };
		07B4244F16D94145007055DF /* divine.png in Resources */ = {isa = PBXBuildFile; fileRef = 07B4244E16D94145007055DF /* divine.png */; };
		07B4245116D94AEC007055DF /* space.png in Resources */ = {isa = PBXBuildFile; fileRef = 07B4245016D94AEC007055DF /* space.png */; };
		07B4245316D9F132007055DF /* star.png in Resources */ = {isa = PBXBuildFile; fileRef = 07B4245216D9F132007055DF /* star.png */; };
		07D49FF216DA683C0040D8D5 /* x6.png in Resources */ = {isa = PBXBuildFile; fileRef = 07D49FF116DA683C0040D8D5 /* x6.png */; };
		07D5BC5916E33AEC00F0D665 /* square.png in Resources */ = {isa = PBXBuildFile; fileRef = 07D5BC5816E33AEC00F0D665 /* square.png */; };
		07D5BC6116E386B100F0D665 /* halfsphere.obj in Resources */ = {isa = PBXBuildFile; fileRef = 07D5BC6016E386B100F0D665 /* halfsphere.obj */; };
		07D5BC6316E3895A00F0D665 /* space2.png in Resources */ = {isa = PBXBuildFile; fileRef = 07D5BC6216E3895900F0D665 /* space2.png */; };
		07D5BC6516E38C9D00F0D665 /* sphere.obj in Resources */ = {isa = PBXBuildFile; fileRef = 07D5BC6416E38C9D00F0D665 /* sphere.obj */; };
		07D5BC6C16E3931D00F0D665 /* galaxy-X.png in Resources */ = {isa = PBXBuildFile; fileRef = 07D5BC6616E3931A00F0D665 /* galaxy-X.png */; };
		07D5BC6D16E3931D00F0D665 /* galaxy-Y.png in Resources */ = {isa = PBXBuildFile; fileRef = 07D5BC6716E3931A00F0D665 /* galaxy-Y.png */; };
		07D5BC6E16E3931D00F0D665 /* galaxy-Z.png in Resources */ = {isa = PBXBuildFile; fileRef = 07D5BC6816E3931B00F0D665 /* galaxy-Z.png */; };
		07D5BC6F16E3931D00F0D665 /* galaxy+X.png in Resources */ = {isa = PBXBuildFile; fileRef = 07D5BC6916E3931B00F0D665 /* galaxy+X.png */; };
		07D5BC7016E3931D00F0D665 /* galaxy+Y.png in Resources */ = {isa = PBXBuildFile; fileRef = 07D5BC6A16E3931C00F0D665 /* galaxy+Y.png */; };
		07D5BC7116E3931D00F0D665 /* galaxy+Z.png in Resources */ = {isa = PBXBuildFile; fileRef = 07D5BC6B16E3931D00F0D665 /* galaxy+Z.png */; };
		07DE73D016EB16E30048877C /* HGGame.mm in Sources */ = {isa = PBXBuildFile; fileRef = 07DE73CF16EB16E10048877C /* HGGame.mm */; };
		07E0463616886E73001F9CCE /* UIKit.framework in Frameworks */ = {isa = PBXBuildFile; fileRef = 07E0463516886E73001F9CCE /* UIKit.framework */; };
		07E0463816886E73001F9CCE /* Foundation.framework in Frameworks */ = {isa = PBXBuildFile; fileRef = 07E0463716886E73001F9CCE /* Foundation.framework */; };
		07E0463A16886E73001F9CCE /* CoreGraphics.framework in Frameworks */ = {isa = PBXBuildFile; fileRef = 07E0463916886E73001F9CCE /* CoreGraphics.framework */; };
		07E0463C16886E73001F9CCE /* GLKit.framework in Frameworks */ = {isa = PBXBuildFile; fileRef = 07E0463B16886E73001F9CCE /* GLKit.framework */; };
		07E0463E16886E73001F9CCE /* OpenGLES.framework in Frameworks */ = {isa = PBXBuildFile; fileRef = 07E0463D16886E73001F9CCE /* OpenGLES.framework */; };
		07E0464416886E73001F9CCE /* InfoPlist.strings in Resources */ = {isa = PBXBuildFile; fileRef = 07E0464216886E73001F9CCE /* InfoPlist.strings */; };
		07E0464616886E73001F9CCE /* main.m in Sources */ = {isa = PBXBuildFile; fileRef = 07E0464516886E73001F9CCE /* main.m */; };
		07E0464A16886E73001F9CCE /* AppDelegate.m in Sources */ = {isa = PBXBuildFile; fileRef = 07E0464916886E73001F9CCE /* AppDelegate.m */; };
		07E0464C16886E73001F9CCE /* Default.png in Resources */ = {isa = PBXBuildFile; fileRef = 07E0464B16886E73001F9CCE /* Default.png */; };
		07E0464E16886E73001F9CCE /* Default@2x.png in Resources */ = {isa = PBXBuildFile; fileRef = 07E0464D16886E73001F9CCE /* Default@2x.png */; };
		07E0465016886E73001F9CCE /* Default-568h@2x.png in Resources */ = {isa = PBXBuildFile; fileRef = 07E0464F16886E73001F9CCE /* Default-568h@2x.png */; };
		07E0465716886E73001F9CCE /* ViewController.mm in Sources */ = {isa = PBXBuildFile; fileRef = 07E0465616886E73001F9CCE /* ViewController.mm */; };
		07E650CA16C9244D00192B8B /* antaeus.bmp in Resources */ = {isa = PBXBuildFile; fileRef = 07E6508116C9244D00192B8B /* antaeus.bmp */; };
		07E650CB16C9244D00192B8B /* arabicnum.png in Resources */ = {isa = PBXBuildFile; fileRef = 07E6508216C9244D00192B8B /* arabicnum.png */; };
		07E650CC16C9244D00192B8B /* banner.png in Resources */ = {isa = PBXBuildFile; fileRef = 07E6508316C9244D00192B8B /* banner.png */; };
		07E650CD16C9244D00192B8B /* barriar.png in Resources */ = {isa = PBXBuildFile; fileRef = 07E6508416C9244D00192B8B /* barriar.png */; };
		07E650CE16C9244D00192B8B /* burst.png in Resources */ = {isa = PBXBuildFile; fileRef = 07E6508516C9244D00192B8B /* burst.png */; };
		07E650CF16C9244D00192B8B /* clearedimg.png in Resources */ = {isa = PBXBuildFile; fileRef = 07E6508616C9244D00192B8B /* clearedimg.png */; };
		07E650D016C9244D00192B8B /* clearedtext.png in Resources */ = {isa = PBXBuildFile; fileRef = 07E6508716C9244D00192B8B /* clearedtext.png */; };
		07E650D116C9244D00192B8B /* colony1_s.png in Resources */ = {isa = PBXBuildFile; fileRef = 07E6508816C9244D00192B8B /* colony1_s.png */; };
		07E650D216C9244D00192B8B /* dosei.png in Resources */ = {isa = PBXBuildFile; fileRef = 07E6508916C9244D00192B8B /* dosei.png */; };
		07E650D316C9244D00192B8B /* e_boss.png in Resources */ = {isa = PBXBuildFile; fileRef = 07E6508A16C9244D00192B8B /* e_boss.png */; };
		07E650D416C9244D00192B8B /* e_boss2.png in Resources */ = {isa = PBXBuildFile; fileRef = 07E6508B16C9244D00192B8B /* e_boss2.png */; };
		07E650D516C9244D00192B8B /* e_boss3.png in Resources */ = {isa = PBXBuildFile; fileRef = 07E6508C16C9244D00192B8B /* e_boss3.png */; };
		07E650D616C9244D00192B8B /* e_robo1.png in Resources */ = {isa = PBXBuildFile; fileRef = 07E6508D16C9244D00192B8B /* e_robo1.png */; };
		07E650D716C9244D00192B8B /* e_robo2.png in Resources */ = {isa = PBXBuildFile; fileRef = 07E6508E16C9244D00192B8B /* e_robo2.png */; };
		07E650D816C9244D00192B8B /* e_robozako.png in Resources */ = {isa = PBXBuildFile; fileRef = 07E6508F16C9244D00192B8B /* e_robozako.png */; };
		07E650D916C9244D00192B8B /* e_senkan1_4.png in Resources */ = {isa = PBXBuildFile; fileRef = 07E6509016C9244D00192B8B /* e_senkan1_4.png */; };
		07E650DA16C9244D00192B8B /* e_shooter1.png in Resources */ = {isa = PBXBuildFile; fileRef = 07E6509116C9244D00192B8B /* e_shooter1.png */; };
		07E650DB16C9244D00192B8B /* earth.png in Resources */ = {isa = PBXBuildFile; fileRef = 07E6509216C9244D00192B8B /* earth.png */; };
		07E650DC16C9244D00192B8B /* ebit_1.png in Resources */ = {isa = PBXBuildFile; fileRef = 07E6509316C9244D00192B8B /* ebit_1.png */; };
		07E650DD16C9244D00192B8B /* eshot10_1.png in Resources */ = {isa = PBXBuildFile; fileRef = 07E6509416C9244D00192B8B /* eshot10_1.png */; };
		07E650DE16C9244D00192B8B /* eshot10_2.png in Resources */ = {isa = PBXBuildFile; fileRef = 07E6509516C9244D00192B8B /* eshot10_2.png */; };
		07E650DF16C9244D00192B8B /* eshot10_3.png in Resources */ = {isa = PBXBuildFile; fileRef = 07E6509616C9244D00192B8B /* eshot10_3.png */; };
		07E650E016C9244D00192B8B /* eshot10_4.png in Resources */ = {isa = PBXBuildFile; fileRef = 07E6509716C9244D00192B8B /* eshot10_4.png */; };
		07E650E116C9244D00192B8B /* eshot10_5.png in Resources */ = {isa = PBXBuildFile; fileRef = 07E6509816C9244D00192B8B /* eshot10_5.png */; };
		07E650E216C9244D00192B8B /* eshot10_6.png in Resources */ = {isa = PBXBuildFile; fileRef = 07E6509916C9244D00192B8B /* eshot10_6.png */; };
		07E650E316C9244D00192B8B /* explode_big.png in Resources */ = {isa = PBXBuildFile; fileRef = 07E6509A16C9244D00192B8B /* explode_big.png */; };
		07E650E416C9244D00192B8B /* explode_med.png in Resources */ = {isa = PBXBuildFile; fileRef = 07E6509B16C9244D00192B8B /* explode_med.png */; };
		07E650E516C9244D00192B8B /* explode_small.png in Resources */ = {isa = PBXBuildFile; fileRef = 07E6509C16C9244D00192B8B /* explode_small.png */; };
		07E650E616C9244D00192B8B /* hit_small.png in Resources */ = {isa = PBXBuildFile; fileRef = 07E6509D16C9244D00192B8B /* hit_small.png */; };
		07E650E716C9244D00192B8B /* hp.png in Resources */ = {isa = PBXBuildFile; fileRef = 07E6509E16C9244D00192B8B /* hp.png */; };
		07E650E816C9244D00192B8B /* icon1.png in Resources */ = {isa = PBXBuildFile; fileRef = 07E6509F16C9244D00192B8B /* icon1.png */; };
		07E650E916C9244D00192B8B /* iinkai.png in Resources */ = {isa = PBXBuildFile; fileRef = 07E650A016C9244D00192B8B /* iinkai.png */; };
		07E650EA16C9244D00192B8B /* item_life.png in Resources */ = {isa = PBXBuildFile; fileRef = 07E650A116C9244D00192B8B /* item_life.png */; };
		07E650EB16C9244D00192B8B /* item_p.png in Resources */ = {isa = PBXBuildFile; fileRef = 07E650A216C9244D00192B8B /* item_p.png */; };
		07E650EC16C9244D00192B8B /* jump.png in Resources */ = {isa = PBXBuildFile; fileRef = 07E650A316C9244D00192B8B /* jump.png */; };
		07E650ED16C9244D00192B8B /* kaitenbullet.png in Resources */ = {isa = PBXBuildFile; fileRef = 07E650A416C9244D00192B8B /* kaitenbullet.png */; };
		07E650EE16C9244D00192B8B /* kasei.png in Resources */ = {isa = PBXBuildFile; fileRef = 07E650A516C9244D00192B8B /* kasei.png */; };
		07E650EF16C9244D00192B8B /* kasrui.png in Resources */ = {isa = PBXBuildFile; fileRef = 07E650A616C9244D00192B8B /* kasrui.png */; };
		07E650F016C9244D00192B8B /* menuback.png in Resources */ = {isa = PBXBuildFile; fileRef = 07E650A716C9244D00192B8B /* menuback.png */; };
		07E650F116C9244D00192B8B /* missile.png in Resources */ = {isa = PBXBuildFile; fileRef = 07E650A816C9244D00192B8B /* missile.png */; };
		07E650F216C9244D00192B8B /* mokusei.png in Resources */ = {isa = PBXBuildFile; fileRef = 07E650A916C9244D00192B8B /* mokusei.png */; };
		07E650F316C9244D00192B8B /* msgwindow1.png in Resources */ = {isa = PBXBuildFile; fileRef = 07E650AA16C9244D00192B8B /* msgwindow1.png */; };
		07E650F416C9244D00192B8B /* nowloading2.png in Resources */ = {isa = PBXBuildFile; fileRef = 07E650AB16C9244D00192B8B /* nowloading2.png */; };
		07E650F516C9244D00192B8B /* nuclear.png in Resources */ = {isa = PBXBuildFile; fileRef = 07E650AC16C9244D00192B8B /* nuclear.png */; };
		07E650F616C9244D00192B8B /* p_robo1.png in Resources */ = {isa = PBXBuildFile; fileRef = 07E650AD16C9244D00192B8B /* p_robo1.png */; };
		07E650F716C9244D00192B8B /* p_robo2.png in Resources */ = {isa = PBXBuildFile; fileRef = 07E650AE16C9244D00192B8B /* p_robo2.png */; };
		07E650F816C9244D00192B8B /* p_robo3.png in Resources */ = {isa = PBXBuildFile; fileRef = 07E650AF16C9244D00192B8B /* p_robo3.png */; };
		07E650F916C9244D00192B8B /* p_robo4.png in Resources */ = {isa = PBXBuildFile; fileRef = 07E650B016C9244D00192B8B /* p_robo4.png */; };
		07E650FA16C9244D00192B8B /* p_robo5.png in Resources */ = {isa = PBXBuildFile; fileRef = 07E650B116C9244D00192B8B /* p_robo5.png */; };
		07E650FB16C9244D00192B8B /* p_robo7.png in Resources */ = {isa = PBXBuildFile; fileRef = 07E650B216C9244D00192B8B /* p_robo7.png */; };
		07E650FC16C9244D00192B8B /* p_robo8.png in Resources */ = {isa = PBXBuildFile; fileRef = 07E650B316C9244D00192B8B /* p_robo8.png */; };
		07E650FD16C9244D00192B8B /* p_robo9.png in Resources */ = {isa = PBXBuildFile; fileRef = 07E650B416C9244D00192B8B /* p_robo9.png */; };
		07E650FE16C9244D00192B8B /* p_ship1.png in Resources */ = {isa = PBXBuildFile; fileRef = 07E650B516C9244D00192B8B /* p_ship1.png */; };
		07E650FF16C9244D00192B8B /* pbit_1.png in Resources */ = {isa = PBXBuildFile; fileRef = 07E650B616C9244D00192B8B /* pbit_1.png */; };
		07E6510016C9244D00192B8B /* rader.png in Resources */ = {isa = PBXBuildFile; fileRef = 07E650B716C9244D00192B8B /* rader.png */; };
		07E6510116C9244D00192B8B /* raser1.png in Resources */ = {isa = PBXBuildFile; fileRef = 07E650B816C9244D00192B8B /* raser1.png */; };
		07E6510216C9244D00192B8B /* raser2.png in Resources */ = {isa = PBXBuildFile; fileRef = 07E650B916C9244D00192B8B /* raser2.png */; };
		07E6510316C9244D00192B8B /* raserlong1.png in Resources */ = {isa = PBXBuildFile; fileRef = 07E650BA16C9244D00192B8B /* raserlong1.png */; };
		07E6510416C9244D00192B8B /* raserlong2.png in Resources */ = {isa = PBXBuildFile; fileRef = 07E650BB16C9244D00192B8B /* raserlong2.png */; };
		07E6510516C9244D00192B8B /* reportview.png in Resources */ = {isa = PBXBuildFile; fileRef = 07E650BC16C9244D00192B8B /* reportview.png */; };
		07E6510616C9244D00192B8B /* shot1.png in Resources */ = {isa = PBXBuildFile; fileRef = 07E650BD16C9244D00192B8B /* shot1.png */; };
		07E6510716C9244D00192B8B /* shotbig_1spr.png in Resources */ = {isa = PBXBuildFile; fileRef = 07E650BE16C9244D00192B8B /* shotbig_1spr.png */; };
		07E6510816C9244D00192B8B /* shotbig_2spr.png in Resources */ = {isa = PBXBuildFile; fileRef = 07E650BF16C9244D00192B8B /* shotbig_2spr.png */; };
		07E6510916C9244D00192B8B /* smallbullet.png in Resources */ = {isa = PBXBuildFile; fileRef = 07E650C016C9244D00192B8B /* smallbullet.png */; };
		07E6510A16C9244D00192B8B /* space5.png in Resources */ = {isa = PBXBuildFile; fileRef = 07E650C116C9244D00192B8B /* space5.png */; };
		07E6510B16C9244D00192B8B /* syouhai.png in Resources */ = {isa = PBXBuildFile; fileRef = 07E650C216C9244D00192B8B /* syouhai.png */; };
		07E6510C16C9244D00192B8B /* taiyou.png in Resources */ = {isa = PBXBuildFile; fileRef = 07E650C316C9244D00192B8B /* taiyou.png */; };
		07E6510D16C9244D00192B8B /* title_1.png in Resources */ = {isa = PBXBuildFile; fileRef = 07E650C416C9244D00192B8B /* title_1.png */; };
		07E6510E16C9244D00192B8B /* titlebg.png in Resources */ = {isa = PBXBuildFile; fileRef = 07E650C516C9244D00192B8B /* titlebg.png */; };
		07E6510F16C9244D00192B8B /* tobira_left.png in Resources */ = {isa = PBXBuildFile; fileRef = 07E650C616C9244D00192B8B /* tobira_left.png */; };
		07E6511016C9244D00192B8B /* tobira_right.png in Resources */ = {isa = PBXBuildFile; fileRef = 07E650C716C9244D00192B8B /* tobira_right.png */; };
		07E6511116C9244D00192B8B /* topmenuback.png in Resources */ = {isa = PBXBuildFile; fileRef = 07E650C816C9244D00192B8B /* topmenuback.png */; };
		07E6511216C9244D00192B8B /* yesnowin1.png in Resources */ = {isa = PBXBuildFile; fileRef = 07E650C916C9244D00192B8B /* yesnowin1.png */; };
		07E6511616C926F200192B8B /* HGActor.mm in Sources */ = {isa = PBXBuildFile; fileRef = 07E6511516C926F200192B8B /* HGActor.mm */; };
		07E6514016CF685B00192B8B /* HGLES.mm in Sources */ = {isa = PBXBuildFile; fileRef = 07E6512616CF685B00192B8B /* HGLES.mm */; };
		07E6514116CF685B00192B8B /* HGLIndexBuffer.mm in Sources */ = {isa = PBXBuildFile; fileRef = 07E6512816CF685B00192B8B /* HGLIndexBuffer.mm */; };
		07E6514216CF685B00192B8B /* HGLMaterial.mm in Sources */ = {isa = PBXBuildFile; fileRef = 07E6512A16CF685B00192B8B /* HGLMaterial.mm */; };
		07E6514316CF685B00192B8B /* HGLMesh.mm in Sources */ = {isa = PBXBuildFile; fileRef = 07E6512C16CF685B00192B8B /* HGLMesh.mm */; };
		07E6514416CF685B00192B8B /* HGLObject3D.mm in Sources */ = {isa = PBXBuildFile; fileRef = 07E6512E16CF685B00192B8B /* HGLObject3D.mm */; };
		07E6514516CF685B00192B8B /* HGLObjLoader.mm in Sources */ = {isa = PBXBuildFile; fileRef = 07E6513016CF685B00192B8B /* HGLObjLoader.mm */; };
		07E6514616CF685B00192B8B /* HGLTexture.mm in Sources */ = {isa = PBXBuildFile; fileRef = 07E6513216CF685B00192B8B /* HGLTexture.mm */; };
		07E6514716CF685B00192B8B /* HGLTypes.mm in Sources */ = {isa = PBXBuildFile; fileRef = 07E6513416CF685B00192B8B /* HGLTypes.mm */; };
		07E6514816CF685B00192B8B /* HGLUtil.mm in Sources */ = {isa = PBXBuildFile; fileRef = 07E6513616CF685B00192B8B /* HGLUtil.mm */; };
		07E6514916CF685B00192B8B /* HGLVector3.mm in Sources */ = {isa = PBXBuildFile; fileRef = 07E6513816CF685B00192B8B /* HGLVector3.mm */; };
		07E6514A16CF685B00192B8B /* HGLVertexBuffer.mm in Sources */ = {isa = PBXBuildFile; fileRef = 07E6513A16CF685B00192B8B /* HGLVertexBuffer.mm */; };
		07E6514B16CF685B00192B8B /* HGLView.mm in Sources */ = {isa = PBXBuildFile; fileRef = 07E6513C16CF685B00192B8B /* HGLView.mm */; };
		07E6514C16CF685B00192B8B /* fragment.glsl in Resources */ = {isa = PBXBuildFile; fileRef = 07E6513E16CF685B00192B8B /* fragment.glsl */; };
		07E6514D16CF685B00192B8B /* vertex.glsl in Resources */ = {isa = PBXBuildFile; fileRef = 07E6513F16CF685B00192B8B /* vertex.glsl */; };
		07E6515016CF9C5600192B8B /* HGUtil.mm in Sources */ = {isa = PBXBuildFile; fileRef = 07E6514F16CF9C5600192B8B /* HGUtil.mm */; };
		07E6515316CFA07700192B8B /* PadView.mm in Sources */ = {isa = PBXBuildFile; fileRef = 07E6515216CFA07700192B8B /* PadView.mm */; };
		07E6515616D0096B00192B8B /* TouchHandlerView.mm in Sources */ = {isa = PBXBuildFile; fileRef = 07E6515516D0096A00192B8B /* TouchHandlerView.mm */; };
/* End PBXBuildFile section */

/* Begin PBXFileReference section */
		070054F616C62DB4002BA473 /* droid.mtl */ = {isa = PBXFileReference; fileEncoding = 4; lastKnownFileType = text; path = droid.mtl; sourceTree = "<group>"; };
		070054F716C62DB5002BA473 /* floor.mtl */ = {isa = PBXFileReference; fileEncoding = 4; lastKnownFileType = text; path = floor.mtl; sourceTree = "<group>"; };
		070054F816C62DB5002BA473 /* floor.obj */ = {isa = PBXFileReference; fileEncoding = 4; lastKnownFileType = text; path = floor.obj; sourceTree = "<group>"; };
		070054F916C62DB5002BA473 /* floor.png */ = {isa = PBXFileReference; lastKnownFileType = image.png; path = floor.png; sourceTree = "<group>"; };
		0700550116C760EE002BA473 /* dngn_deep_water.bmp */ = {isa = PBXFileReference; lastKnownFileType = image.bmp; path = dngn_deep_water.bmp; sourceTree = "<group>"; };
		0700550216C760EE002BA473 /* dngn_lava.bmp */ = {isa = PBXFileReference; lastKnownFileType = image.bmp; path = dngn_lava.bmp; sourceTree = "<group>"; };
		0700550516C77AA0002BA473 /* dngn_rock_wall_13.png */ = {isa = PBXFileReference; lastKnownFileType = image.png; path = dngn_rock_wall_13.png; sourceTree = "<group>"; };
		071B041D16C8C1AB00BEBAC4 /* dngn_lava.png */ = {isa = PBXFileReference; lastKnownFileType = image.png; path = dngn_lava.png; sourceTree = "<group>"; };
		071B042016C8C24800BEBAC4 /* dngn_lava.jpg */ = {isa = PBXFileReference; lastKnownFileType = image.jpeg; path = dngn_lava.jpg; sourceTree = "<group>"; };
		071B042216C8C59400BEBAC4 /* antaeus.png */ = {isa = PBXFileReference; lastKnownFileType = image.png; path = antaeus.png; sourceTree = "<group>"; };
		0733405216BD9D9100DB2D34 /* test.obj */ = {isa = PBXFileReference; fileEncoding = 4; lastKnownFileType = text; path = test.obj; sourceTree = "<group>"; };
		0733405516BDA18100DB2D34 /* droid.obj */ = {isa = PBXFileReference; fileEncoding = 4; lastKnownFileType = text; path = droid.obj; sourceTree = "<group>"; };
		0733405716BDA1FB00DB2D34 /* box.obj */ = {isa = PBXFileReference; fileEncoding = 4; lastKnownFileType = text; path = box.obj; sourceTree = "<group>"; };
		0733405916BDA67000DB2D34 /* droid_leg.obj */ = {isa = PBXFileReference; fileEncoding = 4; lastKnownFileType = text; path = droid_leg.obj; sourceTree = "<group>"; };
		0733405B16BDA72900DB2D34 /* him00obj.obj */ = {isa = PBXFileReference; fileEncoding = 4; lastKnownFileType = text; path = him00obj.obj; sourceTree = "<group>"; };
		0733405F16BDAD3300DB2D34 /* teshoku.obj */ = {isa = PBXFileReference; fileEncoding = 4; lastKnownFileType = text; path = teshoku.obj; sourceTree = "<group>"; };
		0733406116BDAE4A00DB2D34 /* teoke.obj */ = {isa = PBXFileReference; fileEncoding = 4; lastKnownFileType = text; path = teoke.obj; sourceTree = "<group>"; };
		0733406316BDAF7800DB2D34 /* yakuimon.obj */ = {isa = PBXFileReference; fileEncoding = 4; lastKnownFileType = text; path = yakuimon.obj; sourceTree = "<group>"; };
		0733406516BDB06D00DB2D34 /* teapot.obj */ = {isa = PBXFileReference; fileEncoding = 4; lastKnownFileType = text; path = teapot.obj; sourceTree = "<group>"; };
		0744104916E1D8D80076D7E4 /* fragment2d.glsl */ = {isa = PBXFileReference; fileEncoding = 4; lastKnownFileType = text; path = fragment2d.glsl; sourceTree = "<group>"; };
		0744104A16E1D8D80076D7E4 /* vertex2d.glsl */ = {isa = PBXFileReference; fileEncoding = 4; lastKnownFileType = text; path = vertex2d.glsl; sourceTree = "<group>"; };
		0744104E16E24CB00076D7E4 /* HGRect.h */ = {isa = PBXFileReference; fileEncoding = 4; lastKnownFileType = sourcecode.c.h; path = HGRect.h; sourceTree = "<group>"; };
		0744104F16E24CB00076D7E4 /* HGRect.mm */ = {isa = PBXFileReference; fileEncoding = 4; lastKnownFileType = sourcecode.cpp.objcpp; path = HGRect.mm; sourceTree = "<group>"; };
		0755991216B3D0560066A0E9 /* QuartzCore.framework */ = {isa = PBXFileReference; lastKnownFileType = wrapper.framework; name = QuartzCore.framework; path = System/Library/Frameworks/QuartzCore.framework; sourceTree = SDKROOT; };
		0755992716B561490066A0E9 /* block.mtl */ = {isa = PBXFileReference; fileEncoding = 4; lastKnownFileType = text; path = block.mtl; sourceTree = "<group>"; };
		0755992816B561490066A0E9 /* block.obj */ = {isa = PBXFileReference; fileEncoding = 4; lastKnownFileType = text; path = block.obj; sourceTree = "<group>"; };
		075A1EBD16E11331006DC1E7 /* HGLGraphics2D.h */ = {isa = PBXFileReference; fileEncoding = 4; lastKnownFileType = sourcecode.c.h; path = HGLGraphics2D.h; sourceTree = "<group>"; };
		075A1EBE16E11331006DC1E7 /* HGLGraphics2D.mm */ = {isa = PBXFileReference; fileEncoding = 4; lastKnownFileType = sourcecode.cpp.objcpp; path = HGLGraphics2D.mm; sourceTree = "<group>"; };
		07B4243916D11551007055DF /* HGFighter.h */ = {isa = PBXFileReference; fileEncoding = 4; lastKnownFileType = sourcecode.c.h; path = HGFighter.h; sourceTree = "<group>"; };
		07B4243A16D11551007055DF /* HGFighter.mm */ = {isa = PBXFileReference; fileEncoding = 4; lastKnownFileType = sourcecode.cpp.objcpp; path = HGFighter.mm; sourceTree = "<group>"; };
		07B4243D16D8926E007055DF /* HGLCommon.h */ = {isa = PBXFileReference; fileEncoding = 4; lastKnownFileType = sourcecode.c.h; path = HGLCommon.h; sourceTree = "<group>"; };
		07B4243E16D8F3FA007055DF /* rect.obj */ = {isa = PBXFileReference; fileEncoding = 4; lastKnownFileType = text; path = rect.obj; sourceTree = "<group>"; };
		07B4244216D91BF0007055DF /* HGBullet.h */ = {isa = PBXFileReference; fileEncoding = 4; lastKnownFileType = sourcecode.c.h; path = HGBullet.h; sourceTree = "<group>"; };
		07B4244316D91BF1007055DF /* HGBullet.mm */ = {isa = PBXFileReference; fileEncoding = 4; lastKnownFileType = sourcecode.cpp.objcpp; path = HGBullet.mm; sourceTree = "<group>"; };
		07B4244A16D932E3007055DF /* wavering.png */ = {isa = PBXFileReference; lastKnownFileType = image.png; path = wavering.png; sourceTree = "<group>"; };
		07B4244C16D93F86007055DF /* corona.png */ = {isa = PBXFileReference; lastKnownFileType = image.png; path = corona.png; sourceTree = "<group>"; };
		07B4244E16D94145007055DF /* divine.png */ = {isa = PBXFileReference; lastKnownFileType = image.png; path = divine.png; sourceTree = "<group>"; };
		07B4245016D94AEC007055DF /* space.png */ = {isa = PBXFileReference; lastKnownFileType = image.png; path = space.png; sourceTree = "<group>"; };
		07B4245216D9F132007055DF /* star.png */ = {isa = PBXFileReference; lastKnownFileType = image.png; path = star.png; sourceTree = "<group>"; };
		07D49FF116DA683C0040D8D5 /* x6.png */ = {isa = PBXFileReference; lastKnownFileType = image.png; path = x6.png; sourceTree = "<group>"; };
		07D5BC5816E33AEC00F0D665 /* square.png */ = {isa = PBXFileReference; lastKnownFileType = image.png; path = square.png; sourceTree = "<group>"; };
		07D5BC5B16E33CF000F0D665 /* Common.h */ = {isa = PBXFileReference; fileEncoding = 4; lastKnownFileType = sourcecode.c.h; path = Common.h; sourceTree = "<group>"; };
		07D5BC6016E386B100F0D665 /* halfsphere.obj */ = {isa = PBXFileReference; fileEncoding = 4; lastKnownFileType = text; path = halfsphere.obj; sourceTree = "<group>"; };
		07D5BC6216E3895900F0D665 /* space2.png */ = {isa = PBXFileReference; lastKnownFileType = image.png; path = space2.png; sourceTree = "<group>"; };
		07D5BC6416E38C9D00F0D665 /* sphere.obj */ = {isa = PBXFileReference; fileEncoding = 4; lastKnownFileType = text; path = sphere.obj; sourceTree = "<group>"; };
		07D5BC6616E3931A00F0D665 /* galaxy-X.png */ = {isa = PBXFileReference; lastKnownFileType = image.png; path = "galaxy-X.png"; sourceTree = "<group>"; };
		07D5BC6716E3931A00F0D665 /* galaxy-Y.png */ = {isa = PBXFileReference; lastKnownFileType = image.png; path = "galaxy-Y.png"; sourceTree = "<group>"; };
		07D5BC6816E3931B00F0D665 /* galaxy-Z.png */ = {isa = PBXFileReference; lastKnownFileType = image.png; path = "galaxy-Z.png"; sourceTree = "<group>"; };
		07D5BC6916E3931B00F0D665 /* galaxy+X.png */ = {isa = PBXFileReference; lastKnownFileType = image.png; path = "galaxy+X.png"; sourceTree = "<group>"; };
		07D5BC6A16E3931C00F0D665 /* galaxy+Y.png */ = {isa = PBXFileReference; lastKnownFileType = image.png; path = "galaxy+Y.png"; sourceTree = "<group>"; };
		07D5BC6B16E3931D00F0D665 /* galaxy+Z.png */ = {isa = PBXFileReference; lastKnownFileType = image.png; path = "galaxy+Z.png"; sourceTree = "<group>"; };
		07DE73CE16EB16E10048877C /* HGGame.h */ = {isa = PBXFileReference; fileEncoding = 4; lastKnownFileType = sourcecode.c.h; path = HGGame.h; sourceTree = "<group>"; };
		07DE73CF16EB16E10048877C /* HGGame.mm */ = {isa = PBXFileReference; fileEncoding = 4; lastKnownFileType = sourcecode.cpp.objcpp; path = HGGame.mm; sourceTree = "<group>"; };
		07DE73D116EB18030048877C /* HGCommon.h */ = {isa = PBXFileReference; fileEncoding = 4; lastKnownFileType = sourcecode.c.h; path = HGCommon.h; sourceTree = "<group>"; };
		07E0463116886E73001F9CCE /* Shooter.app */ = {isa = PBXFileReference; explicitFileType = wrapper.application; includeInIndex = 0; path = Shooter.app; sourceTree = BUILT_PRODUCTS_DIR; };
		07E0463516886E73001F9CCE /* UIKit.framework */ = {isa = PBXFileReference; lastKnownFileType = wrapper.framework; name = UIKit.framework; path = System/Library/Frameworks/UIKit.framework; sourceTree = SDKROOT; };
		07E0463716886E73001F9CCE /* Foundation.framework */ = {isa = PBXFileReference; lastKnownFileType = wrapper.framework; name = Foundation.framework; path = System/Library/Frameworks/Foundation.framework; sourceTree = SDKROOT; };
		07E0463916886E73001F9CCE /* CoreGraphics.framework */ = {isa = PBXFileReference; lastKnownFileType = wrapper.framework; name = CoreGraphics.framework; path = System/Library/Frameworks/CoreGraphics.framework; sourceTree = SDKROOT; };
		07E0463B16886E73001F9CCE /* GLKit.framework */ = {isa = PBXFileReference; lastKnownFileType = wrapper.framework; name = GLKit.framework; path = System/Library/Frameworks/GLKit.framework; sourceTree = SDKROOT; };
		07E0463D16886E73001F9CCE /* OpenGLES.framework */ = {isa = PBXFileReference; lastKnownFileType = wrapper.framework; name = OpenGLES.framework; path = System/Library/Frameworks/OpenGLES.framework; sourceTree = SDKROOT; };
		07E0464116886E73001F9CCE /* Shooter-Info.plist */ = {isa = PBXFileReference; lastKnownFileType = text.plist.xml; path = "Shooter-Info.plist"; sourceTree = "<group>"; };
		07E0464316886E73001F9CCE /* en */ = {isa = PBXFileReference; lastKnownFileType = text.plist.strings; name = en; path = en.lproj/InfoPlist.strings; sourceTree = "<group>"; };
		07E0464516886E73001F9CCE /* main.m */ = {isa = PBXFileReference; lastKnownFileType = sourcecode.c.objc; path = main.m; sourceTree = "<group>"; };
		07E0464716886E73001F9CCE /* Shooter-Prefix.pch */ = {isa = PBXFileReference; lastKnownFileType = sourcecode.c.h; path = "Shooter-Prefix.pch"; sourceTree = "<group>"; };
		07E0464816886E73001F9CCE /* AppDelegate.h */ = {isa = PBXFileReference; lastKnownFileType = sourcecode.c.h; path = AppDelegate.h; sourceTree = "<group>"; };
		07E0464916886E73001F9CCE /* AppDelegate.m */ = {isa = PBXFileReference; lastKnownFileType = sourcecode.c.objc; path = AppDelegate.m; sourceTree = "<group>"; };
		07E0464B16886E73001F9CCE /* Default.png */ = {isa = PBXFileReference; lastKnownFileType = image.png; path = Default.png; sourceTree = "<group>"; };
		07E0464D16886E73001F9CCE /* Default@2x.png */ = {isa = PBXFileReference; lastKnownFileType = image.png; path = "Default@2x.png"; sourceTree = "<group>"; };
		07E0464F16886E73001F9CCE /* Default-568h@2x.png */ = {isa = PBXFileReference; lastKnownFileType = image.png; path = "Default-568h@2x.png"; sourceTree = "<group>"; };
		07E0465516886E73001F9CCE /* ViewController.h */ = {isa = PBXFileReference; lastKnownFileType = sourcecode.c.h; path = ViewController.h; sourceTree = "<group>"; };
		07E0465616886E73001F9CCE /* ViewController.mm */ = {isa = PBXFileReference; lastKnownFileType = sourcecode.cpp.objcpp; path = ViewController.mm; sourceTree = "<group>"; };
		07E6508116C9244D00192B8B /* antaeus.bmp */ = {isa = PBXFileReference; lastKnownFileType = image.bmp; path = antaeus.bmp; sourceTree = "<group>"; };
		07E6508216C9244D00192B8B /* arabicnum.png */ = {isa = PBXFileReference; lastKnownFileType = image.png; path = arabicnum.png; sourceTree = "<group>"; };
		07E6508316C9244D00192B8B /* banner.png */ = {isa = PBXFileReference; lastKnownFileType = image.png; path = banner.png; sourceTree = "<group>"; };
		07E6508416C9244D00192B8B /* barriar.png */ = {isa = PBXFileReference; lastKnownFileType = image.png; path = barriar.png; sourceTree = "<group>"; };
		07E6508516C9244D00192B8B /* burst.png */ = {isa = PBXFileReference; lastKnownFileType = image.png; path = burst.png; sourceTree = "<group>"; };
		07E6508616C9244D00192B8B /* clearedimg.png */ = {isa = PBXFileReference; lastKnownFileType = image.png; path = clearedimg.png; sourceTree = "<group>"; };
		07E6508716C9244D00192B8B /* clearedtext.png */ = {isa = PBXFileReference; lastKnownFileType = image.png; path = clearedtext.png; sourceTree = "<group>"; };
		07E6508816C9244D00192B8B /* colony1_s.png */ = {isa = PBXFileReference; lastKnownFileType = image.png; path = colony1_s.png; sourceTree = "<group>"; };
		07E6508916C9244D00192B8B /* dosei.png */ = {isa = PBXFileReference; lastKnownFileType = image.png; path = dosei.png; sourceTree = "<group>"; };
		07E6508A16C9244D00192B8B /* e_boss.png */ = {isa = PBXFileReference; lastKnownFileType = image.png; path = e_boss.png; sourceTree = "<group>"; };
		07E6508B16C9244D00192B8B /* e_boss2.png */ = {isa = PBXFileReference; lastKnownFileType = image.png; path = e_boss2.png; sourceTree = "<group>"; };
		07E6508C16C9244D00192B8B /* e_boss3.png */ = {isa = PBXFileReference; lastKnownFileType = image.png; path = e_boss3.png; sourceTree = "<group>"; };
		07E6508D16C9244D00192B8B /* e_robo1.png */ = {isa = PBXFileReference; lastKnownFileType = image.png; path = e_robo1.png; sourceTree = "<group>"; };
		07E6508E16C9244D00192B8B /* e_robo2.png */ = {isa = PBXFileReference; lastKnownFileType = image.png; path = e_robo2.png; sourceTree = "<group>"; };
		07E6508F16C9244D00192B8B /* e_robozako.png */ = {isa = PBXFileReference; lastKnownFileType = image.png; path = e_robozako.png; sourceTree = "<group>"; };
		07E6509016C9244D00192B8B /* e_senkan1_4.png */ = {isa = PBXFileReference; lastKnownFileType = image.png; path = e_senkan1_4.png; sourceTree = "<group>"; };
		07E6509116C9244D00192B8B /* e_shooter1.png */ = {isa = PBXFileReference; lastKnownFileType = image.png; path = e_shooter1.png; sourceTree = "<group>"; };
		07E6509216C9244D00192B8B /* earth.png */ = {isa = PBXFileReference; lastKnownFileType = image.png; path = earth.png; sourceTree = "<group>"; };
		07E6509316C9244D00192B8B /* ebit_1.png */ = {isa = PBXFileReference; lastKnownFileType = image.png; path = ebit_1.png; sourceTree = "<group>"; };
		07E6509416C9244D00192B8B /* eshot10_1.png */ = {isa = PBXFileReference; lastKnownFileType = image.png; path = eshot10_1.png; sourceTree = "<group>"; };
		07E6509516C9244D00192B8B /* eshot10_2.png */ = {isa = PBXFileReference; lastKnownFileType = image.png; path = eshot10_2.png; sourceTree = "<group>"; };
		07E6509616C9244D00192B8B /* eshot10_3.png */ = {isa = PBXFileReference; lastKnownFileType = image.png; path = eshot10_3.png; sourceTree = "<group>"; };
		07E6509716C9244D00192B8B /* eshot10_4.png */ = {isa = PBXFileReference; lastKnownFileType = image.png; path = eshot10_4.png; sourceTree = "<group>"; };
		07E6509816C9244D00192B8B /* eshot10_5.png */ = {isa = PBXFileReference; lastKnownFileType = image.png; path = eshot10_5.png; sourceTree = "<group>"; };
		07E6509916C9244D00192B8B /* eshot10_6.png */ = {isa = PBXFileReference; lastKnownFileType = image.png; path = eshot10_6.png; sourceTree = "<group>"; };
		07E6509A16C9244D00192B8B /* explode_big.png */ = {isa = PBXFileReference; lastKnownFileType = image.png; path = explode_big.png; sourceTree = "<group>"; };
		07E6509B16C9244D00192B8B /* explode_med.png */ = {isa = PBXFileReference; lastKnownFileType = image.png; path = explode_med.png; sourceTree = "<group>"; };
		07E6509C16C9244D00192B8B /* explode_small.png */ = {isa = PBXFileReference; lastKnownFileType = image.png; path = explode_small.png; sourceTree = "<group>"; };
		07E6509D16C9244D00192B8B /* hit_small.png */ = {isa = PBXFileReference; lastKnownFileType = image.png; path = hit_small.png; sourceTree = "<group>"; };
		07E6509E16C9244D00192B8B /* hp.png */ = {isa = PBXFileReference; lastKnownFileType = image.png; path = hp.png; sourceTree = "<group>"; };
		07E6509F16C9244D00192B8B /* icon1.png */ = {isa = PBXFileReference; lastKnownFileType = image.png; path = icon1.png; sourceTree = "<group>"; };
		07E650A016C9244D00192B8B /* iinkai.png */ = {isa = PBXFileReference; lastKnownFileType = image.png; path = iinkai.png; sourceTree = "<group>"; };
		07E650A116C9244D00192B8B /* item_life.png */ = {isa = PBXFileReference; lastKnownFileType = image.png; path = item_life.png; sourceTree = "<group>"; };
		07E650A216C9244D00192B8B /* item_p.png */ = {isa = PBXFileReference; lastKnownFileType = image.png; path = item_p.png; sourceTree = "<group>"; };
		07E650A316C9244D00192B8B /* jump.png */ = {isa = PBXFileReference; lastKnownFileType = image.png; path = jump.png; sourceTree = "<group>"; };
		07E650A416C9244D00192B8B /* kaitenbullet.png */ = {isa = PBXFileReference; lastKnownFileType = image.png; path = kaitenbullet.png; sourceTree = "<group>"; };
		07E650A516C9244D00192B8B /* kasei.png */ = {isa = PBXFileReference; lastKnownFileType = image.png; path = kasei.png; sourceTree = "<group>"; };
		07E650A616C9244D00192B8B /* kasrui.png */ = {isa = PBXFileReference; lastKnownFileType = image.png; path = kasrui.png; sourceTree = "<group>"; };
		07E650A716C9244D00192B8B /* menuback.png */ = {isa = PBXFileReference; lastKnownFileType = image.png; path = menuback.png; sourceTree = "<group>"; };
		07E650A816C9244D00192B8B /* missile.png */ = {isa = PBXFileReference; lastKnownFileType = image.png; path = missile.png; sourceTree = "<group>"; };
		07E650A916C9244D00192B8B /* mokusei.png */ = {isa = PBXFileReference; lastKnownFileType = image.png; path = mokusei.png; sourceTree = "<group>"; };
		07E650AA16C9244D00192B8B /* msgwindow1.png */ = {isa = PBXFileReference; lastKnownFileType = image.png; path = msgwindow1.png; sourceTree = "<group>"; };
		07E650AB16C9244D00192B8B /* nowloading2.png */ = {isa = PBXFileReference; lastKnownFileType = image.png; path = nowloading2.png; sourceTree = "<group>"; };
		07E650AC16C9244D00192B8B /* nuclear.png */ = {isa = PBXFileReference; lastKnownFileType = image.png; path = nuclear.png; sourceTree = "<group>"; };
		07E650AD16C9244D00192B8B /* p_robo1.png */ = {isa = PBXFileReference; lastKnownFileType = image.png; path = p_robo1.png; sourceTree = "<group>"; };
		07E650AE16C9244D00192B8B /* p_robo2.png */ = {isa = PBXFileReference; lastKnownFileType = image.png; path = p_robo2.png; sourceTree = "<group>"; };
		07E650AF16C9244D00192B8B /* p_robo3.png */ = {isa = PBXFileReference; lastKnownFileType = image.png; path = p_robo3.png; sourceTree = "<group>"; };
		07E650B016C9244D00192B8B /* p_robo4.png */ = {isa = PBXFileReference; lastKnownFileType = image.png; path = p_robo4.png; sourceTree = "<group>"; };
		07E650B116C9244D00192B8B /* p_robo5.png */ = {isa = PBXFileReference; lastKnownFileType = image.png; path = p_robo5.png; sourceTree = "<group>"; };
		07E650B216C9244D00192B8B /* p_robo7.png */ = {isa = PBXFileReference; lastKnownFileType = image.png; path = p_robo7.png; sourceTree = "<group>"; };
		07E650B316C9244D00192B8B /* p_robo8.png */ = {isa = PBXFileReference; lastKnownFileType = image.png; path = p_robo8.png; sourceTree = "<group>"; };
		07E650B416C9244D00192B8B /* p_robo9.png */ = {isa = PBXFileReference; lastKnownFileType = image.png; path = p_robo9.png; sourceTree = "<group>"; };
		07E650B516C9244D00192B8B /* p_ship1.png */ = {isa = PBXFileReference; lastKnownFileType = image.png; path = p_ship1.png; sourceTree = "<group>"; };
		07E650B616C9244D00192B8B /* pbit_1.png */ = {isa = PBXFileReference; lastKnownFileType = image.png; path = pbit_1.png; sourceTree = "<group>"; };
		07E650B716C9244D00192B8B /* rader.png */ = {isa = PBXFileReference; lastKnownFileType = image.png; path = rader.png; sourceTree = "<group>"; };
		07E650B816C9244D00192B8B /* raser1.png */ = {isa = PBXFileReference; lastKnownFileType = image.png; path = raser1.png; sourceTree = "<group>"; };
		07E650B916C9244D00192B8B /* raser2.png */ = {isa = PBXFileReference; lastKnownFileType = image.png; path = raser2.png; sourceTree = "<group>"; };
		07E650BA16C9244D00192B8B /* raserlong1.png */ = {isa = PBXFileReference; lastKnownFileType = image.png; path = raserlong1.png; sourceTree = "<group>"; };
		07E650BB16C9244D00192B8B /* raserlong2.png */ = {isa = PBXFileReference; lastKnownFileType = image.png; path = raserlong2.png; sourceTree = "<group>"; };
		07E650BC16C9244D00192B8B /* reportview.png */ = {isa = PBXFileReference; lastKnownFileType = image.png; path = reportview.png; sourceTree = "<group>"; };
		07E650BD16C9244D00192B8B /* shot1.png */ = {isa = PBXFileReference; lastKnownFileType = image.png; path = shot1.png; sourceTree = "<group>"; };
		07E650BE16C9244D00192B8B /* shotbig_1spr.png */ = {isa = PBXFileReference; lastKnownFileType = image.png; path = shotbig_1spr.png; sourceTree = "<group>"; };
		07E650BF16C9244D00192B8B /* shotbig_2spr.png */ = {isa = PBXFileReference; lastKnownFileType = image.png; path = shotbig_2spr.png; sourceTree = "<group>"; };
		07E650C016C9244D00192B8B /* smallbullet.png */ = {isa = PBXFileReference; lastKnownFileType = image.png; path = smallbullet.png; sourceTree = "<group>"; };
		07E650C116C9244D00192B8B /* space5.png */ = {isa = PBXFileReference; lastKnownFileType = image.png; path = space5.png; sourceTree = "<group>"; };
		07E650C216C9244D00192B8B /* syouhai.png */ = {isa = PBXFileReference; lastKnownFileType = image.png; path = syouhai.png; sourceTree = "<group>"; };
		07E650C316C9244D00192B8B /* taiyou.png */ = {isa = PBXFileReference; lastKnownFileType = image.png; path = taiyou.png; sourceTree = "<group>"; };
		07E650C416C9244D00192B8B /* title_1.png */ = {isa = PBXFileReference; lastKnownFileType = image.png; path = title_1.png; sourceTree = "<group>"; };
		07E650C516C9244D00192B8B /* titlebg.png */ = {isa = PBXFileReference; lastKnownFileType = image.png; path = titlebg.png; sourceTree = "<group>"; };
		07E650C616C9244D00192B8B /* tobira_left.png */ = {isa = PBXFileReference; lastKnownFileType = image.png; path = tobira_left.png; sourceTree = "<group>"; };
		07E650C716C9244D00192B8B /* tobira_right.png */ = {isa = PBXFileReference; lastKnownFileType = image.png; path = tobira_right.png; sourceTree = "<group>"; };
		07E650C816C9244D00192B8B /* topmenuback.png */ = {isa = PBXFileReference; lastKnownFileType = image.png; path = topmenuback.png; sourceTree = "<group>"; };
		07E650C916C9244D00192B8B /* yesnowin1.png */ = {isa = PBXFileReference; lastKnownFileType = image.png; path = yesnowin1.png; sourceTree = "<group>"; };
		07E6511416C926F200192B8B /* HGActor.h */ = {isa = PBXFileReference; fileEncoding = 4; lastKnownFileType = sourcecode.c.h; path = HGActor.h; sourceTree = "<group>"; };
		07E6511516C926F200192B8B /* HGActor.mm */ = {isa = PBXFileReference; fileEncoding = 4; lastKnownFileType = sourcecode.cpp.objcpp; path = HGActor.mm; sourceTree = "<group>"; };
		07E6512516CF685B00192B8B /* HGLES.h */ = {isa = PBXFileReference; fileEncoding = 4; lastKnownFileType = sourcecode.c.h; path = HGLES.h; sourceTree = "<group>"; };
		07E6512616CF685B00192B8B /* HGLES.mm */ = {isa = PBXFileReference; fileEncoding = 4; lastKnownFileType = sourcecode.cpp.objcpp; path = HGLES.mm; sourceTree = "<group>"; };
		07E6512716CF685B00192B8B /* HGLIndexBuffer.h */ = {isa = PBXFileReference; fileEncoding = 4; lastKnownFileType = sourcecode.c.h; path = HGLIndexBuffer.h; sourceTree = "<group>"; };
		07E6512816CF685B00192B8B /* HGLIndexBuffer.mm */ = {isa = PBXFileReference; fileEncoding = 4; lastKnownFileType = sourcecode.cpp.objcpp; path = HGLIndexBuffer.mm; sourceTree = "<group>"; };
		07E6512916CF685B00192B8B /* HGLMaterial.h */ = {isa = PBXFileReference; fileEncoding = 4; lastKnownFileType = sourcecode.c.h; path = HGLMaterial.h; sourceTree = "<group>"; };
		07E6512A16CF685B00192B8B /* HGLMaterial.mm */ = {isa = PBXFileReference; fileEncoding = 4; lastKnownFileType = sourcecode.cpp.objcpp; path = HGLMaterial.mm; sourceTree = "<group>"; };
		07E6512B16CF685B00192B8B /* HGLMesh.h */ = {isa = PBXFileReference; fileEncoding = 4; lastKnownFileType = sourcecode.c.h; path = HGLMesh.h; sourceTree = "<group>"; };
		07E6512C16CF685B00192B8B /* HGLMesh.mm */ = {isa = PBXFileReference; fileEncoding = 4; lastKnownFileType = sourcecode.cpp.objcpp; path = HGLMesh.mm; sourceTree = "<group>"; };
		07E6512D16CF685B00192B8B /* HGLObject3D.h */ = {isa = PBXFileReference; fileEncoding = 4; lastKnownFileType = sourcecode.c.h; path = HGLObject3D.h; sourceTree = "<group>"; };
		07E6512E16CF685B00192B8B /* HGLObject3D.mm */ = {isa = PBXFileReference; fileEncoding = 4; lastKnownFileType = sourcecode.cpp.objcpp; path = HGLObject3D.mm; sourceTree = "<group>"; };
		07E6512F16CF685B00192B8B /* HGLObjLoader.h */ = {isa = PBXFileReference; fileEncoding = 4; lastKnownFileType = sourcecode.c.h; path = HGLObjLoader.h; sourceTree = "<group>"; };
		07E6513016CF685B00192B8B /* HGLObjLoader.mm */ = {isa = PBXFileReference; fileEncoding = 4; lastKnownFileType = sourcecode.cpp.objcpp; path = HGLObjLoader.mm; sourceTree = "<group>"; };
		07E6513116CF685B00192B8B /* HGLTexture.h */ = {isa = PBXFileReference; fileEncoding = 4; lastKnownFileType = sourcecode.c.h; path = HGLTexture.h; sourceTree = "<group>"; };
		07E6513216CF685B00192B8B /* HGLTexture.mm */ = {isa = PBXFileReference; fileEncoding = 4; lastKnownFileType = sourcecode.cpp.objcpp; path = HGLTexture.mm; sourceTree = "<group>"; };
		07E6513316CF685B00192B8B /* HGLTypes.h */ = {isa = PBXFileReference; fileEncoding = 4; lastKnownFileType = sourcecode.c.h; path = HGLTypes.h; sourceTree = "<group>"; };
		07E6513416CF685B00192B8B /* HGLTypes.mm */ = {isa = PBXFileReference; fileEncoding = 4; lastKnownFileType = sourcecode.cpp.objcpp; path = HGLTypes.mm; sourceTree = "<group>"; };
		07E6513516CF685B00192B8B /* HGLUtil.h */ = {isa = PBXFileReference; fileEncoding = 4; lastKnownFileType = sourcecode.c.h; path = HGLUtil.h; sourceTree = "<group>"; };
		07E6513616CF685B00192B8B /* HGLUtil.mm */ = {isa = PBXFileReference; fileEncoding = 4; lastKnownFileType = sourcecode.cpp.objcpp; path = HGLUtil.mm; sourceTree = "<group>"; };
		07E6513716CF685B00192B8B /* HGLVector3.h */ = {isa = PBXFileReference; fileEncoding = 4; lastKnownFileType = sourcecode.c.h; path = HGLVector3.h; sourceTree = "<group>"; };
		07E6513816CF685B00192B8B /* HGLVector3.mm */ = {isa = PBXFileReference; fileEncoding = 4; lastKnownFileType = sourcecode.cpp.objcpp; path = HGLVector3.mm; sourceTree = "<group>"; };
		07E6513916CF685B00192B8B /* HGLVertexBuffer.h */ = {isa = PBXFileReference; fileEncoding = 4; lastKnownFileType = sourcecode.c.h; path = HGLVertexBuffer.h; sourceTree = "<group>"; };
		07E6513A16CF685B00192B8B /* HGLVertexBuffer.mm */ = {isa = PBXFileReference; fileEncoding = 4; lastKnownFileType = sourcecode.cpp.objcpp; path = HGLVertexBuffer.mm; sourceTree = "<group>"; };
		07E6513B16CF685B00192B8B /* HGLView.h */ = {isa = PBXFileReference; fileEncoding = 4; lastKnownFileType = sourcecode.c.h; path = HGLView.h; sourceTree = "<group>"; };
		07E6513C16CF685B00192B8B /* HGLView.mm */ = {isa = PBXFileReference; fileEncoding = 4; lastKnownFileType = sourcecode.cpp.objcpp; path = HGLView.mm; sourceTree = "<group>"; };
		07E6513E16CF685B00192B8B /* fragment.glsl */ = {isa = PBXFileReference; fileEncoding = 4; lastKnownFileType = text; path = fragment.glsl; sourceTree = "<group>"; };
		07E6513F16CF685B00192B8B /* vertex.glsl */ = {isa = PBXFileReference; fileEncoding = 4; lastKnownFileType = text; path = vertex.glsl; sourceTree = "<group>"; };
		07E6514E16CF9C5600192B8B /* HGUtil.h */ = {isa = PBXFileReference; fileEncoding = 4; lastKnownFileType = sourcecode.c.h; path = HGUtil.h; sourceTree = "<group>"; };
		07E6514F16CF9C5600192B8B /* HGUtil.mm */ = {isa = PBXFileReference; fileEncoding = 4; lastKnownFileType = sourcecode.cpp.objcpp; path = HGUtil.mm; sourceTree = "<group>"; };
		07E6515116CFA07700192B8B /* PadView.h */ = {isa = PBXFileReference; fileEncoding = 4; lastKnownFileType = sourcecode.c.h; path = PadView.h; sourceTree = "<group>"; };
		07E6515216CFA07700192B8B /* PadView.mm */ = {isa = PBXFileReference; fileEncoding = 4; lastKnownFileType = sourcecode.cpp.objcpp; path = PadView.mm; sourceTree = "<group>"; };
		07E6515416D0096A00192B8B /* TouchHandlerView.h */ = {isa = PBXFileReference; fileEncoding = 4; lastKnownFileType = sourcecode.c.h; path = TouchHandlerView.h; sourceTree = "<group>"; };
		07E6515516D0096A00192B8B /* TouchHandlerView.mm */ = {isa = PBXFileReference; fileEncoding = 4; lastKnownFileType = sourcecode.cpp.objcpp; path = TouchHandlerView.mm; sourceTree = "<group>"; };
/* End PBXFileReference section */

/* Begin PBXFrameworksBuildPhase section */
		07E0462E16886E73001F9CCE /* Frameworks */ = {
			isa = PBXFrameworksBuildPhase;
			buildActionMask = 2147483647;
			files = (
				0755991316B3D0560066A0E9 /* QuartzCore.framework in Frameworks */,
				07E0463616886E73001F9CCE /* UIKit.framework in Frameworks */,
				07E0463816886E73001F9CCE /* Foundation.framework in Frameworks */,
				07E0463A16886E73001F9CCE /* CoreGraphics.framework in Frameworks */,
				07E0463C16886E73001F9CCE /* GLKit.framework in Frameworks */,
				07E0463E16886E73001F9CCE /* OpenGLES.framework in Frameworks */,
			);
			runOnlyForDeploymentPostprocessing = 0;
		};
/* End PBXFrameworksBuildPhase section */

/* Begin PBXGroup section */
		0755992616B561490066A0E9 /* Assets */ = {
			isa = PBXGroup;
			children = (
				07D5BC6616E3931A00F0D665 /* galaxy-X.png */,
				07D5BC6716E3931A00F0D665 /* galaxy-Y.png */,
				07D5BC6816E3931B00F0D665 /* galaxy-Z.png */,
				07D5BC6916E3931B00F0D665 /* galaxy+X.png */,
				07D5BC6A16E3931C00F0D665 /* galaxy+Y.png */,
				07D5BC6B16E3931D00F0D665 /* galaxy+Z.png */,
				07D5BC6416E38C9D00F0D665 /* sphere.obj */,
				07E6508116C9244D00192B8B /* antaeus.bmp */,
				071B042216C8C59400BEBAC4 /* antaeus.png */,
				07E6508216C9244D00192B8B /* arabicnum.png */,
				07E6508316C9244D00192B8B /* banner.png */,
				07E6508416C9244D00192B8B /* barriar.png */,
				0755992716B561490066A0E9 /* block.mtl */,
				0755992816B561490066A0E9 /* block.obj */,
				0733405716BDA1FB00DB2D34 /* box.obj */,
				07E6508516C9244D00192B8B /* burst.png */,
				07E6508616C9244D00192B8B /* clearedimg.png */,
				07E6508716C9244D00192B8B /* clearedtext.png */,
				07E6508816C9244D00192B8B /* colony1_s.png */,
				07B4244C16D93F86007055DF /* corona.png */,
				07B4244E16D94145007055DF /* divine.png */,
				0700550116C760EE002BA473 /* dngn_deep_water.bmp */,
				0700550216C760EE002BA473 /* dngn_lava.bmp */,
				071B042016C8C24800BEBAC4 /* dngn_lava.jpg */,
				071B041D16C8C1AB00BEBAC4 /* dngn_lava.png */,
				0700550516C77AA0002BA473 /* dngn_rock_wall_13.png */,
				07E6508916C9244D00192B8B /* dosei.png */,
				070054F616C62DB4002BA473 /* droid.mtl */,
				0733405516BDA18100DB2D34 /* droid.obj */,
				0733405916BDA67000DB2D34 /* droid_leg.obj */,
				07E6508A16C9244D00192B8B /* e_boss.png */,
				07E6508B16C9244D00192B8B /* e_boss2.png */,
				07E6508C16C9244D00192B8B /* e_boss3.png */,
				07E6508D16C9244D00192B8B /* e_robo1.png */,
				07E6508E16C9244D00192B8B /* e_robo2.png */,
				07E6508F16C9244D00192B8B /* e_robozako.png */,
				07E6509016C9244D00192B8B /* e_senkan1_4.png */,
				07E6509116C9244D00192B8B /* e_shooter1.png */,
				07E6509216C9244D00192B8B /* earth.png */,
				07E6509316C9244D00192B8B /* ebit_1.png */,
				07E6509416C9244D00192B8B /* eshot10_1.png */,
				07E6509516C9244D00192B8B /* eshot10_2.png */,
				07E6509616C9244D00192B8B /* eshot10_3.png */,
				07E6509716C9244D00192B8B /* eshot10_4.png */,
				07E6509816C9244D00192B8B /* eshot10_5.png */,
				07E6509916C9244D00192B8B /* eshot10_6.png */,
				07E6509A16C9244D00192B8B /* explode_big.png */,
				07E6509B16C9244D00192B8B /* explode_med.png */,
				07E6509C16C9244D00192B8B /* explode_small.png */,
				070054F716C62DB5002BA473 /* floor.mtl */,
				070054F816C62DB5002BA473 /* floor.obj */,
				070054F916C62DB5002BA473 /* floor.png */,
				07D5BC6016E386B100F0D665 /* halfsphere.obj */,
				0733405B16BDA72900DB2D34 /* him00obj.obj */,
				07E6509D16C9244D00192B8B /* hit_small.png */,
				07E6509E16C9244D00192B8B /* hp.png */,
				07E6509F16C9244D00192B8B /* icon1.png */,
				07E650A016C9244D00192B8B /* iinkai.png */,
				07E650A116C9244D00192B8B /* item_life.png */,
				07E650A216C9244D00192B8B /* item_p.png */,
				07E650A316C9244D00192B8B /* jump.png */,
				07E650A416C9244D00192B8B /* kaitenbullet.png */,
				07E650A516C9244D00192B8B /* kasei.png */,
				07E650A616C9244D00192B8B /* kasrui.png */,
				07E650A716C9244D00192B8B /* menuback.png */,
				07E650A816C9244D00192B8B /* missile.png */,
				07E650A916C9244D00192B8B /* mokusei.png */,
				07E650AA16C9244D00192B8B /* msgwindow1.png */,
				07E650AB16C9244D00192B8B /* nowloading2.png */,
				07E650AC16C9244D00192B8B /* nuclear.png */,
				07E650AD16C9244D00192B8B /* p_robo1.png */,
				07E650AE16C9244D00192B8B /* p_robo2.png */,
				07E650AF16C9244D00192B8B /* p_robo3.png */,
				07E650B016C9244D00192B8B /* p_robo4.png */,
				07E650B116C9244D00192B8B /* p_robo5.png */,
				07E650B216C9244D00192B8B /* p_robo7.png */,
				07E650B316C9244D00192B8B /* p_robo8.png */,
				07E650B416C9244D00192B8B /* p_robo9.png */,
				07E650B516C9244D00192B8B /* p_ship1.png */,
				07E650B616C9244D00192B8B /* pbit_1.png */,
				07E650B716C9244D00192B8B /* rader.png */,
				07E650B816C9244D00192B8B /* raser1.png */,
				07E650B916C9244D00192B8B /* raser2.png */,
				07E650BA16C9244D00192B8B /* raserlong1.png */,
				07E650BB16C9244D00192B8B /* raserlong2.png */,
				07B4243E16D8F3FA007055DF /* rect.obj */,
				07E650BC16C9244D00192B8B /* reportview.png */,
				07E650BD16C9244D00192B8B /* shot1.png */,
				07E650BE16C9244D00192B8B /* shotbig_1spr.png */,
				07E650BF16C9244D00192B8B /* shotbig_2spr.png */,
				07E650C016C9244D00192B8B /* smallbullet.png */,
				07B4245016D94AEC007055DF /* space.png */,
				07D5BC6216E3895900F0D665 /* space2.png */,
				07E650C116C9244D00192B8B /* space5.png */,
				07D5BC5816E33AEC00F0D665 /* square.png */,
				07B4245216D9F132007055DF /* star.png */,
				07E650C216C9244D00192B8B /* syouhai.png */,
				07E650C316C9244D00192B8B /* taiyou.png */,
				0733406516BDB06D00DB2D34 /* teapot.obj */,
				0733406116BDAE4A00DB2D34 /* teoke.obj */,
				0733405F16BDAD3300DB2D34 /* teshoku.obj */,
				0733405216BD9D9100DB2D34 /* test.obj */,
				07E650C416C9244D00192B8B /* title_1.png */,
				07E650C516C9244D00192B8B /* titlebg.png */,
				07E650C616C9244D00192B8B /* tobira_left.png */,
				07E650C716C9244D00192B8B /* tobira_right.png */,
				07E650C816C9244D00192B8B /* topmenuback.png */,
				07B4244A16D932E3007055DF /* wavering.png */,
				07D49FF116DA683C0040D8D5 /* x6.png */,
				0733406316BDAF7800DB2D34 /* yakuimon.obj */,
				07E650C916C9244D00192B8B /* yesnowin1.png */,
			);
			path = Assets;
			sourceTree = "<group>";
		};
		07D5BC7216E63B1600F0D665 /* Test */ = {
			isa = PBXGroup;
			children = (
			);
			path = Test;
			sourceTree = "<group>";
		};
		07E0462616886E73001F9CCE = {
			isa = PBXGroup;
			children = (
				07D5BC7216E63B1600F0D665 /* Test */,
				0755992616B561490066A0E9 /* Assets */,
				07E0463416886E73001F9CCE /* Frameworks */,
				07E6511316C926F100192B8B /* Game */,
				07E6512416CF685900192B8B /* HGLES */,
				07E0463216886E73001F9CCE /* Products */,
				07E0463F16886E73001F9CCE /* Shooter */,
			);
			sourceTree = "<group>";
		};
		07E0463216886E73001F9CCE /* Products */ = {
			isa = PBXGroup;
			children = (
				07E0463116886E73001F9CCE /* Shooter.app */,
			);
			name = Products;
			sourceTree = "<group>";
		};
		07E0463416886E73001F9CCE /* Frameworks */ = {
			isa = PBXGroup;
			children = (
				0755991216B3D0560066A0E9 /* QuartzCore.framework */,
				07E0463516886E73001F9CCE /* UIKit.framework */,
				07E0463716886E73001F9CCE /* Foundation.framework */,
				07E0463916886E73001F9CCE /* CoreGraphics.framework */,
				07E0463B16886E73001F9CCE /* GLKit.framework */,
				07E0463D16886E73001F9CCE /* OpenGLES.framework */,
			);
			name = Frameworks;
			sourceTree = "<group>";
		};
		07E0463F16886E73001F9CCE /* Shooter */ = {
			isa = PBXGroup;
			children = (
				07D5BC5B16E33CF000F0D665 /* Common.h */,
				07E6515416D0096A00192B8B /* TouchHandlerView.h */,
				07E6515516D0096A00192B8B /* TouchHandlerView.mm */,
				07E6515116CFA07700192B8B /* PadView.h */,
				07E6515216CFA07700192B8B /* PadView.mm */,
				07E0464816886E73001F9CCE /* AppDelegate.h */,
				07E0464916886E73001F9CCE /* AppDelegate.m */,
				07E0465516886E73001F9CCE /* ViewController.h */,
				07E0465616886E73001F9CCE /* ViewController.mm */,
				07E0464016886E73001F9CCE /* Supporting Files */,
			);
			path = Shooter;
			sourceTree = "<group>";
		};
		07E0464016886E73001F9CCE /* Supporting Files */ = {
			isa = PBXGroup;
			children = (
				07E0464116886E73001F9CCE /* Shooter-Info.plist */,
				07E0464216886E73001F9CCE /* InfoPlist.strings */,
				07E0464516886E73001F9CCE /* main.m */,
				07E0464716886E73001F9CCE /* Shooter-Prefix.pch */,
				07E0464B16886E73001F9CCE /* Default.png */,
				07E0464D16886E73001F9CCE /* Default@2x.png */,
				07E0464F16886E73001F9CCE /* Default-568h@2x.png */,
			);
			name = "Supporting Files";
			sourceTree = "<group>";
		};
		07E6511316C926F100192B8B /* Game */ = {
			isa = PBXGroup;
			children = (
				07DE73D116EB18030048877C /* HGCommon.h */,
				07DE73CE16EB16E10048877C /* HGGame.h */,
				07DE73CF16EB16E10048877C /* HGGame.mm */,
				0744104E16E24CB00076D7E4 /* HGRect.h */,
				0744104F16E24CB00076D7E4 /* HGRect.mm */,
				07B4244216D91BF0007055DF /* HGBullet.h */,
				07B4244316D91BF1007055DF /* HGBullet.mm */,
				07B4243916D11551007055DF /* HGFighter.h */,
				07B4243A16D11551007055DF /* HGFighter.mm */,
				07E6514E16CF9C5600192B8B /* HGUtil.h */,
				07E6514F16CF9C5600192B8B /* HGUtil.mm */,
				07E6511416C926F200192B8B /* HGActor.h */,
				07E6511516C926F200192B8B /* HGActor.mm */,
			);
			path = Game;
			sourceTree = "<group>";
		};
		07E6512416CF685900192B8B /* HGLES */ = {
			isa = PBXGroup;
			children = (
				075A1EBD16E11331006DC1E7 /* HGLGraphics2D.h */,
				075A1EBE16E11331006DC1E7 /* HGLGraphics2D.mm */,
				07B4243D16D8926E007055DF /* HGLCommon.h */,
				07E6512516CF685B00192B8B /* HGLES.h */,
				07E6512616CF685B00192B8B /* HGLES.mm */,
				07E6512716CF685B00192B8B /* HGLIndexBuffer.h */,
				07E6512816CF685B00192B8B /* HGLIndexBuffer.mm */,
				07E6512916CF685B00192B8B /* HGLMaterial.h */,
				07E6512A16CF685B00192B8B /* HGLMaterial.mm */,
				07E6512B16CF685B00192B8B /* HGLMesh.h */,
				07E6512C16CF685B00192B8B /* HGLMesh.mm */,
				07E6512D16CF685B00192B8B /* HGLObject3D.h */,
				07E6512E16CF685B00192B8B /* HGLObject3D.mm */,
				07E6512F16CF685B00192B8B /* HGLObjLoader.h */,
				07E6513016CF685B00192B8B /* HGLObjLoader.mm */,
				07E6513116CF685B00192B8B /* HGLTexture.h */,
				07E6513216CF685B00192B8B /* HGLTexture.mm */,
				07E6513316CF685B00192B8B /* HGLTypes.h */,
				07E6513416CF685B00192B8B /* HGLTypes.mm */,
				07E6513516CF685B00192B8B /* HGLUtil.h */,
				07E6513616CF685B00192B8B /* HGLUtil.mm */,
				07E6513716CF685B00192B8B /* HGLVector3.h */,
				07E6513816CF685B00192B8B /* HGLVector3.mm */,
				07E6513916CF685B00192B8B /* HGLVertexBuffer.h */,
				07E6513A16CF685B00192B8B /* HGLVertexBuffer.mm */,
				07E6513B16CF685B00192B8B /* HGLView.h */,
				07E6513C16CF685B00192B8B /* HGLView.mm */,
				07E6513D16CF685B00192B8B /* Shaders */,
			);
			path = HGLES;
			sourceTree = "<group>";
		};
		07E6513D16CF685B00192B8B /* Shaders */ = {
			isa = PBXGroup;
			children = (
				0744104916E1D8D80076D7E4 /* fragment2d.glsl */,
				0744104A16E1D8D80076D7E4 /* vertex2d.glsl */,
				07E6513E16CF685B00192B8B /* fragment.glsl */,
				07E6513F16CF685B00192B8B /* vertex.glsl */,
			);
			path = Shaders;
			sourceTree = "<group>";
		};
/* End PBXGroup section */

/* Begin PBXNativeTarget section */
		07E0463016886E73001F9CCE /* Shooter */ = {
			isa = PBXNativeTarget;
			buildConfigurationList = 07E0465D16886E73001F9CCE /* Build configuration list for PBXNativeTarget "Shooter" */;
			buildPhases = (
				07E0462D16886E73001F9CCE /* Sources */,
				07E0462E16886E73001F9CCE /* Frameworks */,
				07E0462F16886E73001F9CCE /* Resources */,
			);
			buildRules = (
			);
			dependencies = (
			);
			name = Shooter;
			productName = Shooter;
			productReference = 07E0463116886E73001F9CCE /* Shooter.app */;
			productType = "com.apple.product-type.application";
		};
/* End PBXNativeTarget section */

/* Begin PBXProject section */
		07E0462816886E73001F9CCE /* Project object */ = {
			isa = PBXProject;
			attributes = {
				LastUpgradeCheck = 0450;
				ORGANIZATIONNAME = hayogame;
			};
			buildConfigurationList = 07E0462B16886E73001F9CCE /* Build configuration list for PBXProject "Shooter" */;
			compatibilityVersion = "Xcode 3.2";
			developmentRegion = English;
			hasScannedForEncodings = 0;
			knownRegions = (
				en,
			);
			mainGroup = 07E0462616886E73001F9CCE;
			productRefGroup = 07E0463216886E73001F9CCE /* Products */;
			projectDirPath = "";
			projectRoot = "";
			targets = (
				07E0463016886E73001F9CCE /* Shooter */,
			);
		};
/* End PBXProject section */

/* Begin PBXResourcesBuildPhase section */
		07E0462F16886E73001F9CCE /* Resources */ = {
			isa = PBXResourcesBuildPhase;
			buildActionMask = 2147483647;
			files = (
				07E0464416886E73001F9CCE /* InfoPlist.strings in Resources */,
				07E0464C16886E73001F9CCE /* Default.png in Resources */,
				07E0464E16886E73001F9CCE /* Default@2x.png in Resources */,
				07E0465016886E73001F9CCE /* Default-568h@2x.png in Resources */,
				0755992916B561490066A0E9 /* block.mtl in Resources */,
				0755992A16B561490066A0E9 /* block.obj in Resources */,
				0733405316BD9D9100DB2D34 /* test.obj in Resources */,
				0733405616BDA18100DB2D34 /* droid.obj in Resources */,
				0733405816BDA1FB00DB2D34 /* box.obj in Resources */,
				0733405A16BDA67000DB2D34 /* droid_leg.obj in Resources */,
				0733405C16BDA72900DB2D34 /* him00obj.obj in Resources */,
				0733406016BDAD3300DB2D34 /* teshoku.obj in Resources */,
				0733406216BDAE4B00DB2D34 /* teoke.obj in Resources */,
				0733406416BDAF7800DB2D34 /* yakuimon.obj in Resources */,
				0733406616BDB06D00DB2D34 /* teapot.obj in Resources */,
				070054FA16C62DB5002BA473 /* droid.mtl in Resources */,
				070054FB16C62DB5002BA473 /* floor.mtl in Resources */,
				070054FC16C62DB5002BA473 /* floor.obj in Resources */,
				070054FD16C62DB5002BA473 /* floor.png in Resources */,
				0700550316C760EE002BA473 /* dngn_deep_water.bmp in Resources */,
				0700550416C760EE002BA473 /* dngn_lava.bmp in Resources */,
				0700550616C77AA0002BA473 /* dngn_rock_wall_13.png in Resources */,
				071B041E16C8C1AB00BEBAC4 /* dngn_lava.png in Resources */,
				071B042116C8C24800BEBAC4 /* dngn_lava.jpg in Resources */,
				071B042316C8C59500BEBAC4 /* antaeus.png in Resources */,
				07E650CA16C9244D00192B8B /* antaeus.bmp in Resources */,
				07E650CB16C9244D00192B8B /* arabicnum.png in Resources */,
				07E650CC16C9244D00192B8B /* banner.png in Resources */,
				07E650CD16C9244D00192B8B /* barriar.png in Resources */,
				07E650CE16C9244D00192B8B /* burst.png in Resources */,
				07E650CF16C9244D00192B8B /* clearedimg.png in Resources */,
				07E650D016C9244D00192B8B /* clearedtext.png in Resources */,
				07E650D116C9244D00192B8B /* colony1_s.png in Resources */,
				07E650D216C9244D00192B8B /* dosei.png in Resources */,
				07E650D316C9244D00192B8B /* e_boss.png in Resources */,
				07E650D416C9244D00192B8B /* e_boss2.png in Resources */,
				07E650D516C9244D00192B8B /* e_boss3.png in Resources */,
				07E650D616C9244D00192B8B /* e_robo1.png in Resources */,
				07E650D716C9244D00192B8B /* e_robo2.png in Resources */,
				07E650D816C9244D00192B8B /* e_robozako.png in Resources */,
				07E650D916C9244D00192B8B /* e_senkan1_4.png in Resources */,
				07E650DA16C9244D00192B8B /* e_shooter1.png in Resources */,
				07E650DB16C9244D00192B8B /* earth.png in Resources */,
				07E650DC16C9244D00192B8B /* ebit_1.png in Resources */,
				07E650DD16C9244D00192B8B /* eshot10_1.png in Resources */,
				07E650DE16C9244D00192B8B /* eshot10_2.png in Resources */,
				07E650DF16C9244D00192B8B /* eshot10_3.png in Resources */,
				07E650E016C9244D00192B8B /* eshot10_4.png in Resources */,
				07E650E116C9244D00192B8B /* eshot10_5.png in Resources */,
				07E650E216C9244D00192B8B /* eshot10_6.png in Resources */,
				07E650E316C9244D00192B8B /* explode_big.png in Resources */,
				07E650E416C9244D00192B8B /* explode_med.png in Resources */,
				07E650E516C9244D00192B8B /* explode_small.png in Resources */,
				07E650E616C9244D00192B8B /* hit_small.png in Resources */,
				07E650E716C9244D00192B8B /* hp.png in Resources */,
				07E650E816C9244D00192B8B /* icon1.png in Resources */,
				07E650E916C9244D00192B8B /* iinkai.png in Resources */,
				07E650EA16C9244D00192B8B /* item_life.png in Resources */,
				07E650EB16C9244D00192B8B /* item_p.png in Resources */,
				07E650EC16C9244D00192B8B /* jump.png in Resources */,
				07E650ED16C9244D00192B8B /* kaitenbullet.png in Resources */,
				07E650EE16C9244D00192B8B /* kasei.png in Resources */,
				07E650EF16C9244D00192B8B /* kasrui.png in Resources */,
				07E650F016C9244D00192B8B /* menuback.png in Resources */,
				07E650F116C9244D00192B8B /* missile.png in Resources */,
				07E650F216C9244D00192B8B /* mokusei.png in Resources */,
				07E650F316C9244D00192B8B /* msgwindow1.png in Resources */,
				07E650F416C9244D00192B8B /* nowloading2.png in Resources */,
				07E650F516C9244D00192B8B /* nuclear.png in Resources */,
				07E650F616C9244D00192B8B /* p_robo1.png in Resources */,
				07E650F716C9244D00192B8B /* p_robo2.png in Resources */,
				07E650F816C9244D00192B8B /* p_robo3.png in Resources */,
				07E650F916C9244D00192B8B /* p_robo4.png in Resources */,
				07E650FA16C9244D00192B8B /* p_robo5.png in Resources */,
				07E650FB16C9244D00192B8B /* p_robo7.png in Resources */,
				07E650FC16C9244D00192B8B /* p_robo8.png in Resources */,
				07E650FD16C9244D00192B8B /* p_robo9.png in Resources */,
				07E650FE16C9244D00192B8B /* p_ship1.png in Resources */,
				07E650FF16C9244D00192B8B /* pbit_1.png in Resources */,
				07E6510016C9244D00192B8B /* rader.png in Resources */,
				07E6510116C9244D00192B8B /* raser1.png in Resources */,
				07E6510216C9244D00192B8B /* raser2.png in Resources */,
				07E6510316C9244D00192B8B /* raserlong1.png in Resources */,
				07E6510416C9244D00192B8B /* raserlong2.png in Resources */,
				07E6510516C9244D00192B8B /* reportview.png in Resources */,
				07E6510616C9244D00192B8B /* shot1.png in Resources */,
				07E6510716C9244D00192B8B /* shotbig_1spr.png in Resources */,
				07E6510816C9244D00192B8B /* shotbig_2spr.png in Resources */,
				07E6510916C9244D00192B8B /* smallbullet.png in Resources */,
				07E6510A16C9244D00192B8B /* space5.png in Resources */,
				07E6510B16C9244D00192B8B /* syouhai.png in Resources */,
				07E6510C16C9244D00192B8B /* taiyou.png in Resources */,
				07E6510D16C9244D00192B8B /* title_1.png in Resources */,
				07E6510E16C9244D00192B8B /* titlebg.png in Resources */,
				07E6510F16C9244D00192B8B /* tobira_left.png in Resources */,
				07E6511016C9244D00192B8B /* tobira_right.png in Resources */,
				07E6511116C9244D00192B8B /* topmenuback.png in Resources */,
				07E6511216C9244D00192B8B /* yesnowin1.png in Resources */,
				07E6514C16CF685B00192B8B /* fragment.glsl in Resources */,
				07E6514D16CF685B00192B8B /* vertex.glsl in Resources */,
				07B4243F16D8F3FA007055DF /* rect.obj in Resources */,
				07B4244B16D932E3007055DF /* wavering.png in Resources */,
				07B4244D16D93F86007055DF /* corona.png in Resources */,
				07B4244F16D94145007055DF /* divine.png in Resources */,
				07B4245116D94AEC007055DF /* space.png in Resources */,
				07B4245316D9F132007055DF /* star.png in Resources */,
				07D49FF216DA683C0040D8D5 /* x6.png in Resources */,
				0744104B16E1D8D80076D7E4 /* fragment2d.glsl in Resources */,
				0744104C16E1D8D80076D7E4 /* vertex2d.glsl in Resources */,
				07D5BC5916E33AEC00F0D665 /* square.png in Resources */,
				07D5BC6116E386B100F0D665 /* halfsphere.obj in Resources */,
				07D5BC6316E3895A00F0D665 /* space2.png in Resources */,
				07D5BC6516E38C9D00F0D665 /* sphere.obj in Resources */,
				07D5BC6C16E3931D00F0D665 /* galaxy-X.png in Resources */,
				07D5BC6D16E3931D00F0D665 /* galaxy-Y.png in Resources */,
				07D5BC6E16E3931D00F0D665 /* galaxy-Z.png in Resources */,
				07D5BC6F16E3931D00F0D665 /* galaxy+X.png in Resources */,
				07D5BC7016E3931D00F0D665 /* galaxy+Y.png in Resources */,
				07D5BC7116E3931D00F0D665 /* galaxy+Z.png in Resources */,
			);
			runOnlyForDeploymentPostprocessing = 0;
		};
/* End PBXResourcesBuildPhase section */

/* Begin PBXSourcesBuildPhase section */
		07E0462D16886E73001F9CCE /* Sources */ = {
			isa = PBXSourcesBuildPhase;
			buildActionMask = 2147483647;
			files = (
				07E0464616886E73001F9CCE /* main.m in Sources */,
				07E0464A16886E73001F9CCE /* AppDelegate.m in Sources */,
				07E0465716886E73001F9CCE /* ViewController.mm in Sources */,
				07E6511616C926F200192B8B /* HGActor.mm in Sources */,
				07E6514016CF685B00192B8B /* HGLES.mm in Sources */,
				07E6514116CF685B00192B8B /* HGLIndexBuffer.mm in Sources */,
				07E6514216CF685B00192B8B /* HGLMaterial.mm in Sources */,
				07E6514316CF685B00192B8B /* HGLMesh.mm in Sources */,
				07E6514416CF685B00192B8B /* HGLObject3D.mm in Sources */,
				07E6514516CF685B00192B8B /* HGLObjLoader.mm in Sources */,
				07E6514616CF685B00192B8B /* HGLTexture.mm in Sources */,
				07E6514716CF685B00192B8B /* HGLTypes.mm in Sources */,
				07E6514816CF685B00192B8B /* HGLUtil.mm in Sources */,
				07E6514916CF685B00192B8B /* HGLVector3.mm in Sources */,
				07E6514A16CF685B00192B8B /* HGLVertexBuffer.mm in Sources */,
				07E6514B16CF685B00192B8B /* HGLView.mm in Sources */,
				07E6515016CF9C5600192B8B /* HGUtil.mm in Sources */,
				07E6515316CFA07700192B8B /* PadView.mm in Sources */,
				07E6515616D0096B00192B8B /* TouchHandlerView.mm in Sources */,
				07B4243B16D11552007055DF /* HGFighter.mm in Sources */,
				07B4244416D91BF1007055DF /* HGBullet.mm in Sources */,
				075A1EBF16E11331006DC1E7 /* HGLGraphics2D.mm in Sources */,
				0744105016E24CB00076D7E4 /* HGRect.mm in Sources */,
				07DE73D016EB16E30048877C /* HGGame.mm in Sources */,
			);
			runOnlyForDeploymentPostprocessing = 0;
		};
/* End PBXSourcesBuildPhase section */

/* Begin PBXVariantGroup section */
		07E0464216886E73001F9CCE /* InfoPlist.strings */ = {
			isa = PBXVariantGroup;
			children = (
				07E0464316886E73001F9CCE /* en */,
			);
			name = InfoPlist.strings;
			sourceTree = "<group>";
		};
/* End PBXVariantGroup section */

/* Begin XCBuildConfiguration section */
		07E0465B16886E73001F9CCE /* Debug */ = {
			isa = XCBuildConfiguration;
			buildSettings = {
				ALWAYS_SEARCH_USER_PATHS = NO;
				CLANG_CXX_LANGUAGE_STANDARD = "gnu++0x";
				CLANG_CXX_LIBRARY = "libc++";
				CLANG_WARN_EMPTY_BODY = YES;
				CLANG_WARN__DUPLICATE_METHOD_MATCH = YES;
				"CODE_SIGN_IDENTITY[sdk=iphoneos*]" = "iPhone Developer";
				COPY_PHASE_STRIP = NO;
				GCC_C_LANGUAGE_STANDARD = gnu99;
				GCC_DYNAMIC_NO_PIC = NO;
				GCC_INPUT_FILETYPE = sourcecode.cpp.objcpp;
				GCC_OPTIMIZATION_LEVEL = 0;
				GCC_PREPROCESSOR_DEFINITIONS = (
					"DEBUG=1",
					"$(inherited)",
				);
				GCC_SYMBOLS_PRIVATE_EXTERN = NO;
				GCC_WARN_ABOUT_RETURN_TYPE = YES;
				GCC_WARN_UNINITIALIZED_AUTOS = YES;
				GCC_WARN_UNUSED_VARIABLE = YES;
				IPHONEOS_DEPLOYMENT_TARGET = 5.0;
				ONLY_ACTIVE_ARCH = YES;
				OTHER_CFLAGS = "$(OTHER_CFLAGS)";
				OTHER_CPLUSPLUSFLAGS = "$(OTHER_CFLAGS)";
				SDKROOT = iphoneos;
			};
			name = Debug;
		};
		07E0465C16886E73001F9CCE /* Release */ = {
			isa = XCBuildConfiguration;
			buildSettings = {
				ALWAYS_SEARCH_USER_PATHS = NO;
				CLANG_CXX_LANGUAGE_STANDARD = "gnu++0x";
				CLANG_CXX_LIBRARY = "libc++";
				CLANG_WARN_EMPTY_BODY = YES;
				CLANG_WARN__DUPLICATE_METHOD_MATCH = YES;
				"CODE_SIGN_IDENTITY[sdk=iphoneos*]" = "iPhone Developer";
				COPY_PHASE_STRIP = YES;
				GCC_C_LANGUAGE_STANDARD = gnu99;
				GCC_INPUT_FILETYPE = sourcecode.cpp.objcpp;
				GCC_WARN_ABOUT_RETURN_TYPE = YES;
				GCC_WARN_UNINITIALIZED_AUTOS = YES;
				GCC_WARN_UNUSED_VARIABLE = YES;
				IPHONEOS_DEPLOYMENT_TARGET = 5.0;
				OTHER_CFLAGS = "$(OTHER_CFLAGS)";
				OTHER_CPLUSPLUSFLAGS = "$(OTHER_CFLAGS)";
				SDKROOT = iphoneos;
				VALIDATE_PRODUCT = YES;
			};
			name = Release;
		};
		07E0465E16886E73001F9CCE /* Debug */ = {
			isa = XCBuildConfiguration;
			buildSettings = {
				GCC_PRECOMPILE_PREFIX_HEADER = YES;
				GCC_PREFIX_HEADER = "Shooter/Shooter-Prefix.pch";
				INFOPLIST_FILE = "Shooter/Shooter-Info.plist";
				PRODUCT_NAME = Shooter;
				WRAPPER_EXTENSION = app;
			};
			name = Debug;
		};
		07E0465F16886E73001F9CCE /* Release */ = {
			isa = XCBuildConfiguration;
			buildSettings = {
				GCC_PRECOMPILE_PREFIX_HEADER = YES;
				GCC_PREFIX_HEADER = "Shooter/Shooter-Prefix.pch";
				INFOPLIST_FILE = "Shooter/Shooter-Info.plist";
				PRODUCT_NAME = Shooter;
				WRAPPER_EXTENSION = app;
			};
			name = Release;
		};
/* End XCBuildConfiguration section */

/* Begin XCConfigurationList section */
		07E0462B16886E73001F9CCE /* Build configuration list for PBXProject "Shooter" */ = {
			isa = XCConfigurationList;
			buildConfigurations = (
				07E0465B16886E73001F9CCE /* Debug */,
				07E0465C16886E73001F9CCE /* Release */,
			);
			defaultConfigurationIsVisible = 0;
			defaultConfigurationName = Release;
		};
		07E0465D16886E73001F9CCE /* Build configuration list for PBXNativeTarget "Shooter" */ = {
			isa = XCConfigurationList;
			buildConfigurations = (
				07E0465E16886E73001F9CCE /* Debug */,
				07E0465F16886E73001F9CCE /* Release */,
			);
			defaultConfigurationIsVisible = 0;
			defaultConfigurationName = Release;
		};
/* End XCConfigurationList section */
	};
	rootObject = 07E0462816886E73001F9CCE /* Project object */;
}
