// !$*UTF8*$!
{
	archiveVersion = 1;
	classes = {
	};
	objectVersion = 46;
	objects = {

/* Begin PBXBuildFile section */
		0735C89D16BD7B0E009DEF10 /* GLUtil.mm in Sources */ = {isa = PBXBuildFile; fileRef = 0735C89C16BD7B0E009DEF10 /* GLUtil.mm */; };
		0735C8A016BD7BF8009DEF10 /* GLES.mm in Sources */ = {isa = PBXBuildFile; fileRef = 0735C89F16BD7BF8009DEF10 /* GLES.mm */; };
		0755991016B3C3180066A0E9 /* GLView.mm in Sources */ = {isa = PBXBuildFile; fileRef = 0755990F16B3C3180066A0E9 /* GLView.mm */; };
		0755991316B3D0560066A0E9 /* QuartzCore.framework in Frameworks */ = {isa = PBXBuildFile; fileRef = 0755991216B3D0560066A0E9 /* QuartzCore.framework */; };
		0755991816B4BFD90066A0E9 /* IndexBuffer.mm in Sources */ = {isa = PBXBuildFile; fileRef = 0755991516B4BFD90066A0E9 /* IndexBuffer.mm */; };
		0755991916B4BFD90066A0E9 /* VertexBuffer.mm in Sources */ = {isa = PBXBuildFile; fileRef = 0755991716B4BFD90066A0E9 /* VertexBuffer.mm */; };
		0755991C16B4CA1A0066A0E9 /* Mesh.mm in Sources */ = {isa = PBXBuildFile; fileRef = 0755991B16B4CA1A0066A0E9 /* Mesh.mm */; };
		0755992216B4F99B0066A0E9 /* Object3D.mm in Sources */ = {isa = PBXBuildFile; fileRef = 0755992116B4F99B0066A0E9 /* Object3D.mm */; };
		0755992516B5188E0066A0E9 /* Vector3.mm in Sources */ = {isa = PBXBuildFile; fileRef = 0755992416B5188E0066A0E9 /* Vector3.mm */; };
		0755992916B561490066A0E9 /* block.mtl in Resources */ = {isa = PBXBuildFile; fileRef = 0755992716B561490066A0E9 /* block.mtl */; };
		0755992A16B561490066A0E9 /* block.obj in Resources */ = {isa = PBXBuildFile; fileRef = 0755992816B561490066A0E9 /* block.obj */; };
		0755992D16B561950066A0E9 /* ObjLoader.mm in Sources */ = {isa = PBXBuildFile; fileRef = 0755992C16B561950066A0E9 /* ObjLoader.mm */; };
		0755993316BD13180066A0E9 /* GLTypes.mm in Sources */ = {isa = PBXBuildFile; fileRef = 0755993216BD13170066A0E9 /* GLTypes.mm */; };
		07E0463616886E73001F9CCE /* UIKit.framework in Frameworks */ = {isa = PBXBuildFile; fileRef = 07E0463516886E73001F9CCE /* UIKit.framework */; };
		07E0463816886E73001F9CCE /* Foundation.framework in Frameworks */ = {isa = PBXBuildFile; fileRef = 07E0463716886E73001F9CCE /* Foundation.framework */; };
		07E0463A16886E73001F9CCE /* CoreGraphics.framework in Frameworks */ = {isa = PBXBuildFile; fileRef = 07E0463916886E73001F9CCE /* CoreGraphics.framework */; };
		07E0463C16886E73001F9CCE /* GLKit.framework in Frameworks */ = {isa = PBXBuildFile; fileRef = 07E0463B16886E73001F9CCE /* GLKit.framework */; };
		07E0463E16886E73001F9CCE /* OpenGLES.framework in Frameworks */ = {isa = PBXBuildFile; fileRef = 07E0463D16886E73001F9CCE /* OpenGLES.framework */; };
		07E0464416886E73001F9CCE /* InfoPlist.strings in Resources */ = {isa = PBXBuildFile; fileRef = 07E0464216886E73001F9CCE /* InfoPlist.strings */; };
		07E0464616886E73001F9CCE /* main.m in Sources */ = {isa = PBXBuildFile; fileRef = 07E0464516886E73001F9CCE /* main.m */; };
		07E0464A16886E73001F9CCE /* AppDelegate.m in Sources */ = {isa = PBXBuildFile; fileRef = 07E0464916886E73001F9CCE /* AppDelegate.m */; };
		07E0464C16886E73001F9CCE /* Default.png in Resources */ = {isa = PBXBuildFile; fileRef = 07E0464B16886E73001F9CCE /* Default.png */; };
		07E0464E16886E73001F9CCE /* Default@2x.png in Resources */ = {isa = PBXBuildFile; fileRef = 07E0464D16886E73001F9CCE /* Default@2x.png */; };
		07E0465016886E73001F9CCE /* Default-568h@2x.png in Resources */ = {isa = PBXBuildFile; fileRef = 07E0464F16886E73001F9CCE /* Default-568h@2x.png */; };
		07E0465216886E73001F9CCE /* fragment.glsl in Resources */ = {isa = PBXBuildFile; fileRef = 07E0465116886E73001F9CCE /* fragment.glsl */; };
		07E0465416886E73001F9CCE /* vertex.glsl in Resources */ = {isa = PBXBuildFile; fileRef = 07E0465316886E73001F9CCE /* vertex.glsl */; };
		07E0465716886E73001F9CCE /* ViewController.m in Sources */ = {isa = PBXBuildFile; fileRef = 07E0465616886E73001F9CCE /* ViewController.m */; };
		07E0466216887039001F9CCE /* Actor.m in Sources */ = {isa = PBXBuildFile; fileRef = 07E0466116887039001F9CCE /* Actor.m */; };
/* End PBXBuildFile section */

/* Begin PBXFileReference section */
		0735C89B16BD7B0E009DEF10 /* GLUtil.h */ = {isa = PBXFileReference; fileEncoding = 4; lastKnownFileType = sourcecode.c.h; name = GLUtil.h; path = GLES/GLUtil.h; sourceTree = "<group>"; };
		0735C89C16BD7B0E009DEF10 /* GLUtil.mm */ = {isa = PBXFileReference; fileEncoding = 4; lastKnownFileType = sourcecode.cpp.objcpp; name = GLUtil.mm; path = GLES/GLUtil.mm; sourceTree = "<group>"; };
		0735C89E16BD7BF8009DEF10 /* GLES.h */ = {isa = PBXFileReference; fileEncoding = 4; lastKnownFileType = sourcecode.c.h; name = GLES.h; path = GLES/GLES.h; sourceTree = "<group>"; };
		0735C89F16BD7BF8009DEF10 /* GLES.mm */ = {isa = PBXFileReference; fileEncoding = 4; lastKnownFileType = sourcecode.cpp.objcpp; name = GLES.mm; path = GLES/GLES.mm; sourceTree = "<group>"; };
		0755990E16B3C3180066A0E9 /* GLView.h */ = {isa = PBXFileReference; fileEncoding = 4; lastKnownFileType = sourcecode.c.h; name = GLView.h; path = GLES/GLView.h; sourceTree = "<group>"; };
		0755990F16B3C3180066A0E9 /* GLView.mm */ = {isa = PBXFileReference; fileEncoding = 4; lastKnownFileType = sourcecode.cpp.objcpp; name = GLView.mm; path = GLES/GLView.mm; sourceTree = "<group>"; };
		0755991216B3D0560066A0E9 /* QuartzCore.framework */ = {isa = PBXFileReference; lastKnownFileType = wrapper.framework; name = QuartzCore.framework; path = System/Library/Frameworks/QuartzCore.framework; sourceTree = SDKROOT; };
		0755991416B4BFD90066A0E9 /* IndexBuffer.h */ = {isa = PBXFileReference; fileEncoding = 4; lastKnownFileType = sourcecode.c.h; name = IndexBuffer.h; path = GLES/IndexBuffer.h; sourceTree = "<group>"; };
		0755991516B4BFD90066A0E9 /* IndexBuffer.mm */ = {isa = PBXFileReference; fileEncoding = 4; lastKnownFileType = sourcecode.cpp.objcpp; name = IndexBuffer.mm; path = GLES/IndexBuffer.mm; sourceTree = "<group>"; };
		0755991616B4BFD90066A0E9 /* VertexBuffer.h */ = {isa = PBXFileReference; fileEncoding = 4; lastKnownFileType = sourcecode.c.h; name = VertexBuffer.h; path = GLES/VertexBuffer.h; sourceTree = "<group>"; };
		0755991716B4BFD90066A0E9 /* VertexBuffer.mm */ = {isa = PBXFileReference; fileEncoding = 4; lastKnownFileType = sourcecode.cpp.objcpp; name = VertexBuffer.mm; path = GLES/VertexBuffer.mm; sourceTree = "<group>"; };
		0755991A16B4CA1A0066A0E9 /* Mesh.h */ = {isa = PBXFileReference; fileEncoding = 4; lastKnownFileType = sourcecode.c.h; name = Mesh.h; path = GLES/Mesh.h; sourceTree = "<group>"; };
		0755991B16B4CA1A0066A0E9 /* Mesh.mm */ = {isa = PBXFileReference; fileEncoding = 4; lastKnownFileType = sourcecode.cpp.objcpp; name = Mesh.mm; path = GLES/Mesh.mm; sourceTree = "<group>"; };
		0755992016B4F99B0066A0E9 /* Object3D.h */ = {isa = PBXFileReference; fileEncoding = 4; lastKnownFileType = sourcecode.c.h; name = Object3D.h; path = GLES/Object3D.h; sourceTree = "<group>"; };
		0755992116B4F99B0066A0E9 /* Object3D.mm */ = {isa = PBXFileReference; fileEncoding = 4; lastKnownFileType = sourcecode.cpp.objcpp; name = Object3D.mm; path = GLES/Object3D.mm; sourceTree = "<group>"; };
		0755992316B5188E0066A0E9 /* Vector3.h */ = {isa = PBXFileReference; fileEncoding = 4; lastKnownFileType = sourcecode.c.h; name = Vector3.h; path = GLES/Vector3.h; sourceTree = "<group>"; };
		0755992416B5188E0066A0E9 /* Vector3.mm */ = {isa = PBXFileReference; fileEncoding = 4; lastKnownFileType = sourcecode.cpp.objcpp; name = Vector3.mm; path = GLES/Vector3.mm; sourceTree = "<group>"; };
		0755992716B561490066A0E9 /* block.mtl */ = {isa = PBXFileReference; fileEncoding = 4; lastKnownFileType = text; path = block.mtl; sourceTree = "<group>"; };
		0755992816B561490066A0E9 /* block.obj */ = {isa = PBXFileReference; fileEncoding = 4; lastKnownFileType = text; path = block.obj; sourceTree = "<group>"; };
		0755992B16B561950066A0E9 /* ObjLoader.h */ = {isa = PBXFileReference; fileEncoding = 4; lastKnownFileType = sourcecode.c.h; name = ObjLoader.h; path = GLES/ObjLoader.h; sourceTree = "<group>"; };
		0755992C16B561950066A0E9 /* ObjLoader.mm */ = {isa = PBXFileReference; fileEncoding = 4; lastKnownFileType = sourcecode.cpp.objcpp; name = ObjLoader.mm; path = GLES/ObjLoader.mm; sourceTree = "<group>"; };
		0755993116BD13170066A0E9 /* GLTypes.h */ = {isa = PBXFileReference; fileEncoding = 4; lastKnownFileType = sourcecode.c.h; name = GLTypes.h; path = GLES/GLTypes.h; sourceTree = "<group>"; };
		0755993216BD13170066A0E9 /* GLTypes.mm */ = {isa = PBXFileReference; fileEncoding = 4; lastKnownFileType = sourcecode.cpp.objcpp; name = GLTypes.mm; path = GLES/GLTypes.mm; sourceTree = "<group>"; };
		07E0463116886E73001F9CCE /* Shooter.app */ = {isa = PBXFileReference; explicitFileType = wrapper.application; includeInIndex = 0; path = Shooter.app; sourceTree = BUILT_PRODUCTS_DIR; };
		07E0463516886E73001F9CCE /* UIKit.framework */ = {isa = PBXFileReference; lastKnownFileType = wrapper.framework; name = UIKit.framework; path = System/Library/Frameworks/UIKit.framework; sourceTree = SDKROOT; };
		07E0463716886E73001F9CCE /* Foundation.framework */ = {isa = PBXFileReference; lastKnownFileType = wrapper.framework; name = Foundation.framework; path = System/Library/Frameworks/Foundation.framework; sourceTree = SDKROOT; };
		07E0463916886E73001F9CCE /* CoreGraphics.framework */ = {isa = PBXFileReference; lastKnownFileType = wrapper.framework; name = CoreGraphics.framework; path = System/Library/Frameworks/CoreGraphics.framework; sourceTree = SDKROOT; };
		07E0463B16886E73001F9CCE /* GLKit.framework */ = {isa = PBXFileReference; lastKnownFileType = wrapper.framework; name = GLKit.framework; path = System/Library/Frameworks/GLKit.framework; sourceTree = SDKROOT; };
		07E0463D16886E73001F9CCE /* OpenGLES.framework */ = {isa = PBXFileReference; lastKnownFileType = wrapper.framework; name = OpenGLES.framework; path = System/Library/Frameworks/OpenGLES.framework; sourceTree = SDKROOT; };
		07E0464116886E73001F9CCE /* Shooter-Info.plist */ = {isa = PBXFileReference; lastKnownFileType = text.plist.xml; path = "Shooter-Info.plist"; sourceTree = "<group>"; };
		07E0464316886E73001F9CCE /* en */ = {isa = PBXFileReference; lastKnownFileType = text.plist.strings; name = en; path = en.lproj/InfoPlist.strings; sourceTree = "<group>"; };
		07E0464516886E73001F9CCE /* main.m */ = {isa = PBXFileReference; lastKnownFileType = sourcecode.c.objc; path = main.m; sourceTree = "<group>"; };
		07E0464716886E73001F9CCE /* Shooter-Prefix.pch */ = {isa = PBXFileReference; lastKnownFileType = sourcecode.c.h; path = "Shooter-Prefix.pch"; sourceTree = "<group>"; };
		07E0464816886E73001F9CCE /* AppDelegate.h */ = {isa = PBXFileReference; lastKnownFileType = sourcecode.c.h; path = AppDelegate.h; sourceTree = "<group>"; };
		07E0464916886E73001F9CCE /* AppDelegate.m */ = {isa = PBXFileReference; lastKnownFileType = sourcecode.c.objc; path = AppDelegate.m; sourceTree = "<group>"; };
		07E0464B16886E73001F9CCE /* Default.png */ = {isa = PBXFileReference; lastKnownFileType = image.png; path = Default.png; sourceTree = "<group>"; };
		07E0464D16886E73001F9CCE /* Default@2x.png */ = {isa = PBXFileReference; lastKnownFileType = image.png; path = "Default@2x.png"; sourceTree = "<group>"; };
		07E0464F16886E73001F9CCE /* Default-568h@2x.png */ = {isa = PBXFileReference; lastKnownFileType = image.png; path = "Default-568h@2x.png"; sourceTree = "<group>"; };
		07E0465116886E73001F9CCE /* fragment.glsl */ = {isa = PBXFileReference; lastKnownFileType = text; name = fragment.glsl; path = Shaders/fragment.glsl; sourceTree = "<group>"; };
		07E0465316886E73001F9CCE /* vertex.glsl */ = {isa = PBXFileReference; lastKnownFileType = text; name = vertex.glsl; path = Shaders/vertex.glsl; sourceTree = "<group>"; };
		07E0465516886E73001F9CCE /* ViewController.h */ = {isa = PBXFileReference; lastKnownFileType = sourcecode.c.h; path = ViewController.h; sourceTree = "<group>"; };
		07E0465616886E73001F9CCE /* ViewController.m */ = {isa = PBXFileReference; lastKnownFileType = sourcecode.c.objc; path = ViewController.m; sourceTree = "<group>"; };
		07E0466016887039001F9CCE /* Actor.h */ = {isa = PBXFileReference; fileEncoding = 4; lastKnownFileType = sourcecode.c.h; path = Actor.h; sourceTree = "<group>"; };
		07E0466116887039001F9CCE /* Actor.m */ = {isa = PBXFileReference; fileEncoding = 4; lastKnownFileType = sourcecode.c.objc; path = Actor.m; sourceTree = "<group>"; };
/* End PBXFileReference section */

/* Begin PBXFrameworksBuildPhase section */
		07E0462E16886E73001F9CCE /* Frameworks */ = {
			isa = PBXFrameworksBuildPhase;
			buildActionMask = 2147483647;
			files = (
				0755991316B3D0560066A0E9 /* QuartzCore.framework in Frameworks */,
				07E0463616886E73001F9CCE /* UIKit.framework in Frameworks */,
				07E0463816886E73001F9CCE /* Foundation.framework in Frameworks */,
				07E0463A16886E73001F9CCE /* CoreGraphics.framework in Frameworks */,
				07E0463C16886E73001F9CCE /* GLKit.framework in Frameworks */,
				07E0463E16886E73001F9CCE /* OpenGLES.framework in Frameworks */,
			);
			runOnlyForDeploymentPostprocessing = 0;
		};
/* End PBXFrameworksBuildPhase section */

/* Begin PBXGroup section */
		0755992616B561490066A0E9 /* Assets */ = {
			isa = PBXGroup;
			children = (
				0755992716B561490066A0E9 /* block.mtl */,
				0755992816B561490066A0E9 /* block.obj */,
			);
			path = Assets;
			sourceTree = "<group>";
		};
		07E0462616886E73001F9CCE = {
			isa = PBXGroup;
			children = (
				0755992616B561490066A0E9 /* Assets */,
				07E0466616887799001F9CCE /* GLES */,
				07E0463F16886E73001F9CCE /* Shooter */,
				07E0463416886E73001F9CCE /* Frameworks */,
				07E0463216886E73001F9CCE /* Products */,
			);
			sourceTree = "<group>";
		};
		07E0463216886E73001F9CCE /* Products */ = {
			isa = PBXGroup;
			children = (
				07E0463116886E73001F9CCE /* Shooter.app */,
			);
			name = Products;
			sourceTree = "<group>";
		};
		07E0463416886E73001F9CCE /* Frameworks */ = {
			isa = PBXGroup;
			children = (
				0755991216B3D0560066A0E9 /* QuartzCore.framework */,
				07E0463516886E73001F9CCE /* UIKit.framework */,
				07E0463716886E73001F9CCE /* Foundation.framework */,
				07E0463916886E73001F9CCE /* CoreGraphics.framework */,
				07E0463B16886E73001F9CCE /* GLKit.framework */,
				07E0463D16886E73001F9CCE /* OpenGLES.framework */,
			);
			name = Frameworks;
			sourceTree = "<group>";
		};
		07E0463F16886E73001F9CCE /* Shooter */ = {
			isa = PBXGroup;
			children = (
				07E0464816886E73001F9CCE /* AppDelegate.h */,
				07E0464916886E73001F9CCE /* AppDelegate.m */,
				07E0465116886E73001F9CCE /* fragment.glsl */,
				07E0465316886E73001F9CCE /* vertex.glsl */,
				07E0465516886E73001F9CCE /* ViewController.h */,
				07E0465616886E73001F9CCE /* ViewController.m */,
				07E0464016886E73001F9CCE /* Supporting Files */,
				07E0466016887039001F9CCE /* Actor.h */,
				07E0466116887039001F9CCE /* Actor.m */,
			);
			path = Shooter;
			sourceTree = "<group>";
		};
		07E0464016886E73001F9CCE /* Supporting Files */ = {
			isa = PBXGroup;
			children = (
				07E0464116886E73001F9CCE /* Shooter-Info.plist */,
				07E0464216886E73001F9CCE /* InfoPlist.strings */,
				07E0464516886E73001F9CCE /* main.m */,
				07E0464716886E73001F9CCE /* Shooter-Prefix.pch */,
				07E0464B16886E73001F9CCE /* Default.png */,
				07E0464D16886E73001F9CCE /* Default@2x.png */,
				07E0464F16886E73001F9CCE /* Default-568h@2x.png */,
			);
			name = "Supporting Files";
			sourceTree = "<group>";
		};
		07E0466616887799001F9CCE /* GLES */ = {
			isa = PBXGroup;
			children = (
				0735C89E16BD7BF8009DEF10 /* GLES.h */,
				0735C89F16BD7BF8009DEF10 /* GLES.mm */,
				0735C89B16BD7B0E009DEF10 /* GLUtil.h */,
				0735C89C16BD7B0E009DEF10 /* GLUtil.mm */,
				0755993116BD13170066A0E9 /* GLTypes.h */,
				0755993216BD13170066A0E9 /* GLTypes.mm */,
				0755992B16B561950066A0E9 /* ObjLoader.h */,
				0755992C16B561950066A0E9 /* ObjLoader.mm */,
				0755992316B5188E0066A0E9 /* Vector3.h */,
				0755992416B5188E0066A0E9 /* Vector3.mm */,
				0755992016B4F99B0066A0E9 /* Object3D.h */,
				0755992116B4F99B0066A0E9 /* Object3D.mm */,
				0755991A16B4CA1A0066A0E9 /* Mesh.h */,
				0755991B16B4CA1A0066A0E9 /* Mesh.mm */,
				0755991416B4BFD90066A0E9 /* IndexBuffer.h */,
				0755991516B4BFD90066A0E9 /* IndexBuffer.mm */,
				0755991616B4BFD90066A0E9 /* VertexBuffer.h */,
				0755991716B4BFD90066A0E9 /* VertexBuffer.mm */,
				0755990E16B3C3180066A0E9 /* GLView.h */,
				0755990F16B3C3180066A0E9 /* GLView.mm */,
			);
			name = GLES;
			sourceTree = "<group>";
		};
/* End PBXGroup section */

/* Begin PBXNativeTarget section */
		07E0463016886E73001F9CCE /* Shooter */ = {
			isa = PBXNativeTarget;
			buildConfigurationList = 07E0465D16886E73001F9CCE /* Build configuration list for PBXNativeTarget "Shooter" */;
			buildPhases = (
				07E0462D16886E73001F9CCE /* Sources */,
				07E0462E16886E73001F9CCE /* Frameworks */,
				07E0462F16886E73001F9CCE /* Resources */,
			);
			buildRules = (
			);
			dependencies = (
			);
			name = Shooter;
			productName = Shooter;
			productReference = 07E0463116886E73001F9CCE /* Shooter.app */;
			productType = "com.apple.product-type.application";
		};
/* End PBXNativeTarget section */

/* Begin PBXProject section */
		07E0462816886E73001F9CCE /* Project object */ = {
			isa = PBXProject;
			attributes = {
				LastUpgradeCheck = 0450;
				ORGANIZATIONNAME = hayogame;
			};
			buildConfigurationList = 07E0462B16886E73001F9CCE /* Build configuration list for PBXProject "Shooter" */;
			compatibilityVersion = "Xcode 3.2";
			developmentRegion = English;
			hasScannedForEncodings = 0;
			knownRegions = (
				en,
			);
			mainGroup = 07E0462616886E73001F9CCE;
			productRefGroup = 07E0463216886E73001F9CCE /* Products */;
			projectDirPath = "";
			projectRoot = "";
			targets = (
				07E0463016886E73001F9CCE /* Shooter */,
			);
		};
/* End PBXProject section */

/* Begin PBXResourcesBuildPhase section */
		07E0462F16886E73001F9CCE /* Resources */ = {
			isa = PBXResourcesBuildPhase;
			buildActionMask = 2147483647;
			files = (
				07E0464416886E73001F9CCE /* InfoPlist.strings in Resources */,
				07E0464C16886E73001F9CCE /* Default.png in Resources */,
				07E0464E16886E73001F9CCE /* Default@2x.png in Resources */,
				07E0465016886E73001F9CCE /* Default-568h@2x.png in Resources */,
				07E0465216886E73001F9CCE /* fragment.glsl in Resources */,
				07E0465416886E73001F9CCE /* vertex.glsl in Resources */,
				0755992916B561490066A0E9 /* block.mtl in Resources */,
				0755992A16B561490066A0E9 /* block.obj in Resources */,
			);
			runOnlyForDeploymentPostprocessing = 0;
		};
/* End PBXResourcesBuildPhase section */

/* Begin PBXSourcesBuildPhase section */
		07E0462D16886E73001F9CCE /* Sources */ = {
			isa = PBXSourcesBuildPhase;
			buildActionMask = 2147483647;
			files = (
				07E0464616886E73001F9CCE /* main.m in Sources */,
				07E0464A16886E73001F9CCE /* AppDelegate.m in Sources */,
				07E0465716886E73001F9CCE /* ViewController.m in Sources */,
				07E0466216887039001F9CCE /* Actor.m in Sources */,
				0755991016B3C3180066A0E9 /* GLView.mm in Sources */,
				0755991816B4BFD90066A0E9 /* IndexBuffer.mm in Sources */,
				0755991916B4BFD90066A0E9 /* VertexBuffer.mm in Sources */,
				0755991C16B4CA1A0066A0E9 /* Mesh.mm in Sources */,
				0755992216B4F99B0066A0E9 /* Object3D.mm in Sources */,
				0755992516B5188E0066A0E9 /* Vector3.mm in Sources */,
				0755992D16B561950066A0E9 /* ObjLoader.mm in Sources */,
				0755993316BD13180066A0E9 /* GLTypes.mm in Sources */,
				0735C89D16BD7B0E009DEF10 /* GLUtil.mm in Sources */,
				0735C8A016BD7BF8009DEF10 /* GLES.mm in Sources */,
			);
			runOnlyForDeploymentPostprocessing = 0;
		};
/* End PBXSourcesBuildPhase section */

/* Begin PBXVariantGroup section */
		07E0464216886E73001F9CCE /* InfoPlist.strings */ = {
			isa = PBXVariantGroup;
			children = (
				07E0464316886E73001F9CCE /* en */,
			);
			name = InfoPlist.strings;
			sourceTree = "<group>";
		};
/* End PBXVariantGroup section */

/* Begin XCBuildConfiguration section */
		07E0465B16886E73001F9CCE /* Debug */ = {
			isa = XCBuildConfiguration;
			buildSettings = {
				ALWAYS_SEARCH_USER_PATHS = NO;
				CLANG_CXX_LANGUAGE_STANDARD = "gnu++0x";
				CLANG_CXX_LIBRARY = "libc++";
				CLANG_WARN_EMPTY_BODY = YES;
				CLANG_WARN__DUPLICATE_METHOD_MATCH = YES;
				"CODE_SIGN_IDENTITY[sdk=iphoneos*]" = "iPhone Developer";
				COPY_PHASE_STRIP = NO;
				GCC_C_LANGUAGE_STANDARD = gnu99;
				GCC_DYNAMIC_NO_PIC = NO;
				GCC_INPUT_FILETYPE = sourcecode.cpp.objcpp;
				GCC_OPTIMIZATION_LEVEL = 0;
				GCC_PREPROCESSOR_DEFINITIONS = (
					"DEBUG=1",
					"$(inherited)",
				);
				GCC_SYMBOLS_PRIVATE_EXTERN = NO;
				GCC_WARN_ABOUT_RETURN_TYPE = YES;
				GCC_WARN_UNINITIALIZED_AUTOS = YES;
				GCC_WARN_UNUSED_VARIABLE = YES;
				IPHONEOS_DEPLOYMENT_TARGET = 6.0;
				ONLY_ACTIVE_ARCH = YES;
				OTHER_CFLAGS = "$(OTHER_CFLAGS)";
				OTHER_CPLUSPLUSFLAGS = "$(OTHER_CFLAGS)";
				SDKROOT = iphoneos;
			};
			name = Debug;
		};
		07E0465C16886E73001F9CCE /* Release */ = {
			isa = XCBuildConfiguration;
			buildSettings = {
				ALWAYS_SEARCH_USER_PATHS = NO;
				CLANG_CXX_LANGUAGE_STANDARD = "gnu++0x";
				CLANG_CXX_LIBRARY = "libc++";
				CLANG_WARN_EMPTY_BODY = YES;
				CLANG_WARN__DUPLICATE_METHOD_MATCH = YES;
				"CODE_SIGN_IDENTITY[sdk=iphoneos*]" = "iPhone Developer";
				COPY_PHASE_STRIP = YES;
				GCC_C_LANGUAGE_STANDARD = gnu99;
				GCC_INPUT_FILETYPE = sourcecode.cpp.objcpp;
				GCC_WARN_ABOUT_RETURN_TYPE = YES;
				GCC_WARN_UNINITIALIZED_AUTOS = YES;
				GCC_WARN_UNUSED_VARIABLE = YES;
				IPHONEOS_DEPLOYMENT_TARGET = 6.0;
				OTHER_CFLAGS = "$(OTHER_CFLAGS)";
				OTHER_CPLUSPLUSFLAGS = "$(OTHER_CFLAGS)";
				SDKROOT = iphoneos;
				VALIDATE_PRODUCT = YES;
			};
			name = Release;
		};
		07E0465E16886E73001F9CCE /* Debug */ = {
			isa = XCBuildConfiguration;
			buildSettings = {
				GCC_PRECOMPILE_PREFIX_HEADER = YES;
				GCC_PREFIX_HEADER = "Shooter/Shooter-Prefix.pch";
				INFOPLIST_FILE = "Shooter/Shooter-Info.plist";
				PRODUCT_NAME = Shooter;
				WRAPPER_EXTENSION = app;
			};
			name = Debug;
		};
		07E0465F16886E73001F9CCE /* Release */ = {
			isa = XCBuildConfiguration;
			buildSettings = {
				GCC_PRECOMPILE_PREFIX_HEADER = YES;
				GCC_PREFIX_HEADER = "Shooter/Shooter-Prefix.pch";
				INFOPLIST_FILE = "Shooter/Shooter-Info.plist";
				PRODUCT_NAME = Shooter;
				WRAPPER_EXTENSION = app;
			};
			name = Release;
		};
/* End XCBuildConfiguration section */

/* Begin XCConfigurationList section */
		07E0462B16886E73001F9CCE /* Build configuration list for PBXProject "Shooter" */ = {
			isa = XCConfigurationList;
			buildConfigurations = (
				07E0465B16886E73001F9CCE /* Debug */,
				07E0465C16886E73001F9CCE /* Release */,
			);
			defaultConfigurationIsVisible = 0;
			defaultConfigurationName = Release;
		};
		07E0465D16886E73001F9CCE /* Build configuration list for PBXNativeTarget "Shooter" */ = {
			isa = XCConfigurationList;
			buildConfigurations = (
				07E0465E16886E73001F9CCE /* Debug */,
				07E0465F16886E73001F9CCE /* Release */,
			);
			defaultConfigurationIsVisible = 0;
			defaultConfigurationName = Release;
		};
/* End XCConfigurationList section */
	};
	rootObject = 07E0462816886E73001F9CCE /* Project object */;
}
